{
  "version": 4,
  "terraform_version": "1.9.5",
  "serial": 3125,
  "lineage": "deabb51d-945b-6e9b-344c-34faad29aaed",
  "outputs": {},
  "resources": [
    {
      "mode": "data",
      "type": "openstack_compute_keypair_v2",
      "name": "default",
      "provider": "provider[\"registry.terraform.io/terraform-provider-openstack/openstack\"]",
      "instances": [
        {
          "schema_version": 0,
          "attributes": {
            "fingerprint": "bc:11:11:39:f9:46:02:8c:9b:40:4e:09:e7:3b:52:a9",
            "id": "terraform",
            "name": "terraform",
            "public_key": "ssh-ed25519 AAAAC3NzaC1lZDI1NTE5AAAAIBbKWrvOG9JxB2YbogzEpfzEd10P6vfARgt5nvyRVS7+ mathiasbarthe20@gmail.com",
            "region": "RegionOne",
            "user_id": "880325bbeee048b1a70f3cbb0a01a28a"
          },
          "sensitive_attributes": []
        }
      ]
    },
    {
      "mode": "data",
      "type": "openstack_images_image_v2",
      "name": "ubuntu",
      "provider": "provider[\"registry.terraform.io/terraform-provider-openstack/openstack\"]",
      "instances": [
        {
          "schema_version": 0,
          "attributes": {
            "checksum": "feae9da27c50da7f45bfcca6b1f8aae0",
            "container_format": "bare",
            "created_at": "2026-01-23T13:45:49Z",
            "disk_format": "qcow2",
            "file": "/v2/images/06620e59-d02e-4483-811f-f089b9a179f2/file",
            "hidden": false,
            "id": "06620e59-d02e-4483-811f-f089b9a179f2",
            "member_status": null,
            "metadata": {},
            "min_disk_gb": 0,
            "min_ram_mb": 0,
            "most_recent": true,
            "name": "Ubuntu-22.04",
            "name_regex": null,
            "owner": "6414f9796f5340f6acad5b9510e77ef5",
            "properties": {
              "os_hash_algo": "sha512",
              "os_hash_value": "bdbfbec178ed26e088e095b72445cdd5a896dcc9e5c0f00862698aec4fa29c3c37e3d2392597043f5ed23c9bca346744bea3065979d88130a37bf27562891f3c",
              "stores": "file"
            },
            "protected": false,
            "region": "RegionOne",
            "schema": "/v2/schemas/image",
            "size_bytes": 688868864,
            "size_max": null,
            "size_min": null,
            "sort_direction": "asc",
            "sort_key": "name",
            "tag": null,
            "tags": [],
            "updated_at": "2026-01-23T13:45:52Z",
            "visibility": "public"
          },
          "sensitive_attributes": []
        }
      ]
    },
    {
      "mode": "data",
      "type": "openstack_networking_network_v2",
      "name": "public",
      "provider": "provider[\"registry.terraform.io/terraform-provider-openstack/openstack\"]",
      "instances": [
        {
          "schema_version": 0,
          "attributes": {
            "admin_state_up": "true",
            "all_tags": [],
            "availability_zone_hints": [],
            "description": "",
            "dns_domain": "",
            "external": true,
            "id": "b30e586d-0dac-41fd-899c-a18577853064",
            "matching_subnet_cidr": null,
            "mtu": 1500,
            "name": "public",
            "network_id": null,
            "region": "RegionOne",
            "segments": [
              {
                "network_type": "flat",
                "physical_network": "extnet",
                "segmentation_id": 0
              }
            ],
            "shared": "true",
            "status": null,
            "subnets": [
              "cb318b7f-065c-4309-87a7-0459bbbd985e"
            ],
            "tags": null,
            "tenant_id": "c498ba3dcc1041a1b0f07e9f56b09af5",
            "transparent_vlan": false
          },
          "sensitive_attributes": []
        }
      ]
    },
    {
      "mode": "managed",
      "type": "openstack_blockstorage_volume_v3",
      "name": "cp_data",
      "provider": "provider[\"registry.terraform.io/terraform-provider-openstack/openstack\"]",
      "instances": [
        {
          "index_key": 0,
          "schema_version": 0,
          "attributes": {
            "attachment": [],
            "availability_zone": "nova",
            "consistency_group_id": null,
            "description": "",
            "enable_online_resize": null,
            "id": "05318113-c426-445f-b228-972821028abf",
            "image_id": null,
            "metadata": {},
            "multiattach": null,
            "name": "v-cp1",
            "region": "RegionOne",
            "scheduler_hints": [],
            "size": 8,
            "snapshot_id": "",
            "source_replica": null,
            "source_vol_id": "",
            "timeouts": null,
            "volume_type": "iscsi"
          },
          "sensitive_attributes": [],
          "private": "eyJlMmJmYjczMC1lY2FhLTExZTYtOGY4OC0zNDM2M2JjN2M0YzAiOnsiY3JlYXRlIjo2MDAwMDAwMDAwMDAsImRlbGV0ZSI6NjAwMDAwMDAwMDAwfX0="
        },
        {
          "index_key": 1,
          "schema_version": 0,
          "attributes": {
            "attachment": [],
            "availability_zone": "nova",
            "consistency_group_id": null,
            "description": "",
            "enable_online_resize": null,
            "id": "6a0a1831-9544-4bea-80bb-85d563a4bd6b",
            "image_id": null,
            "metadata": {},
            "multiattach": null,
            "name": "v-cp2",
            "region": "RegionOne",
            "scheduler_hints": [],
            "size": 8,
            "snapshot_id": "",
            "source_replica": null,
            "source_vol_id": "",
            "timeouts": null,
            "volume_type": "iscsi"
          },
          "sensitive_attributes": [],
          "private": "eyJlMmJmYjczMC1lY2FhLTExZTYtOGY4OC0zNDM2M2JjN2M0YzAiOnsiY3JlYXRlIjo2MDAwMDAwMDAwMDAsImRlbGV0ZSI6NjAwMDAwMDAwMDAwfX0="
        },
        {
          "index_key": 2,
          "schema_version": 0,
          "attributes": {
            "attachment": [],
            "availability_zone": "nova",
            "consistency_group_id": null,
            "description": "",
            "enable_online_resize": null,
            "id": "71c1e98d-6c15-4a17-bd61-db8c5d2de688",
            "image_id": null,
            "metadata": {},
            "multiattach": null,
            "name": "v-cp3",
            "region": "RegionOne",
            "scheduler_hints": [],
            "size": 8,
            "snapshot_id": "",
            "source_replica": null,
            "source_vol_id": "",
            "timeouts": null,
            "volume_type": "iscsi"
          },
          "sensitive_attributes": [],
          "private": "eyJlMmJmYjczMC1lY2FhLTExZTYtOGY4OC0zNDM2M2JjN2M0YzAiOnsiY3JlYXRlIjo2MDAwMDAwMDAwMDAsImRlbGV0ZSI6NjAwMDAwMDAwMDAwfX0="
        }
      ]
    },
    {
      "mode": "managed",
      "type": "openstack_blockstorage_volume_v3",
      "name": "rook_data",
      "provider": "provider[\"registry.terraform.io/terraform-provider-openstack/openstack\"]",
      "instances": [
        {
          "index_key": 0,
          "schema_version": 0,
          "attributes": {
            "attachment": [],
            "availability_zone": "nova",
            "consistency_group_id": null,
            "description": "",
            "enable_online_resize": null,
            "id": "4b1b8bd6-8503-4288-bc5f-7751fbaf86af",
            "image_id": null,
            "metadata": {},
            "multiattach": null,
            "name": "v-rk1",
            "region": "RegionOne",
            "scheduler_hints": [],
            "size": 20,
            "snapshot_id": "",
            "source_replica": null,
            "source_vol_id": "",
            "timeouts": null,
            "volume_type": "iscsi"
          },
          "sensitive_attributes": [],
          "private": "eyJlMmJmYjczMC1lY2FhLTExZTYtOGY4OC0zNDM2M2JjN2M0YzAiOnsiY3JlYXRlIjo2MDAwMDAwMDAwMDAsImRlbGV0ZSI6NjAwMDAwMDAwMDAwfX0="
        },
        {
          "index_key": 1,
          "schema_version": 0,
          "attributes": {
            "attachment": [],
            "availability_zone": "nova",
            "consistency_group_id": null,
            "description": "",
            "enable_online_resize": null,
            "id": "bf59f5dc-34e9-4ca0-936c-c924d3578b88",
            "image_id": null,
            "metadata": {},
            "multiattach": null,
            "name": "v-rk2",
            "region": "RegionOne",
            "scheduler_hints": [],
            "size": 20,
            "snapshot_id": "",
            "source_replica": null,
            "source_vol_id": "",
            "timeouts": null,
            "volume_type": "iscsi"
          },
          "sensitive_attributes": [],
          "private": "eyJlMmJmYjczMC1lY2FhLTExZTYtOGY4OC0zNDM2M2JjN2M0YzAiOnsiY3JlYXRlIjo2MDAwMDAwMDAwMDAsImRlbGV0ZSI6NjAwMDAwMDAwMDAwfX0="
        },
        {
          "index_key": 2,
          "schema_version": 0,
          "attributes": {
            "attachment": [],
            "availability_zone": "nova",
            "consistency_group_id": null,
            "description": "",
            "enable_online_resize": null,
            "id": "aac372d1-0192-4f31-b56e-e9bfc17fa6e7",
            "image_id": null,
            "metadata": {},
            "multiattach": null,
            "name": "v-rk3",
            "region": "RegionOne",
            "scheduler_hints": [],
            "size": 20,
            "snapshot_id": "",
            "source_replica": null,
            "source_vol_id": "",
            "timeouts": null,
            "volume_type": "iscsi"
          },
          "sensitive_attributes": [],
          "private": "eyJlMmJmYjczMC1lY2FhLTExZTYtOGY4OC0zNDM2M2JjN2M0YzAiOnsiY3JlYXRlIjo2MDAwMDAwMDAwMDAsImRlbGV0ZSI6NjAwMDAwMDAwMDAwfX0="
        }
      ]
    },
    {
      "mode": "managed",
      "type": "openstack_blockstorage_volume_v3",
      "name": "wk_data",
      "provider": "provider[\"registry.terraform.io/terraform-provider-openstack/openstack\"]",
      "instances": [
        {
          "index_key": 0,
          "schema_version": 0,
          "attributes": {
            "attachment": [],
            "availability_zone": "nova",
            "consistency_group_id": null,
            "description": "",
            "enable_online_resize": null,
            "id": "7d6418a1-5d6c-4bb8-971c-df5725c11fe3",
            "image_id": null,
            "metadata": {},
            "multiattach": null,
            "name": "v-wk1",
            "region": "RegionOne",
            "scheduler_hints": [],
            "size": 8,
            "snapshot_id": "",
            "source_replica": null,
            "source_vol_id": "",
            "timeouts": null,
            "volume_type": "iscsi"
          },
          "sensitive_attributes": [],
          "private": "eyJlMmJmYjczMC1lY2FhLTExZTYtOGY4OC0zNDM2M2JjN2M0YzAiOnsiY3JlYXRlIjo2MDAwMDAwMDAwMDAsImRlbGV0ZSI6NjAwMDAwMDAwMDAwfX0="
        },
        {
          "index_key": 1,
          "schema_version": 0,
          "attributes": {
            "attachment": [],
            "availability_zone": "nova",
            "consistency_group_id": null,
            "description": "",
            "enable_online_resize": null,
            "id": "ca0c16f1-14e3-4c68-95d3-3774e5d0609d",
            "image_id": null,
            "metadata": {},
            "multiattach": null,
            "name": "v-wk2",
            "region": "RegionOne",
            "scheduler_hints": [],
            "size": 8,
            "snapshot_id": "",
            "source_replica": null,
            "source_vol_id": "",
            "timeouts": null,
            "volume_type": "iscsi"
          },
          "sensitive_attributes": [],
          "private": "eyJlMmJmYjczMC1lY2FhLTExZTYtOGY4OC0zNDM2M2JjN2M0YzAiOnsiY3JlYXRlIjo2MDAwMDAwMDAwMDAsImRlbGV0ZSI6NjAwMDAwMDAwMDAwfX0="
        },
        {
          "index_key": 2,
          "schema_version": 0,
          "attributes": {
            "attachment": [],
            "availability_zone": "nova",
            "consistency_group_id": null,
            "description": "",
            "enable_online_resize": null,
            "id": "55f5e601-0dbe-4715-b7a1-7a563cde9689",
            "image_id": null,
            "metadata": {},
            "multiattach": null,
            "name": "v-wk3",
            "region": "RegionOne",
            "scheduler_hints": [],
            "size": 8,
            "snapshot_id": "",
            "source_replica": null,
            "source_vol_id": "",
            "timeouts": null,
            "volume_type": "iscsi"
          },
          "sensitive_attributes": [],
          "private": "eyJlMmJmYjczMC1lY2FhLTExZTYtOGY4OC0zNDM2M2JjN2M0YzAiOnsiY3JlYXRlIjo2MDAwMDAwMDAwMDAsImRlbGV0ZSI6NjAwMDAwMDAwMDAwfX0="
        }
      ]
    },
    {
      "mode": "managed",
      "type": "openstack_compute_instance_v2",
      "name": "cp",
      "provider": "provider[\"registry.terraform.io/terraform-provider-openstack/openstack\"]",
      "instances": [
        {
          "index_key": 0,
          "schema_version": 0,
          "attributes": {
            "access_ip_v4": "10.202.22.189",
            "access_ip_v6": "",
            "admin_pass": null,
            "all_metadata": {},
            "all_tags": [],
            "availability_zone": "nova",
            "availability_zone_hints": null,
            "block_device": [],
            "config_drive": true,
            "created": "2026-02-10 21:50:38 +0000 UTC",
            "flavor_id": "2",
            "flavor_name": "m1.small",
            "floating_ip": null,
            "force_delete": false,
            "id": "a3314f9f-522c-48fa-b292-60bcab0aeb19",
            "image_id": "06620e59-d02e-4483-811f-f089b9a179f2",
            "image_name": "Ubuntu-22.04",
            "key_pair": "terraform",
            "metadata": null,
            "name": "k8s-cp1",
            "network": [
              {
                "access_network": false,
                "fixed_ip_v4": "10.202.22.189",
                "fixed_ip_v6": "",
                "floating_ip": "",
                "mac": "fa:16:3e:ae:d2:f5",
                "name": "public",
                "port": "a390d746-71cb-47b6-bfb3-250df0d08fe5",
                "uuid": "b30e586d-0dac-41fd-899c-a18577853064"
              }
            ],
            "network_mode": null,
            "personality": [],
            "power_state": "active",
            "region": "RegionOne",
            "scheduler_hints": [],
            "security_groups": [
              "k8s-sg"
            ],
            "stop_before_destroy": false,
            "tags": null,
            "timeouts": null,
            "updated": "2026-02-10 21:50:47 +0000 UTC",
            "user_data": "e71ed994a7db14259f03151ba25b02dd90b99fde",
            "vendor_options": [],
            "volume": []
          },
          "sensitive_attributes": [
            [
              {
                "type": "get_attr",
                "value": "admin_pass"
              }
            ]
          ],
          "private": "eyJlMmJmYjczMC1lY2FhLTExZTYtOGY4OC0zNDM2M2JjN2M0YzAiOnsiY3JlYXRlIjoxODAwMDAwMDAwMDAwLCJkZWxldGUiOjE4MDAwMDAwMDAwMDAsInVwZGF0ZSI6MTgwMDAwMDAwMDAwMH19",
          "dependencies": [
            "data.openstack_compute_keypair_v2.default",
            "data.openstack_images_image_v2.ubuntu",
            "data.openstack_networking_network_v2.public",
            "openstack_networking_port_v2.cp_ports",
            "openstack_networking_secgroup_v2.k8s_secgroup"
          ]
        },
        {
          "index_key": 1,
          "schema_version": 0,
          "attributes": {
            "access_ip_v4": "10.202.22.116",
            "access_ip_v6": "",
            "admin_pass": null,
            "all_metadata": {},
            "all_tags": [],
            "availability_zone": "nova",
            "availability_zone_hints": null,
            "block_device": [],
            "config_drive": true,
            "created": "2026-02-10 21:50:37 +0000 UTC",
            "flavor_id": "2",
            "flavor_name": "m1.small",
            "floating_ip": null,
            "force_delete": false,
            "id": "500e9676-fa9e-48f3-b045-935b3d3b6646",
            "image_id": "06620e59-d02e-4483-811f-f089b9a179f2",
            "image_name": "Ubuntu-22.04",
            "key_pair": "terraform",
            "metadata": null,
            "name": "k8s-cp2",
            "network": [
              {
                "access_network": false,
                "fixed_ip_v4": "10.202.22.116",
                "fixed_ip_v6": "",
                "floating_ip": "",
                "mac": "fa:16:3e:af:98:31",
                "name": "public",
                "port": "81a48d88-c862-4f45-899d-66b2cfb00f68",
                "uuid": "b30e586d-0dac-41fd-899c-a18577853064"
              }
            ],
            "network_mode": null,
            "personality": [],
            "power_state": "active",
            "region": "RegionOne",
            "scheduler_hints": [],
            "security_groups": [
              "k8s-sg"
            ],
            "stop_before_destroy": false,
            "tags": null,
            "timeouts": null,
            "updated": "2026-02-10 21:50:47 +0000 UTC",
            "user_data": "d01f995ff0fd2171b686b9ce9625b9846b0ad2b1",
            "vendor_options": [],
            "volume": []
          },
          "sensitive_attributes": [
            [
              {
                "type": "get_attr",
                "value": "admin_pass"
              }
            ]
          ],
          "private": "eyJlMmJmYjczMC1lY2FhLTExZTYtOGY4OC0zNDM2M2JjN2M0YzAiOnsiY3JlYXRlIjoxODAwMDAwMDAwMDAwLCJkZWxldGUiOjE4MDAwMDAwMDAwMDAsInVwZGF0ZSI6MTgwMDAwMDAwMDAwMH19",
          "dependencies": [
            "data.openstack_compute_keypair_v2.default",
            "data.openstack_images_image_v2.ubuntu",
            "data.openstack_networking_network_v2.public",
            "openstack_networking_port_v2.cp_ports",
            "openstack_networking_secgroup_v2.k8s_secgroup"
          ]
        },
        {
          "index_key": 2,
          "schema_version": 0,
          "attributes": {
            "access_ip_v4": "10.202.22.135",
            "access_ip_v6": "",
            "admin_pass": null,
            "all_metadata": {},
            "all_tags": [],
            "availability_zone": "nova",
            "availability_zone_hints": null,
            "block_device": [],
            "config_drive": true,
            "created": "2026-02-10 21:50:38 +0000 UTC",
            "flavor_id": "2",
            "flavor_name": "m1.small",
            "floating_ip": null,
            "force_delete": false,
            "id": "01a1734d-be92-4f94-a23c-a5fa515f90ad",
            "image_id": "06620e59-d02e-4483-811f-f089b9a179f2",
            "image_name": "Ubuntu-22.04",
            "key_pair": "terraform",
            "metadata": null,
            "name": "k8s-cp3",
            "network": [
              {
                "access_network": false,
                "fixed_ip_v4": "10.202.22.135",
                "fixed_ip_v6": "",
                "floating_ip": "",
                "mac": "fa:16:3e:74:a3:98",
                "name": "public",
                "port": "3b2539d8-7d2d-4b95-bedb-eb5cefa7626f",
                "uuid": "b30e586d-0dac-41fd-899c-a18577853064"
              }
            ],
            "network_mode": null,
            "personality": [],
            "power_state": "active",
            "region": "RegionOne",
            "scheduler_hints": [],
            "security_groups": [
              "k8s-sg"
            ],
            "stop_before_destroy": false,
            "tags": null,
            "timeouts": null,
            "updated": "2026-02-10 21:50:46 +0000 UTC",
            "user_data": "d01f995ff0fd2171b686b9ce9625b9846b0ad2b1",
            "vendor_options": [],
            "volume": []
          },
          "sensitive_attributes": [
            [
              {
                "type": "get_attr",
                "value": "admin_pass"
              }
            ]
          ],
          "private": "eyJlMmJmYjczMC1lY2FhLTExZTYtOGY4OC0zNDM2M2JjN2M0YzAiOnsiY3JlYXRlIjoxODAwMDAwMDAwMDAwLCJkZWxldGUiOjE4MDAwMDAwMDAwMDAsInVwZGF0ZSI6MTgwMDAwMDAwMDAwMH19",
          "dependencies": [
            "data.openstack_compute_keypair_v2.default",
            "data.openstack_images_image_v2.ubuntu",
            "data.openstack_networking_network_v2.public",
            "openstack_networking_port_v2.cp_ports",
            "openstack_networking_secgroup_v2.k8s_secgroup"
          ]
        }
      ]
    },
    {
      "mode": "managed",
      "type": "openstack_compute_instance_v2",
      "name": "worker",
      "provider": "provider[\"registry.terraform.io/terraform-provider-openstack/openstack\"]",
      "instances": [
        {
          "index_key": 0,
          "schema_version": 0,
          "attributes": {
            "access_ip_v4": "10.202.22.148",
            "access_ip_v6": "",
            "admin_pass": null,
            "all_metadata": {},
            "all_tags": [],
            "availability_zone": "nova",
            "availability_zone_hints": null,
            "block_device": [],
            "config_drive": true,
            "created": "2026-02-10 21:50:40 +0000 UTC",
            "flavor_id": "2",
            "flavor_name": "m1.small",
            "floating_ip": null,
            "force_delete": false,
            "id": "38dd65d8-4d84-40f3-a2a6-a7c95651da67",
            "image_id": "06620e59-d02e-4483-811f-f089b9a179f2",
            "image_name": "Ubuntu-22.04",
            "key_pair": "terraform",
            "metadata": null,
            "name": "k8s-worker1",
            "network": [
              {
                "access_network": false,
                "fixed_ip_v4": "10.202.22.148",
                "fixed_ip_v6": "",
                "floating_ip": "",
                "mac": "fa:16:3e:a7:b1:17",
                "name": "public",
                "port": "6c4cc2a4-b9f9-4dad-82cb-5768d0d2e782",
                "uuid": "b30e586d-0dac-41fd-899c-a18577853064"
              }
            ],
            "network_mode": null,
            "personality": [],
            "power_state": "active",
            "region": "RegionOne",
            "scheduler_hints": [],
            "security_groups": [
              "k8s-sg"
            ],
            "stop_before_destroy": false,
            "tags": null,
            "timeouts": null,
            "updated": "2026-02-10 21:50:47 +0000 UTC",
            "user_data": "d01f995ff0fd2171b686b9ce9625b9846b0ad2b1",
            "vendor_options": [],
            "volume": []
          },
          "sensitive_attributes": [
            [
              {
                "type": "get_attr",
                "value": "admin_pass"
              }
            ]
          ],
          "private": "eyJlMmJmYjczMC1lY2FhLTExZTYtOGY4OC0zNDM2M2JjN2M0YzAiOnsiY3JlYXRlIjoxODAwMDAwMDAwMDAwLCJkZWxldGUiOjE4MDAwMDAwMDAwMDAsInVwZGF0ZSI6MTgwMDAwMDAwMDAwMH19",
          "dependencies": [
            "data.openstack_compute_keypair_v2.default",
            "data.openstack_images_image_v2.ubuntu",
            "data.openstack_networking_network_v2.public",
            "openstack_networking_port_v2.cp_ports",
            "openstack_networking_port_v2.worker_ports",
            "openstack_networking_secgroup_v2.k8s_secgroup"
          ]
        },
        {
          "index_key": 1,
          "schema_version": 0,
          "attributes": {
            "access_ip_v4": "10.202.22.192",
            "access_ip_v6": "",
            "admin_pass": null,
            "all_metadata": {},
            "all_tags": [],
            "availability_zone": "nova",
            "availability_zone_hints": null,
            "block_device": [],
            "config_drive": true,
            "created": "2026-02-10 21:50:40 +0000 UTC",
            "flavor_id": "2",
            "flavor_name": "m1.small",
            "floating_ip": null,
            "force_delete": false,
            "id": "a4c4b632-3ae1-4263-ae60-1fa882e4353b",
            "image_id": "06620e59-d02e-4483-811f-f089b9a179f2",
            "image_name": "Ubuntu-22.04",
            "key_pair": "terraform",
            "metadata": null,
            "name": "k8s-worker2",
            "network": [
              {
                "access_network": false,
                "fixed_ip_v4": "10.202.22.192",
                "fixed_ip_v6": "",
                "floating_ip": "",
                "mac": "fa:16:3e:1d:f7:20",
                "name": "public",
                "port": "a69f4278-e5a8-44e9-bbfc-f456689e70d5",
                "uuid": "b30e586d-0dac-41fd-899c-a18577853064"
              }
            ],
            "network_mode": null,
            "personality": [],
            "power_state": "active",
            "region": "RegionOne",
            "scheduler_hints": [],
            "security_groups": [
              "k8s-sg"
            ],
            "stop_before_destroy": false,
            "tags": null,
            "timeouts": null,
            "updated": "2026-02-10 21:50:47 +0000 UTC",
            "user_data": "d01f995ff0fd2171b686b9ce9625b9846b0ad2b1",
            "vendor_options": [],
            "volume": []
          },
          "sensitive_attributes": [
            [
              {
                "type": "get_attr",
                "value": "admin_pass"
              }
            ]
          ],
          "private": "eyJlMmJmYjczMC1lY2FhLTExZTYtOGY4OC0zNDM2M2JjN2M0YzAiOnsiY3JlYXRlIjoxODAwMDAwMDAwMDAwLCJkZWxldGUiOjE4MDAwMDAwMDAwMDAsInVwZGF0ZSI6MTgwMDAwMDAwMDAwMH19",
          "dependencies": [
            "data.openstack_compute_keypair_v2.default",
            "data.openstack_images_image_v2.ubuntu",
            "data.openstack_networking_network_v2.public",
            "openstack_networking_port_v2.cp_ports",
            "openstack_networking_port_v2.worker_ports",
            "openstack_networking_secgroup_v2.k8s_secgroup"
          ]
        },
        {
          "index_key": 2,
          "schema_version": 0,
          "attributes": {
            "access_ip_v4": "10.202.22.178",
            "access_ip_v6": "",
            "admin_pass": null,
            "all_metadata": {},
            "all_tags": [],
            "availability_zone": "nova",
            "availability_zone_hints": null,
            "block_device": [],
            "config_drive": true,
            "created": "2026-02-10 21:50:41 +0000 UTC",
            "flavor_id": "2",
            "flavor_name": "m1.small",
            "floating_ip": null,
            "force_delete": false,
            "id": "81cc7036-419d-401c-83ae-b341e86b507b",
            "image_id": "06620e59-d02e-4483-811f-f089b9a179f2",
            "image_name": "Ubuntu-22.04",
            "key_pair": "terraform",
            "metadata": null,
            "name": "k8s-worker3",
            "network": [
              {
                "access_network": false,
                "fixed_ip_v4": "10.202.22.178",
                "fixed_ip_v6": "",
                "floating_ip": "",
                "mac": "fa:16:3e:e8:15:a3",
                "name": "public",
                "port": "f51e3017-a654-41ed-9ce5-c24718d2a9c8",
                "uuid": "b30e586d-0dac-41fd-899c-a18577853064"
              }
            ],
            "network_mode": null,
            "personality": [],
            "power_state": "active",
            "region": "RegionOne",
            "scheduler_hints": [],
            "security_groups": [
              "k8s-sg"
            ],
            "stop_before_destroy": false,
            "tags": null,
            "timeouts": null,
            "updated": "2026-02-10 21:50:46 +0000 UTC",
            "user_data": "d01f995ff0fd2171b686b9ce9625b9846b0ad2b1",
            "vendor_options": [],
            "volume": []
          },
          "sensitive_attributes": [
            [
              {
                "type": "get_attr",
                "value": "admin_pass"
              }
            ]
          ],
          "private": "eyJlMmJmYjczMC1lY2FhLTExZTYtOGY4OC0zNDM2M2JjN2M0YzAiOnsiY3JlYXRlIjoxODAwMDAwMDAwMDAwLCJkZWxldGUiOjE4MDAwMDAwMDAwMDAsInVwZGF0ZSI6MTgwMDAwMDAwMDAwMH19",
          "dependencies": [
            "data.openstack_compute_keypair_v2.default",
            "data.openstack_images_image_v2.ubuntu",
            "data.openstack_networking_network_v2.public",
            "openstack_networking_port_v2.cp_ports",
            "openstack_networking_port_v2.worker_ports",
            "openstack_networking_secgroup_v2.k8s_secgroup"
          ]
        }
      ]
    },
    {
      "mode": "managed",
      "type": "openstack_compute_volume_attach_v2",
      "name": "cp_v_attach",
      "provider": "provider[\"registry.terraform.io/terraform-provider-openstack/openstack\"]",
      "instances": [
        {
          "index_key": 0,
          "schema_version": 0,
          "attributes": {
            "device": "/dev/vdb",
            "id": "a3314f9f-522c-48fa-b292-60bcab0aeb19/05318113-c426-445f-b228-972821028abf",
            "instance_id": "a3314f9f-522c-48fa-b292-60bcab0aeb19",
            "multiattach": null,
            "region": "RegionOne",
            "timeouts": null,
            "vendor_options": [],
            "volume_id": "05318113-c426-445f-b228-972821028abf"
          },
          "sensitive_attributes": [],
          "private": "eyJlMmJmYjczMC1lY2FhLTExZTYtOGY4OC0zNDM2M2JjN2M0YzAiOnsiY3JlYXRlIjo2MDAwMDAwMDAwMDAsImRlbGV0ZSI6NjAwMDAwMDAwMDAwfX0=",
          "dependencies": [
            "data.openstack_compute_keypair_v2.default",
            "data.openstack_images_image_v2.ubuntu",
            "data.openstack_networking_network_v2.public",
            "openstack_blockstorage_volume_v3.cp_data",
            "openstack_compute_instance_v2.cp",
            "openstack_networking_port_v2.cp_ports",
            "openstack_networking_secgroup_v2.k8s_secgroup"
          ]
        },
        {
          "index_key": 1,
          "schema_version": 0,
          "attributes": {
            "device": "/dev/vdb",
            "id": "500e9676-fa9e-48f3-b045-935b3d3b6646/6a0a1831-9544-4bea-80bb-85d563a4bd6b",
            "instance_id": "500e9676-fa9e-48f3-b045-935b3d3b6646",
            "multiattach": null,
            "region": "RegionOne",
            "timeouts": null,
            "vendor_options": [],
            "volume_id": "6a0a1831-9544-4bea-80bb-85d563a4bd6b"
          },
          "sensitive_attributes": [],
          "private": "eyJlMmJmYjczMC1lY2FhLTExZTYtOGY4OC0zNDM2M2JjN2M0YzAiOnsiY3JlYXRlIjo2MDAwMDAwMDAwMDAsImRlbGV0ZSI6NjAwMDAwMDAwMDAwfX0=",
          "dependencies": [
            "data.openstack_compute_keypair_v2.default",
            "data.openstack_images_image_v2.ubuntu",
            "data.openstack_networking_network_v2.public",
            "openstack_blockstorage_volume_v3.cp_data",
            "openstack_compute_instance_v2.cp",
            "openstack_networking_port_v2.cp_ports",
            "openstack_networking_secgroup_v2.k8s_secgroup"
          ]
        },
        {
          "index_key": 2,
          "schema_version": 0,
          "attributes": {
            "device": "/dev/vdb",
            "id": "01a1734d-be92-4f94-a23c-a5fa515f90ad/71c1e98d-6c15-4a17-bd61-db8c5d2de688",
            "instance_id": "01a1734d-be92-4f94-a23c-a5fa515f90ad",
            "multiattach": null,
            "region": "RegionOne",
            "timeouts": null,
            "vendor_options": [],
            "volume_id": "71c1e98d-6c15-4a17-bd61-db8c5d2de688"
          },
          "sensitive_attributes": [],
          "private": "eyJlMmJmYjczMC1lY2FhLTExZTYtOGY4OC0zNDM2M2JjN2M0YzAiOnsiY3JlYXRlIjo2MDAwMDAwMDAwMDAsImRlbGV0ZSI6NjAwMDAwMDAwMDAwfX0=",
          "dependencies": [
            "data.openstack_compute_keypair_v2.default",
            "data.openstack_images_image_v2.ubuntu",
            "data.openstack_networking_network_v2.public",
            "openstack_blockstorage_volume_v3.cp_data",
            "openstack_compute_instance_v2.cp",
            "openstack_networking_port_v2.cp_ports",
            "openstack_networking_secgroup_v2.k8s_secgroup"
          ]
        }
      ]
    },
    {
      "mode": "managed",
      "type": "openstack_compute_volume_attach_v2",
      "name": "rk_v_attach",
      "provider": "provider[\"registry.terraform.io/terraform-provider-openstack/openstack\"]",
      "instances": [
        {
          "index_key": 0,
          "schema_version": 0,
          "attributes": {
            "device": "/dev/vdb",
            "id": "38dd65d8-4d84-40f3-a2a6-a7c95651da67/4b1b8bd6-8503-4288-bc5f-7751fbaf86af",
            "instance_id": "38dd65d8-4d84-40f3-a2a6-a7c95651da67",
            "multiattach": null,
            "region": "RegionOne",
            "timeouts": null,
            "vendor_options": [],
            "volume_id": "4b1b8bd6-8503-4288-bc5f-7751fbaf86af"
          },
          "sensitive_attributes": [],
          "private": "eyJlMmJmYjczMC1lY2FhLTExZTYtOGY4OC0zNDM2M2JjN2M0YzAiOnsiY3JlYXRlIjo2MDAwMDAwMDAwMDAsImRlbGV0ZSI6NjAwMDAwMDAwMDAwfX0=",
          "dependencies": [
            "data.openstack_compute_keypair_v2.default",
            "data.openstack_images_image_v2.ubuntu",
            "data.openstack_networking_network_v2.public",
            "openstack_blockstorage_volume_v3.rook_data",
            "openstack_compute_instance_v2.worker",
            "openstack_networking_port_v2.cp_ports",
            "openstack_networking_port_v2.worker_ports",
            "openstack_networking_secgroup_v2.k8s_secgroup"
          ]
        },
        {
          "index_key": 1,
          "schema_version": 0,
          "attributes": {
            "device": "/dev/vdb",
            "id": "a4c4b632-3ae1-4263-ae60-1fa882e4353b/bf59f5dc-34e9-4ca0-936c-c924d3578b88",
            "instance_id": "a4c4b632-3ae1-4263-ae60-1fa882e4353b",
            "multiattach": null,
            "region": "RegionOne",
            "timeouts": null,
            "vendor_options": [],
            "volume_id": "bf59f5dc-34e9-4ca0-936c-c924d3578b88"
          },
          "sensitive_attributes": [],
          "private": "eyJlMmJmYjczMC1lY2FhLTExZTYtOGY4OC0zNDM2M2JjN2M0YzAiOnsiY3JlYXRlIjo2MDAwMDAwMDAwMDAsImRlbGV0ZSI6NjAwMDAwMDAwMDAwfX0=",
          "dependencies": [
            "data.openstack_compute_keypair_v2.default",
            "data.openstack_images_image_v2.ubuntu",
            "data.openstack_networking_network_v2.public",
            "openstack_blockstorage_volume_v3.rook_data",
            "openstack_compute_instance_v2.worker",
            "openstack_networking_port_v2.cp_ports",
            "openstack_networking_port_v2.worker_ports",
            "openstack_networking_secgroup_v2.k8s_secgroup"
          ]
        },
        {
          "index_key": 2,
          "schema_version": 0,
          "attributes": {
            "device": "/dev/vdc",
            "id": "81cc7036-419d-401c-83ae-b341e86b507b/aac372d1-0192-4f31-b56e-e9bfc17fa6e7",
            "instance_id": "81cc7036-419d-401c-83ae-b341e86b507b",
            "multiattach": null,
            "region": "RegionOne",
            "timeouts": null,
            "vendor_options": [],
            "volume_id": "aac372d1-0192-4f31-b56e-e9bfc17fa6e7"
          },
          "sensitive_attributes": [],
          "private": "eyJlMmJmYjczMC1lY2FhLTExZTYtOGY4OC0zNDM2M2JjN2M0YzAiOnsiY3JlYXRlIjo2MDAwMDAwMDAwMDAsImRlbGV0ZSI6NjAwMDAwMDAwMDAwfX0=",
          "dependencies": [
            "data.openstack_compute_keypair_v2.default",
            "data.openstack_images_image_v2.ubuntu",
            "data.openstack_networking_network_v2.public",
            "openstack_blockstorage_volume_v3.rook_data",
            "openstack_compute_instance_v2.worker",
            "openstack_networking_port_v2.cp_ports",
            "openstack_networking_port_v2.worker_ports",
            "openstack_networking_secgroup_v2.k8s_secgroup"
          ]
        }
      ]
    },
    {
      "mode": "managed",
      "type": "openstack_compute_volume_attach_v2",
      "name": "wk_v_attach",
      "provider": "provider[\"registry.terraform.io/terraform-provider-openstack/openstack\"]",
      "instances": [
        {
          "index_key": 0,
          "schema_version": 0,
          "attributes": {
            "device": "/dev/vdc",
            "id": "38dd65d8-4d84-40f3-a2a6-a7c95651da67/7d6418a1-5d6c-4bb8-971c-df5725c11fe3",
            "instance_id": "38dd65d8-4d84-40f3-a2a6-a7c95651da67",
            "multiattach": null,
            "region": "RegionOne",
            "timeouts": null,
            "vendor_options": [],
            "volume_id": "7d6418a1-5d6c-4bb8-971c-df5725c11fe3"
          },
          "sensitive_attributes": [],
          "private": "eyJlMmJmYjczMC1lY2FhLTExZTYtOGY4OC0zNDM2M2JjN2M0YzAiOnsiY3JlYXRlIjo2MDAwMDAwMDAwMDAsImRlbGV0ZSI6NjAwMDAwMDAwMDAwfX0=",
          "dependencies": [
            "data.openstack_compute_keypair_v2.default",
            "data.openstack_images_image_v2.ubuntu",
            "data.openstack_networking_network_v2.public",
            "openstack_blockstorage_volume_v3.wk_data",
            "openstack_compute_instance_v2.worker",
            "openstack_networking_port_v2.cp_ports",
            "openstack_networking_port_v2.worker_ports",
            "openstack_networking_secgroup_v2.k8s_secgroup"
          ]
        },
        {
          "index_key": 1,
          "schema_version": 0,
          "attributes": {
            "device": "/dev/vdc",
            "id": "a4c4b632-3ae1-4263-ae60-1fa882e4353b/ca0c16f1-14e3-4c68-95d3-3774e5d0609d",
            "instance_id": "a4c4b632-3ae1-4263-ae60-1fa882e4353b",
            "multiattach": null,
            "region": "RegionOne",
            "timeouts": null,
            "vendor_options": [],
            "volume_id": "ca0c16f1-14e3-4c68-95d3-3774e5d0609d"
          },
          "sensitive_attributes": [],
          "private": "eyJlMmJmYjczMC1lY2FhLTExZTYtOGY4OC0zNDM2M2JjN2M0YzAiOnsiY3JlYXRlIjo2MDAwMDAwMDAwMDAsImRlbGV0ZSI6NjAwMDAwMDAwMDAwfX0=",
          "dependencies": [
            "data.openstack_compute_keypair_v2.default",
            "data.openstack_images_image_v2.ubuntu",
            "data.openstack_networking_network_v2.public",
            "openstack_blockstorage_volume_v3.wk_data",
            "openstack_compute_instance_v2.worker",
            "openstack_networking_port_v2.cp_ports",
            "openstack_networking_port_v2.worker_ports",
            "openstack_networking_secgroup_v2.k8s_secgroup"
          ]
        },
        {
          "index_key": 2,
          "schema_version": 0,
          "attributes": {
            "device": "/dev/vdb",
            "id": "81cc7036-419d-401c-83ae-b341e86b507b/55f5e601-0dbe-4715-b7a1-7a563cde9689",
            "instance_id": "81cc7036-419d-401c-83ae-b341e86b507b",
            "multiattach": null,
            "region": "RegionOne",
            "timeouts": null,
            "vendor_options": [],
            "volume_id": "55f5e601-0dbe-4715-b7a1-7a563cde9689"
          },
          "sensitive_attributes": [],
          "private": "eyJlMmJmYjczMC1lY2FhLTExZTYtOGY4OC0zNDM2M2JjN2M0YzAiOnsiY3JlYXRlIjo2MDAwMDAwMDAwMDAsImRlbGV0ZSI6NjAwMDAwMDAwMDAwfX0=",
          "dependencies": [
            "data.openstack_compute_keypair_v2.default",
            "data.openstack_images_image_v2.ubuntu",
            "data.openstack_networking_network_v2.public",
            "openstack_blockstorage_volume_v3.wk_data",
            "openstack_compute_instance_v2.worker",
            "openstack_networking_port_v2.cp_ports",
            "openstack_networking_port_v2.worker_ports",
            "openstack_networking_secgroup_v2.k8s_secgroup"
          ]
        }
      ]
    },
    {
      "mode": "managed",
      "type": "openstack_networking_port_v2",
      "name": "cp_ports",
      "provider": "provider[\"registry.terraform.io/terraform-provider-openstack/openstack\"]",
      "instances": [
        {
          "index_key": 0,
          "schema_version": 0,
          "attributes": {
            "admin_state_up": true,
            "all_fixed_ips": [
              "10.202.22.189"
            ],
            "all_security_group_ids": [
              "2cc3fcda-d9b1-46c1-a849-87ffb5a34dc5"
            ],
            "all_tags": [],
            "allowed_address_pairs": [
              {
                "ip_address": "10.202.0.0/16",
                "mac_address": ""
              }
            ],
            "binding": [
              {
                "host_id": "",
                "profile": "{}",
                "vif_details": {},
                "vif_type": "unbound",
                "vnic_type": "normal"
              }
            ],
            "description": "",
            "device_id": "",
            "device_owner": "",
            "dns_assignment": [],
            "dns_name": "",
            "extra_dhcp_option": [],
            "fixed_ip": [],
            "id": "a390d746-71cb-47b6-bfb3-250df0d08fe5",
            "mac_address": "fa:16:3e:ae:d2:f5",
            "name": "port-k8s-cp1",
            "network_id": "b30e586d-0dac-41fd-899c-a18577853064",
            "no_fixed_ip": null,
            "no_security_groups": null,
            "port_security_enabled": true,
            "qos_policy_id": "",
            "region": "RegionOne",
            "security_group_ids": [
              "2cc3fcda-d9b1-46c1-a849-87ffb5a34dc5"
            ],
            "tags": null,
            "tenant_id": "6414f9796f5340f6acad5b9510e77ef5",
            "timeouts": null,
            "value_specs": null
          },
          "sensitive_attributes": [],
          "private": "eyJlMmJmYjczMC1lY2FhLTExZTYtOGY4OC0zNDM2M2JjN2M0YzAiOnsiY3JlYXRlIjo2MDAwMDAwMDAwMDAsImRlbGV0ZSI6NjAwMDAwMDAwMDAwfX0=",
          "dependencies": [
            "data.openstack_networking_network_v2.public",
            "openstack_networking_secgroup_v2.k8s_secgroup"
          ]
        },
        {
          "index_key": 1,
          "schema_version": 0,
          "attributes": {
            "admin_state_up": true,
            "all_fixed_ips": [
              "10.202.22.116"
            ],
            "all_security_group_ids": [
              "2cc3fcda-d9b1-46c1-a849-87ffb5a34dc5"
            ],
            "all_tags": [],
            "allowed_address_pairs": [
              {
                "ip_address": "10.202.0.0/16",
                "mac_address": ""
              }
            ],
            "binding": [
              {
                "host_id": "",
                "profile": "{}",
                "vif_details": {},
                "vif_type": "unbound",
                "vnic_type": "normal"
              }
            ],
            "description": "",
            "device_id": "",
            "device_owner": "",
            "dns_assignment": [],
            "dns_name": "",
            "extra_dhcp_option": [],
            "fixed_ip": [],
            "id": "81a48d88-c862-4f45-899d-66b2cfb00f68",
            "mac_address": "fa:16:3e:af:98:31",
            "name": "port-k8s-cp2",
            "network_id": "b30e586d-0dac-41fd-899c-a18577853064",
            "no_fixed_ip": null,
            "no_security_groups": null,
            "port_security_enabled": true,
            "qos_policy_id": "",
            "region": "RegionOne",
            "security_group_ids": [
              "2cc3fcda-d9b1-46c1-a849-87ffb5a34dc5"
            ],
            "tags": null,
            "tenant_id": "6414f9796f5340f6acad5b9510e77ef5",
            "timeouts": null,
            "value_specs": null
          },
          "sensitive_attributes": [],
          "private": "eyJlMmJmYjczMC1lY2FhLTExZTYtOGY4OC0zNDM2M2JjN2M0YzAiOnsiY3JlYXRlIjo2MDAwMDAwMDAwMDAsImRlbGV0ZSI6NjAwMDAwMDAwMDAwfX0=",
          "dependencies": [
            "data.openstack_networking_network_v2.public",
            "openstack_networking_secgroup_v2.k8s_secgroup"
          ]
        },
        {
          "index_key": 2,
          "schema_version": 0,
          "attributes": {
            "admin_state_up": true,
            "all_fixed_ips": [
              "10.202.22.135"
            ],
            "all_security_group_ids": [
              "2cc3fcda-d9b1-46c1-a849-87ffb5a34dc5"
            ],
            "all_tags": [],
            "allowed_address_pairs": [
              {
                "ip_address": "10.202.0.0/16",
                "mac_address": ""
              }
            ],
            "binding": [
              {
                "host_id": "",
                "profile": "{}",
                "vif_details": {},
                "vif_type": "unbound",
                "vnic_type": "normal"
              }
            ],
            "description": "",
            "device_id": "",
            "device_owner": "",
            "dns_assignment": [],
            "dns_name": "",
            "extra_dhcp_option": [],
            "fixed_ip": [],
            "id": "3b2539d8-7d2d-4b95-bedb-eb5cefa7626f",
            "mac_address": "fa:16:3e:74:a3:98",
            "name": "port-k8s-cp3",
            "network_id": "b30e586d-0dac-41fd-899c-a18577853064",
            "no_fixed_ip": null,
            "no_security_groups": null,
            "port_security_enabled": true,
            "qos_policy_id": "",
            "region": "RegionOne",
            "security_group_ids": [
              "2cc3fcda-d9b1-46c1-a849-87ffb5a34dc5"
            ],
            "tags": null,
            "tenant_id": "6414f9796f5340f6acad5b9510e77ef5",
            "timeouts": null,
            "value_specs": null
          },
          "sensitive_attributes": [],
          "private": "eyJlMmJmYjczMC1lY2FhLTExZTYtOGY4OC0zNDM2M2JjN2M0YzAiOnsiY3JlYXRlIjo2MDAwMDAwMDAwMDAsImRlbGV0ZSI6NjAwMDAwMDAwMDAwfX0=",
          "dependencies": [
            "data.openstack_networking_network_v2.public",
            "openstack_networking_secgroup_v2.k8s_secgroup"
          ]
        }
      ]
    },
    {
      "mode": "managed",
      "type": "openstack_networking_port_v2",
      "name": "worker_ports",
      "provider": "provider[\"registry.terraform.io/terraform-provider-openstack/openstack\"]",
      "instances": [
        {
          "index_key": 0,
          "schema_version": 0,
          "attributes": {
            "admin_state_up": true,
            "all_fixed_ips": [
              "10.202.22.148"
            ],
            "all_security_group_ids": [
              "2cc3fcda-d9b1-46c1-a849-87ffb5a34dc5"
            ],
            "all_tags": [],
            "allowed_address_pairs": [
              {
                "ip_address": "10.202.0.0/16",
                "mac_address": ""
              }
            ],
            "binding": [
              {
                "host_id": "",
                "profile": "{}",
                "vif_details": {},
                "vif_type": "unbound",
                "vnic_type": "normal"
              }
            ],
            "description": "",
            "device_id": "",
            "device_owner": "",
            "dns_assignment": [],
            "dns_name": "",
            "extra_dhcp_option": [],
            "fixed_ip": [],
            "id": "6c4cc2a4-b9f9-4dad-82cb-5768d0d2e782",
            "mac_address": "fa:16:3e:a7:b1:17",
            "name": "port-k8s-worker1",
            "network_id": "b30e586d-0dac-41fd-899c-a18577853064",
            "no_fixed_ip": null,
            "no_security_groups": null,
            "port_security_enabled": true,
            "qos_policy_id": "",
            "region": "RegionOne",
            "security_group_ids": [
              "2cc3fcda-d9b1-46c1-a849-87ffb5a34dc5"
            ],
            "tags": null,
            "tenant_id": "6414f9796f5340f6acad5b9510e77ef5",
            "timeouts": null,
            "value_specs": null
          },
          "sensitive_attributes": [],
          "private": "eyJlMmJmYjczMC1lY2FhLTExZTYtOGY4OC0zNDM2M2JjN2M0YzAiOnsiY3JlYXRlIjo2MDAwMDAwMDAwMDAsImRlbGV0ZSI6NjAwMDAwMDAwMDAwfX0=",
          "dependencies": [
            "data.openstack_networking_network_v2.public",
            "openstack_networking_secgroup_v2.k8s_secgroup"
          ]
        },
        {
          "index_key": 1,
          "schema_version": 0,
          "attributes": {
            "admin_state_up": true,
            "all_fixed_ips": [
              "10.202.22.192"
            ],
            "all_security_group_ids": [
              "2cc3fcda-d9b1-46c1-a849-87ffb5a34dc5"
            ],
            "all_tags": [],
            "allowed_address_pairs": [
              {
                "ip_address": "10.202.0.0/16",
                "mac_address": ""
              }
            ],
            "binding": [
              {
                "host_id": "",
                "profile": "{}",
                "vif_details": {},
                "vif_type": "unbound",
                "vnic_type": "normal"
              }
            ],
            "description": "",
            "device_id": "",
            "device_owner": "",
            "dns_assignment": [],
            "dns_name": "",
            "extra_dhcp_option": [],
            "fixed_ip": [],
            "id": "a69f4278-e5a8-44e9-bbfc-f456689e70d5",
            "mac_address": "fa:16:3e:1d:f7:20",
            "name": "port-k8s-worker2",
            "network_id": "b30e586d-0dac-41fd-899c-a18577853064",
            "no_fixed_ip": null,
            "no_security_groups": null,
            "port_security_enabled": true,
            "qos_policy_id": "",
            "region": "RegionOne",
            "security_group_ids": [
              "2cc3fcda-d9b1-46c1-a849-87ffb5a34dc5"
            ],
            "tags": null,
            "tenant_id": "6414f9796f5340f6acad5b9510e77ef5",
            "timeouts": null,
            "value_specs": null
          },
          "sensitive_attributes": [],
          "private": "eyJlMmJmYjczMC1lY2FhLTExZTYtOGY4OC0zNDM2M2JjN2M0YzAiOnsiY3JlYXRlIjo2MDAwMDAwMDAwMDAsImRlbGV0ZSI6NjAwMDAwMDAwMDAwfX0=",
          "dependencies": [
            "data.openstack_networking_network_v2.public",
            "openstack_networking_secgroup_v2.k8s_secgroup"
          ]
        },
        {
          "index_key": 2,
          "schema_version": 0,
          "attributes": {
            "admin_state_up": true,
            "all_fixed_ips": [
              "10.202.22.178"
            ],
            "all_security_group_ids": [
              "2cc3fcda-d9b1-46c1-a849-87ffb5a34dc5"
            ],
            "all_tags": [],
            "allowed_address_pairs": [
              {
                "ip_address": "10.202.0.0/16",
                "mac_address": ""
              }
            ],
            "binding": [
              {
                "host_id": "",
                "profile": "{}",
                "vif_details": {},
                "vif_type": "unbound",
                "vnic_type": "normal"
              }
            ],
            "description": "",
            "device_id": "",
            "device_owner": "",
            "dns_assignment": [],
            "dns_name": "",
            "extra_dhcp_option": [],
            "fixed_ip": [],
            "id": "f51e3017-a654-41ed-9ce5-c24718d2a9c8",
            "mac_address": "fa:16:3e:e8:15:a3",
            "name": "port-k8s-worker3",
            "network_id": "b30e586d-0dac-41fd-899c-a18577853064",
            "no_fixed_ip": null,
            "no_security_groups": null,
            "port_security_enabled": true,
            "qos_policy_id": "",
            "region": "RegionOne",
            "security_group_ids": [
              "2cc3fcda-d9b1-46c1-a849-87ffb5a34dc5"
            ],
            "tags": null,
            "tenant_id": "6414f9796f5340f6acad5b9510e77ef5",
            "timeouts": null,
            "value_specs": null
          },
          "sensitive_attributes": [],
          "private": "eyJlMmJmYjczMC1lY2FhLTExZTYtOGY4OC0zNDM2M2JjN2M0YzAiOnsiY3JlYXRlIjo2MDAwMDAwMDAwMDAsImRlbGV0ZSI6NjAwMDAwMDAwMDAwfX0=",
          "dependencies": [
            "data.openstack_networking_network_v2.public",
            "openstack_networking_secgroup_v2.k8s_secgroup"
          ]
        }
      ]
    },
    {
      "mode": "managed",
      "type": "openstack_networking_secgroup_rule_v2",
      "name": "icmp",
      "provider": "provider[\"registry.terraform.io/terraform-provider-openstack/openstack\"]",
      "instances": [
        {
          "schema_version": 0,
          "attributes": {
            "description": "",
            "direction": "ingress",
            "ethertype": "IPv4",
            "id": "8b846e32-5487-444c-8c8a-4d37f9038490",
            "port_range_max": 0,
            "port_range_min": 0,
            "protocol": "icmp",
            "region": "RegionOne",
            "remote_group_id": "",
            "remote_ip_prefix": "",
            "security_group_id": "2cc3fcda-d9b1-46c1-a849-87ffb5a34dc5",
            "tenant_id": "6414f9796f5340f6acad5b9510e77ef5",
            "timeouts": null
          },
          "sensitive_attributes": [],
          "private": "eyJlMmJmYjczMC1lY2FhLTExZTYtOGY4OC0zNDM2M2JjN2M0YzAiOnsiZGVsZXRlIjo2MDAwMDAwMDAwMDB9fQ==",
          "dependencies": [
            "openstack_networking_secgroup_v2.k8s_secgroup"
          ]
        }
      ]
    },
    {
      "mode": "managed",
      "type": "openstack_networking_secgroup_rule_v2",
      "name": "internal",
      "provider": "provider[\"registry.terraform.io/terraform-provider-openstack/openstack\"]",
      "instances": [
        {
          "schema_version": 0,
          "attributes": {
            "description": "",
            "direction": "ingress",
            "ethertype": "IPv4",
            "id": "e5824fc1-8979-491c-8e6e-8f1fcc7ef28c",
            "port_range_max": 0,
            "port_range_min": 0,
            "protocol": "",
            "region": "RegionOne",
            "remote_group_id": "2cc3fcda-d9b1-46c1-a849-87ffb5a34dc5",
            "remote_ip_prefix": "",
            "security_group_id": "2cc3fcda-d9b1-46c1-a849-87ffb5a34dc5",
            "tenant_id": "6414f9796f5340f6acad5b9510e77ef5",
            "timeouts": null
          },
          "sensitive_attributes": [],
          "private": "eyJlMmJmYjczMC1lY2FhLTExZTYtOGY4OC0zNDM2M2JjN2M0YzAiOnsiZGVsZXRlIjo2MDAwMDAwMDAwMDB9fQ==",
          "dependencies": [
            "openstack_networking_secgroup_v2.k8s_secgroup"
          ]
        }
      ]
    },
    {
      "mode": "managed",
      "type": "openstack_networking_secgroup_rule_v2",
      "name": "rules",
      "provider": "provider[\"registry.terraform.io/terraform-provider-openstack/openstack\"]",
      "instances": [
        {
          "index_key": "22",
          "schema_version": 0,
          "attributes": {
            "description": "",
            "direction": "ingress",
            "ethertype": "IPv4",
            "id": "c2cd3107-e066-444f-a642-7b486a6af63f",
            "port_range_max": 22,
            "port_range_min": 22,
            "protocol": "tcp",
            "region": "RegionOne",
            "remote_group_id": "",
            "remote_ip_prefix": "0.0.0.0/0",
            "security_group_id": "2cc3fcda-d9b1-46c1-a849-87ffb5a34dc5",
            "tenant_id": "6414f9796f5340f6acad5b9510e77ef5",
            "timeouts": null
          },
          "sensitive_attributes": [],
          "private": "eyJlMmJmYjczMC1lY2FhLTExZTYtOGY4OC0zNDM2M2JjN2M0YzAiOnsiZGVsZXRlIjo2MDAwMDAwMDAwMDB9fQ==",
          "dependencies": [
            "openstack_networking_secgroup_v2.k8s_secgroup"
          ]
        },
        {
          "index_key": "443",
          "schema_version": 0,
          "attributes": {
            "description": "",
            "direction": "ingress",
            "ethertype": "IPv4",
            "id": "0df8ff80-0128-4f56-b6a2-d83f787e9f68",
            "port_range_max": 443,
            "port_range_min": 443,
            "protocol": "tcp",
            "region": "RegionOne",
            "remote_group_id": "",
            "remote_ip_prefix": "0.0.0.0/0",
            "security_group_id": "2cc3fcda-d9b1-46c1-a849-87ffb5a34dc5",
            "tenant_id": "6414f9796f5340f6acad5b9510e77ef5",
            "timeouts": null
          },
          "sensitive_attributes": [],
          "private": "eyJlMmJmYjczMC1lY2FhLTExZTYtOGY4OC0zNDM2M2JjN2M0YzAiOnsiZGVsZXRlIjo2MDAwMDAwMDAwMDB9fQ==",
          "dependencies": [
            "openstack_networking_secgroup_v2.k8s_secgroup"
          ]
        },
        {
          "index_key": "6443",
          "schema_version": 0,
          "attributes": {
            "description": "",
            "direction": "ingress",
            "ethertype": "IPv4",
            "id": "adfb8915-46cb-44a2-bd0c-3eafe585c663",
            "port_range_max": 6443,
            "port_range_min": 6443,
            "protocol": "tcp",
            "region": "RegionOne",
            "remote_group_id": "",
            "remote_ip_prefix": "0.0.0.0/0",
            "security_group_id": "2cc3fcda-d9b1-46c1-a849-87ffb5a34dc5",
            "tenant_id": "6414f9796f5340f6acad5b9510e77ef5",
            "timeouts": null
          },
          "sensitive_attributes": [],
          "private": "eyJlMmJmYjczMC1lY2FhLTExZTYtOGY4OC0zNDM2M2JjN2M0YzAiOnsiZGVsZXRlIjo2MDAwMDAwMDAwMDB9fQ==",
          "dependencies": [
            "openstack_networking_secgroup_v2.k8s_secgroup"
          ]
        },
        {
          "index_key": "80",
          "schema_version": 0,
          "attributes": {
            "description": "",
            "direction": "ingress",
            "ethertype": "IPv4",
            "id": "174469c4-aff9-44a3-a8cc-362091e0b5b1",
            "port_range_max": 80,
            "port_range_min": 80,
            "protocol": "tcp",
            "region": "RegionOne",
            "remote_group_id": "",
            "remote_ip_prefix": "0.0.0.0/0",
            "security_group_id": "2cc3fcda-d9b1-46c1-a849-87ffb5a34dc5",
            "tenant_id": "6414f9796f5340f6acad5b9510e77ef5",
            "timeouts": null
          },
          "sensitive_attributes": [],
          "private": "eyJlMmJmYjczMC1lY2FhLTExZTYtOGY4OC0zNDM2M2JjN2M0YzAiOnsiZGVsZXRlIjo2MDAwMDAwMDAwMDB9fQ==",
          "dependencies": [
            "openstack_networking_secgroup_v2.k8s_secgroup"
          ]
        }
      ]
    },
    {
      "mode": "managed",
      "type": "openstack_networking_secgroup_v2",
      "name": "k8s_secgroup",
      "provider": "provider[\"registry.terraform.io/terraform-provider-openstack/openstack\"]",
      "instances": [
        {
          "schema_version": 0,
          "attributes": {
            "all_tags": [],
            "delete_default_rules": null,
            "description": "Security group for Kubernetes cluster",
            "id": "2cc3fcda-d9b1-46c1-a849-87ffb5a34dc5",
            "name": "k8s-sg",
            "region": "RegionOne",
            "tags": null,
            "tenant_id": "6414f9796f5340f6acad5b9510e77ef5",
            "timeouts": null
          },
          "sensitive_attributes": [],
          "private": "eyJlMmJmYjczMC1lY2FhLTExZTYtOGY4OC0zNDM2M2JjN2M0YzAiOnsiZGVsZXRlIjo2MDAwMDAwMDAwMDB9fQ=="
        }
      ]
    },
    {
      "mode": "managed",
      "type": "time_sleep",
      "name": "wait_for_cp_boot",
      "provider": "provider[\"registry.terraform.io/hashicorp/time\"]",
      "instances": [
        {
          "schema_version": 0,
          "attributes": {
            "create_duration": "1m",
            "destroy_duration": null,
            "id": "2026-02-10T21:51:52Z",
            "triggers": null
          },
          "sensitive_attributes": [],
          "dependencies": [
            "data.openstack_compute_keypair_v2.default",
            "data.openstack_images_image_v2.ubuntu",
            "data.openstack_networking_network_v2.public",
            "openstack_compute_instance_v2.cp",
            "openstack_networking_port_v2.cp_ports",
            "openstack_networking_secgroup_v2.k8s_secgroup"
          ]
        }
      ]
    }
  ],
  "check_results": null
}
