{
  "version": 4,
  "terraform_version": "1.14.3",
  "serial": 1423,
  "lineage": "deabb51d-945b-6e9b-344c-34faad29aaed",
  "outputs": {},
  "resources": [
    {
      "mode": "data",
      "type": "openstack_compute_keypair_v2",
      "name": "default",
      "provider": "provider[\"registry.terraform.io/terraform-provider-openstack/openstack\"]",
      "instances": [
        {
          "schema_version": 0,
          "attributes": {
            "fingerprint": "d4:b7:27:94:39:6d:19:75:05:8b:82:2b:5e:0b:d9:d5",
            "id": "terraform",
            "name": "terraform",
            "public_key": "ssh-ed25519 AAAAC3NzaC1lZDI1NTE5AAAAILugZkXPjzwJbUutF/ajq8d7tGdZn2zS4hUhkRqmHUYc pierre.jaloghlian@etu.umontpellier.fr",
            "region": "RegionOne",
            "user_id": "a0ef7d9d03f54582b32d371bf14c070d"
          },
          "sensitive_attributes": [],
          "identity_schema_version": 0
        }
      ]
    },
    {
      "mode": "data",
      "type": "openstack_images_image_v2",
      "name": "ubuntu",
      "provider": "provider[\"registry.terraform.io/terraform-provider-openstack/openstack\"]",
      "instances": [
        {
          "schema_version": 0,
          "attributes": {
            "checksum": "feae9da27c50da7f45bfcca6b1f8aae0",
            "container_format": "bare",
            "created_at": "2026-01-23T13:45:49Z",
            "disk_format": "qcow2",
            "file": "/v2/images/06620e59-d02e-4483-811f-f089b9a179f2/file",
            "hidden": false,
            "id": "06620e59-d02e-4483-811f-f089b9a179f2",
            "member_status": null,
            "metadata": {},
            "min_disk_gb": 0,
            "min_ram_mb": 0,
            "most_recent": true,
            "name": "Ubuntu-22.04",
            "name_regex": null,
            "owner": "6414f9796f5340f6acad5b9510e77ef5",
            "properties": {
              "os_hash_algo": "sha512",
              "os_hash_value": "bdbfbec178ed26e088e095b72445cdd5a896dcc9e5c0f00862698aec4fa29c3c37e3d2392597043f5ed23c9bca346744bea3065979d88130a37bf27562891f3c",
              "stores": "file"
            },
            "protected": false,
            "region": "RegionOne",
            "schema": "/v2/schemas/image",
            "size_bytes": 688868864,
            "size_max": null,
            "size_min": null,
            "sort_direction": "asc",
            "sort_key": "name",
            "tag": null,
            "tags": [],
            "updated_at": "2026-01-23T13:45:52Z",
            "visibility": "public"
          },
          "sensitive_attributes": [],
          "identity_schema_version": 0
        }
      ]
    },
    {
      "mode": "data",
      "type": "openstack_networking_network_v2",
      "name": "public",
      "provider": "provider[\"registry.terraform.io/terraform-provider-openstack/openstack\"]",
      "instances": [
        {
          "schema_version": 0,
          "attributes": {
            "admin_state_up": "true",
            "all_tags": [],
            "availability_zone_hints": [],
            "description": "",
            "dns_domain": "",
            "external": true,
            "id": "b30e586d-0dac-41fd-899c-a18577853064",
            "matching_subnet_cidr": null,
            "mtu": 1500,
            "name": "public",
            "network_id": null,
            "region": "RegionOne",
            "segments": [
              {
                "network_type": "flat",
                "physical_network": "extnet",
                "segmentation_id": 0
              }
            ],
            "shared": "true",
            "status": null,
            "subnets": [
              "cb318b7f-065c-4309-87a7-0459bbbd985e"
            ],
            "tags": null,
            "tenant_id": "c498ba3dcc1041a1b0f07e9f56b09af5",
            "transparent_vlan": false
          },
          "sensitive_attributes": [],
          "identity_schema_version": 0
        }
      ]
    },
    {
      "mode": "managed",
      "type": "null_resource",
      "name": "cp_join",
      "provider": "provider[\"registry.terraform.io/hashicorp/null\"]",
      "instances": [
        {
          "index_key": 0,
          "schema_version": 0,
          "attributes": {
            "id": "8472496354170301469",
            "triggers": null
          },
          "sensitive_attributes": [],
          "identity_schema_version": 0,
          "dependencies": [
            "data.openstack_compute_keypair_v2.default",
            "data.openstack_images_image_v2.ubuntu",
            "data.openstack_networking_network_v2.public",
            "openstack_compute_instance_v2.cp",
            "openstack_networking_port_v2.cp_ports",
            "time_sleep.wait_for_cp_boot"
          ]
        },
        {
          "index_key": 1,
          "schema_version": 0,
          "attributes": {
            "id": "1396932752460437613",
            "triggers": null
          },
          "sensitive_attributes": [],
          "identity_schema_version": 0,
          "dependencies": [
            "data.openstack_compute_keypair_v2.default",
            "data.openstack_images_image_v2.ubuntu",
            "data.openstack_networking_network_v2.public",
            "openstack_compute_instance_v2.cp",
            "openstack_networking_port_v2.cp_ports",
            "time_sleep.wait_for_cp_boot"
          ]
        }
      ]
    },
    {
      "mode": "managed",
      "type": "null_resource",
      "name": "worker_join",
      "provider": "provider[\"registry.terraform.io/hashicorp/null\"]",
      "instances": [
        {
          "index_key": 0,
          "schema_version": 0,
          "attributes": {
            "id": "876318479655150806",
            "triggers": null
          },
          "sensitive_attributes": [],
          "identity_schema_version": 0,
          "dependencies": [
            "data.openstack_compute_keypair_v2.default",
            "data.openstack_images_image_v2.ubuntu",
            "data.openstack_networking_network_v2.public",
            "openstack_compute_instance_v2.cp",
            "openstack_networking_port_v2.cp_ports",
            "openstack_networking_port_v2.worker_ports",
            "time_sleep.wait_for_cp_boot"
          ]
        },
        {
          "index_key": 1,
          "schema_version": 0,
          "attributes": {
            "id": "7410983246768806241",
            "triggers": null
          },
          "sensitive_attributes": [],
          "identity_schema_version": 0,
          "dependencies": [
            "data.openstack_compute_keypair_v2.default",
            "data.openstack_images_image_v2.ubuntu",
            "data.openstack_networking_network_v2.public",
            "openstack_compute_instance_v2.cp",
            "openstack_networking_port_v2.cp_ports",
            "openstack_networking_port_v2.worker_ports",
            "time_sleep.wait_for_cp_boot"
          ]
        },
        {
          "index_key": 2,
          "schema_version": 0,
          "attributes": {
            "id": "2948674586144597588",
            "triggers": null
          },
          "sensitive_attributes": [],
          "identity_schema_version": 0,
          "dependencies": [
            "data.openstack_compute_keypair_v2.default",
            "data.openstack_images_image_v2.ubuntu",
            "data.openstack_networking_network_v2.public",
            "openstack_compute_instance_v2.cp",
            "openstack_networking_port_v2.cp_ports",
            "openstack_networking_port_v2.worker_ports",
            "time_sleep.wait_for_cp_boot"
          ]
        }
      ]
    },
    {
      "mode": "managed",
      "type": "openstack_blockstorage_volume_v3",
      "name": "cp_data",
      "provider": "provider[\"registry.terraform.io/terraform-provider-openstack/openstack\"]",
      "instances": [
        {
          "index_key": 0,
          "schema_version": 0,
          "attributes": {
            "attachment": [],
            "availability_zone": "nova",
            "consistency_group_id": null,
            "description": "",
            "enable_online_resize": null,
            "id": "f33d8c3f-6a10-422d-9e6d-a4e077ae0fe3",
            "image_id": null,
            "metadata": {},
            "multiattach": null,
            "name": "k8s-cp1-data",
            "region": "RegionOne",
            "scheduler_hints": [],
            "size": 8,
            "snapshot_id": "",
            "source_replica": null,
            "source_vol_id": "",
            "timeouts": null,
            "volume_type": "iscsi"
          },
          "sensitive_attributes": [],
          "identity_schema_version": 0,
          "private": "eyJlMmJmYjczMC1lY2FhLTExZTYtOGY4OC0zNDM2M2JjN2M0YzAiOnsiY3JlYXRlIjo2MDAwMDAwMDAwMDAsImRlbGV0ZSI6NjAwMDAwMDAwMDAwfX0="
        },
        {
          "index_key": 1,
          "schema_version": 0,
          "attributes": {
            "attachment": [],
            "availability_zone": "nova",
            "consistency_group_id": null,
            "description": "",
            "enable_online_resize": null,
            "id": "5ae58895-6f33-4f46-8659-2b08c11bc2dc",
            "image_id": null,
            "metadata": {},
            "multiattach": null,
            "name": "k8s-cp2-data",
            "region": "RegionOne",
            "scheduler_hints": [],
            "size": 8,
            "snapshot_id": "",
            "source_replica": null,
            "source_vol_id": "",
            "timeouts": null,
            "volume_type": "iscsi"
          },
          "sensitive_attributes": [],
          "identity_schema_version": 0,
          "private": "eyJlMmJmYjczMC1lY2FhLTExZTYtOGY4OC0zNDM2M2JjN2M0YzAiOnsiY3JlYXRlIjo2MDAwMDAwMDAwMDAsImRlbGV0ZSI6NjAwMDAwMDAwMDAwfX0="
        },
        {
          "index_key": 2,
          "schema_version": 0,
          "attributes": {
            "attachment": [],
            "availability_zone": "nova",
            "consistency_group_id": null,
            "description": "",
            "enable_online_resize": null,
            "id": "34abccce-c632-435e-b061-6e3e8bbbe62e",
            "image_id": null,
            "metadata": {},
            "multiattach": null,
            "name": "k8s-cp3-data",
            "region": "RegionOne",
            "scheduler_hints": [],
            "size": 8,
            "snapshot_id": "",
            "source_replica": null,
            "source_vol_id": "",
            "timeouts": null,
            "volume_type": "iscsi"
          },
          "sensitive_attributes": [],
          "identity_schema_version": 0,
          "private": "eyJlMmJmYjczMC1lY2FhLTExZTYtOGY4OC0zNDM2M2JjN2M0YzAiOnsiY3JlYXRlIjo2MDAwMDAwMDAwMDAsImRlbGV0ZSI6NjAwMDAwMDAwMDAwfX0="
        }
      ]
    },
    {
      "mode": "managed",
      "type": "openstack_blockstorage_volume_v3",
      "name": "worker_data",
      "provider": "provider[\"registry.terraform.io/terraform-provider-openstack/openstack\"]",
      "instances": [
        {
          "index_key": 0,
          "schema_version": 0,
          "attributes": {
            "attachment": [],
            "availability_zone": "nova",
            "consistency_group_id": null,
            "description": "",
            "enable_online_resize": null,
            "id": "f571a0e3-c5de-433c-ab66-d2ac53bc6217",
            "image_id": null,
            "metadata": {},
            "multiattach": null,
            "name": "k8s-worker1-data",
            "region": "RegionOne",
            "scheduler_hints": [],
            "size": 8,
            "snapshot_id": "",
            "source_replica": null,
            "source_vol_id": "",
            "timeouts": null,
            "volume_type": "iscsi"
          },
          "sensitive_attributes": [],
          "identity_schema_version": 0,
          "private": "eyJlMmJmYjczMC1lY2FhLTExZTYtOGY4OC0zNDM2M2JjN2M0YzAiOnsiY3JlYXRlIjo2MDAwMDAwMDAwMDAsImRlbGV0ZSI6NjAwMDAwMDAwMDAwfX0="
        },
        {
          "index_key": 1,
          "schema_version": 0,
          "attributes": {
            "attachment": [],
            "availability_zone": "nova",
            "consistency_group_id": null,
            "description": "",
            "enable_online_resize": null,
            "id": "1d6ba984-6321-46fe-9752-0bc77c71e49d",
            "image_id": null,
            "metadata": {},
            "multiattach": null,
            "name": "k8s-worker2-data",
            "region": "RegionOne",
            "scheduler_hints": [],
            "size": 8,
            "snapshot_id": "",
            "source_replica": null,
            "source_vol_id": "",
            "timeouts": null,
            "volume_type": "iscsi"
          },
          "sensitive_attributes": [],
          "identity_schema_version": 0,
          "private": "eyJlMmJmYjczMC1lY2FhLTExZTYtOGY4OC0zNDM2M2JjN2M0YzAiOnsiY3JlYXRlIjo2MDAwMDAwMDAwMDAsImRlbGV0ZSI6NjAwMDAwMDAwMDAwfX0="
        },
        {
          "index_key": 2,
          "schema_version": 0,
          "attributes": {
            "attachment": [],
            "availability_zone": "nova",
            "consistency_group_id": null,
            "description": "",
            "enable_online_resize": null,
            "id": "78b21175-5dbf-4b3c-be3d-db74df5cb77a",
            "image_id": null,
            "metadata": {},
            "multiattach": null,
            "name": "k8s-worker3-data",
            "region": "RegionOne",
            "scheduler_hints": [],
            "size": 8,
            "snapshot_id": "",
            "source_replica": null,
            "source_vol_id": "",
            "timeouts": null,
            "volume_type": "iscsi"
          },
          "sensitive_attributes": [],
          "identity_schema_version": 0,
          "private": "eyJlMmJmYjczMC1lY2FhLTExZTYtOGY4OC0zNDM2M2JjN2M0YzAiOnsiY3JlYXRlIjo2MDAwMDAwMDAwMDAsImRlbGV0ZSI6NjAwMDAwMDAwMDAwfX0="
        }
      ]
    },
    {
      "mode": "managed",
      "type": "openstack_compute_instance_v2",
      "name": "cp",
      "provider": "provider[\"registry.terraform.io/terraform-provider-openstack/openstack\"]",
      "instances": [
        {
          "index_key": 0,
          "schema_version": 0,
          "attributes": {
            "access_ip_v4": "10.202.22.147",
            "access_ip_v6": "",
            "admin_pass": null,
            "all_metadata": {},
            "all_tags": [],
            "availability_zone": "nova",
            "availability_zone_hints": null,
            "block_device": [],
            "config_drive": true,
            "created": "2026-01-28 10:10:23 +0000 UTC",
            "flavor_id": "2",
            "flavor_name": "m1.small",
            "floating_ip": null,
            "force_delete": false,
            "id": "2c56d0b5-0868-4226-9a30-c779f05d3858",
            "image_id": "06620e59-d02e-4483-811f-f089b9a179f2",
            "image_name": "Ubuntu-22.04",
            "key_pair": "terraform",
            "metadata": null,
            "name": "k8s-cp1",
            "network": [
              {
                "access_network": false,
                "fixed_ip_v4": "10.202.22.147",
                "fixed_ip_v6": "",
                "floating_ip": "",
                "mac": "fa:16:3e:69:61:f6",
                "name": "public",
                "port": "a7af4a9b-762d-4b5d-b31d-0e070c31dac1",
                "uuid": "b30e586d-0dac-41fd-899c-a18577853064"
              }
            ],
            "network_mode": null,
            "personality": [],
            "power_state": "active",
            "region": "RegionOne",
            "scheduler_hints": [],
            "security_groups": [
              "default"
            ],
            "stop_before_destroy": false,
            "tags": null,
            "timeouts": null,
            "updated": "2026-01-28 10:10:26 +0000 UTC",
            "user_data": "07461ae2174d818e14a50c21bd5405ca6b5334ac",
            "vendor_options": [],
            "volume": []
          },
          "sensitive_attributes": [
            [
              {
                "type": "get_attr",
                "value": "admin_pass"
              }
            ]
          ],
          "identity_schema_version": 0,
          "private": "eyJlMmJmYjczMC1lY2FhLTExZTYtOGY4OC0zNDM2M2JjN2M0YzAiOnsiY3JlYXRlIjoxODAwMDAwMDAwMDAwLCJkZWxldGUiOjE4MDAwMDAwMDAwMDAsInVwZGF0ZSI6MTgwMDAwMDAwMDAwMH19",
          "dependencies": [
            "data.openstack_compute_keypair_v2.default",
            "data.openstack_images_image_v2.ubuntu",
            "data.openstack_networking_network_v2.public",
            "openstack_networking_port_v2.cp_ports"
          ]
        },
        {
          "index_key": 1,
          "schema_version": 0,
          "attributes": {
            "access_ip_v4": "10.202.22.157",
            "access_ip_v6": "",
            "admin_pass": null,
            "all_metadata": {},
            "all_tags": [],
            "availability_zone": "nova",
            "availability_zone_hints": null,
            "block_device": [],
            "config_drive": true,
            "created": "2026-01-28 10:10:23 +0000 UTC",
            "flavor_id": "2",
            "flavor_name": "m1.small",
            "floating_ip": null,
            "force_delete": false,
            "id": "7f99d30f-ddb1-4d65-9f9d-f0438419dffb",
            "image_id": "06620e59-d02e-4483-811f-f089b9a179f2",
            "image_name": "Ubuntu-22.04",
            "key_pair": "terraform",
            "metadata": null,
            "name": "k8s-cp2",
            "network": [
              {
                "access_network": false,
                "fixed_ip_v4": "10.202.22.157",
                "fixed_ip_v6": "",
                "floating_ip": "",
                "mac": "fa:16:3e:7d:63:34",
                "name": "public",
                "port": "d15d32ec-fa25-4295-a4f5-8895791f761d",
                "uuid": "b30e586d-0dac-41fd-899c-a18577853064"
              }
            ],
            "network_mode": null,
            "personality": [],
            "power_state": "active",
            "region": "RegionOne",
            "scheduler_hints": [],
            "security_groups": [
              "default"
            ],
            "stop_before_destroy": false,
            "tags": null,
            "timeouts": null,
            "updated": "2026-01-28 10:10:26 +0000 UTC",
            "user_data": "4fabfa658b6b84970f3715b55708a6d083137366",
            "vendor_options": [],
            "volume": []
          },
          "sensitive_attributes": [
            [
              {
                "type": "get_attr",
                "value": "admin_pass"
              }
            ]
          ],
          "identity_schema_version": 0,
          "private": "eyJlMmJmYjczMC1lY2FhLTExZTYtOGY4OC0zNDM2M2JjN2M0YzAiOnsiY3JlYXRlIjoxODAwMDAwMDAwMDAwLCJkZWxldGUiOjE4MDAwMDAwMDAwMDAsInVwZGF0ZSI6MTgwMDAwMDAwMDAwMH19",
          "dependencies": [
            "data.openstack_compute_keypair_v2.default",
            "data.openstack_images_image_v2.ubuntu",
            "data.openstack_networking_network_v2.public",
            "openstack_networking_port_v2.cp_ports"
          ]
        },
        {
          "index_key": 2,
          "schema_version": 0,
          "attributes": {
            "access_ip_v4": "10.202.22.106",
            "access_ip_v6": "",
            "admin_pass": null,
            "all_metadata": {},
            "all_tags": [],
            "availability_zone": "nova",
            "availability_zone_hints": null,
            "block_device": [],
            "config_drive": true,
            "created": "2026-01-28 10:10:28 +0000 UTC",
            "flavor_id": "2",
            "flavor_name": "m1.small",
            "floating_ip": null,
            "force_delete": false,
            "id": "d5c08bf0-2489-4fc0-9d14-72cfe4d345f5",
            "image_id": "06620e59-d02e-4483-811f-f089b9a179f2",
            "image_name": "Ubuntu-22.04",
            "key_pair": "terraform",
            "metadata": null,
            "name": "k8s-cp3",
            "network": [
              {
                "access_network": false,
                "fixed_ip_v4": "10.202.22.106",
                "fixed_ip_v6": "",
                "floating_ip": "",
                "mac": "fa:16:3e:50:ca:ca",
                "name": "public",
                "port": "5c4383c4-d966-4599-98da-445af9786986",
                "uuid": "b30e586d-0dac-41fd-899c-a18577853064"
              }
            ],
            "network_mode": null,
            "personality": [],
            "power_state": "active",
            "region": "RegionOne",
            "scheduler_hints": [],
            "security_groups": [
              "default"
            ],
            "stop_before_destroy": false,
            "tags": null,
            "timeouts": null,
            "updated": "2026-01-28 10:10:32 +0000 UTC",
            "user_data": "4fabfa658b6b84970f3715b55708a6d083137366",
            "vendor_options": [],
            "volume": []
          },
          "sensitive_attributes": [
            [
              {
                "type": "get_attr",
                "value": "admin_pass"
              }
            ]
          ],
          "identity_schema_version": 0,
          "private": "eyJlMmJmYjczMC1lY2FhLTExZTYtOGY4OC0zNDM2M2JjN2M0YzAiOnsiY3JlYXRlIjoxODAwMDAwMDAwMDAwLCJkZWxldGUiOjE4MDAwMDAwMDAwMDAsInVwZGF0ZSI6MTgwMDAwMDAwMDAwMH19",
          "dependencies": [
            "data.openstack_compute_keypair_v2.default",
            "data.openstack_images_image_v2.ubuntu",
            "data.openstack_networking_network_v2.public",
            "openstack_networking_port_v2.cp_ports"
          ]
        }
      ]
    },
    {
      "mode": "managed",
      "type": "openstack_compute_instance_v2",
      "name": "worker",
      "provider": "provider[\"registry.terraform.io/terraform-provider-openstack/openstack\"]",
      "instances": [
        {
          "index_key": 0,
          "schema_version": 0,
          "attributes": {
            "access_ip_v4": "10.202.22.170",
            "access_ip_v6": "",
            "admin_pass": null,
            "all_metadata": {},
            "all_tags": [],
            "availability_zone": "nova",
            "availability_zone_hints": null,
            "block_device": [],
            "config_drive": true,
            "created": "2026-01-28 10:10:29 +0000 UTC",
            "flavor_id": "2",
            "flavor_name": "m1.small",
            "floating_ip": null,
            "force_delete": false,
            "id": "8bd6d981-3db7-4729-a286-3b52b638d938",
            "image_id": "06620e59-d02e-4483-811f-f089b9a179f2",
            "image_name": "Ubuntu-22.04",
            "key_pair": "terraform",
            "metadata": null,
            "name": "k8s-worker1",
            "network": [
              {
                "access_network": false,
                "fixed_ip_v4": "10.202.22.170",
                "fixed_ip_v6": "",
                "floating_ip": "",
                "mac": "fa:16:3e:39:ce:da",
                "name": "public",
                "port": "7e970288-e5d5-407b-a805-87d9f4edd245",
                "uuid": "b30e586d-0dac-41fd-899c-a18577853064"
              }
            ],
            "network_mode": null,
            "personality": [],
            "power_state": "active",
            "region": "RegionOne",
            "scheduler_hints": [],
            "security_groups": [
              "default"
            ],
            "stop_before_destroy": false,
            "tags": null,
            "timeouts": null,
            "updated": "2026-01-28 10:10:33 +0000 UTC",
            "user_data": "4fabfa658b6b84970f3715b55708a6d083137366",
            "vendor_options": [],
            "volume": []
          },
          "sensitive_attributes": [
            [
              {
                "type": "get_attr",
                "value": "admin_pass"
              }
            ]
          ],
          "identity_schema_version": 0,
          "private": "eyJlMmJmYjczMC1lY2FhLTExZTYtOGY4OC0zNDM2M2JjN2M0YzAiOnsiY3JlYXRlIjoxODAwMDAwMDAwMDAwLCJkZWxldGUiOjE4MDAwMDAwMDAwMDAsInVwZGF0ZSI6MTgwMDAwMDAwMDAwMH19",
          "dependencies": [
            "data.openstack_compute_keypair_v2.default",
            "data.openstack_images_image_v2.ubuntu",
            "data.openstack_networking_network_v2.public",
            "openstack_networking_port_v2.cp_ports",
            "openstack_networking_port_v2.worker_ports"
          ]
        },
        {
          "index_key": 1,
          "schema_version": 0,
          "attributes": {
            "access_ip_v4": "10.202.22.172",
            "access_ip_v6": "",
            "admin_pass": null,
            "all_metadata": {},
            "all_tags": [],
            "availability_zone": "nova",
            "availability_zone_hints": null,
            "block_device": [],
            "config_drive": true,
            "created": "2026-01-28 10:10:28 +0000 UTC",
            "flavor_id": "2",
            "flavor_name": "m1.small",
            "floating_ip": null,
            "force_delete": false,
            "id": "f9baf351-831c-44d0-a489-8bf6ccc3d2d1",
            "image_id": "06620e59-d02e-4483-811f-f089b9a179f2",
            "image_name": "Ubuntu-22.04",
            "key_pair": "terraform",
            "metadata": null,
            "name": "k8s-worker2",
            "network": [
              {
                "access_network": false,
                "fixed_ip_v4": "10.202.22.172",
                "fixed_ip_v6": "",
                "floating_ip": "",
                "mac": "fa:16:3e:b6:5b:98",
                "name": "public",
                "port": "2a6ad5ec-9b58-4f35-a113-74480a0f871f",
                "uuid": "b30e586d-0dac-41fd-899c-a18577853064"
              }
            ],
            "network_mode": null,
            "personality": [],
            "power_state": "active",
            "region": "RegionOne",
            "scheduler_hints": [],
            "security_groups": [
              "default"
            ],
            "stop_before_destroy": false,
            "tags": null,
            "timeouts": null,
            "updated": "2026-01-28 10:10:34 +0000 UTC",
            "user_data": "4fabfa658b6b84970f3715b55708a6d083137366",
            "vendor_options": [],
            "volume": []
          },
          "sensitive_attributes": [
            [
              {
                "type": "get_attr",
                "value": "admin_pass"
              }
            ]
          ],
          "identity_schema_version": 0,
          "private": "eyJlMmJmYjczMC1lY2FhLTExZTYtOGY4OC0zNDM2M2JjN2M0YzAiOnsiY3JlYXRlIjoxODAwMDAwMDAwMDAwLCJkZWxldGUiOjE4MDAwMDAwMDAwMDAsInVwZGF0ZSI6MTgwMDAwMDAwMDAwMH19",
          "dependencies": [
            "data.openstack_compute_keypair_v2.default",
            "data.openstack_images_image_v2.ubuntu",
            "data.openstack_networking_network_v2.public",
            "openstack_networking_port_v2.cp_ports",
            "openstack_networking_port_v2.worker_ports"
          ]
        },
        {
          "index_key": 2,
          "schema_version": 0,
          "attributes": {
            "access_ip_v4": "10.202.22.141",
            "access_ip_v6": "",
            "admin_pass": null,
            "all_metadata": {},
            "all_tags": [],
            "availability_zone": "nova",
            "availability_zone_hints": null,
            "block_device": [],
            "config_drive": true,
            "created": "2026-01-28 10:10:28 +0000 UTC",
            "flavor_id": "2",
            "flavor_name": "m1.small",
            "floating_ip": null,
            "force_delete": false,
            "id": "7cb8e7c7-2454-4cd9-9880-1933bd75ab0e",
            "image_id": "06620e59-d02e-4483-811f-f089b9a179f2",
            "image_name": "Ubuntu-22.04",
            "key_pair": "terraform",
            "metadata": null,
            "name": "k8s-worker3",
            "network": [
              {
                "access_network": false,
                "fixed_ip_v4": "10.202.22.141",
                "fixed_ip_v6": "",
                "floating_ip": "",
                "mac": "fa:16:3e:87:d6:7a",
                "name": "public",
                "port": "7afd83f1-802d-4ff2-b9bf-633412e91017",
                "uuid": "b30e586d-0dac-41fd-899c-a18577853064"
              }
            ],
            "network_mode": null,
            "personality": [],
            "power_state": "active",
            "region": "RegionOne",
            "scheduler_hints": [],
            "security_groups": [
              "default"
            ],
            "stop_before_destroy": false,
            "tags": null,
            "timeouts": null,
            "updated": "2026-01-28 10:10:33 +0000 UTC",
            "user_data": "4fabfa658b6b84970f3715b55708a6d083137366",
            "vendor_options": [],
            "volume": []
          },
          "sensitive_attributes": [
            [
              {
                "type": "get_attr",
                "value": "admin_pass"
              }
            ]
          ],
          "identity_schema_version": 0,
          "private": "eyJlMmJmYjczMC1lY2FhLTExZTYtOGY4OC0zNDM2M2JjN2M0YzAiOnsiY3JlYXRlIjoxODAwMDAwMDAwMDAwLCJkZWxldGUiOjE4MDAwMDAwMDAwMDAsInVwZGF0ZSI6MTgwMDAwMDAwMDAwMH19",
          "dependencies": [
            "data.openstack_compute_keypair_v2.default",
            "data.openstack_images_image_v2.ubuntu",
            "data.openstack_networking_network_v2.public",
            "openstack_networking_port_v2.cp_ports",
            "openstack_networking_port_v2.worker_ports"
          ]
        }
      ]
    },
    {
      "mode": "managed",
      "type": "openstack_compute_volume_attach_v2",
      "name": "cp_volume_attach",
      "provider": "provider[\"registry.terraform.io/terraform-provider-openstack/openstack\"]",
      "instances": [
        {
          "index_key": 0,
          "schema_version": 0,
          "attributes": {
            "device": "/dev/vdb",
            "id": "2c56d0b5-0868-4226-9a30-c779f05d3858/f33d8c3f-6a10-422d-9e6d-a4e077ae0fe3",
            "instance_id": "2c56d0b5-0868-4226-9a30-c779f05d3858",
            "multiattach": null,
            "region": "RegionOne",
            "timeouts": null,
            "vendor_options": [],
            "volume_id": "f33d8c3f-6a10-422d-9e6d-a4e077ae0fe3"
          },
          "sensitive_attributes": [],
          "identity_schema_version": 0,
          "private": "eyJlMmJmYjczMC1lY2FhLTExZTYtOGY4OC0zNDM2M2JjN2M0YzAiOnsiY3JlYXRlIjo2MDAwMDAwMDAwMDAsImRlbGV0ZSI6NjAwMDAwMDAwMDAwfX0=",
          "dependencies": [
            "data.openstack_compute_keypair_v2.default",
            "data.openstack_images_image_v2.ubuntu",
            "data.openstack_networking_network_v2.public",
            "openstack_blockstorage_volume_v3.cp_data",
            "openstack_compute_instance_v2.cp",
            "openstack_networking_port_v2.cp_ports"
          ]
        },
        {
          "index_key": 1,
          "schema_version": 0,
          "attributes": {
            "device": "/dev/vdb",
            "id": "7f99d30f-ddb1-4d65-9f9d-f0438419dffb/5ae58895-6f33-4f46-8659-2b08c11bc2dc",
            "instance_id": "7f99d30f-ddb1-4d65-9f9d-f0438419dffb",
            "multiattach": null,
            "region": "RegionOne",
            "timeouts": null,
            "vendor_options": [],
            "volume_id": "5ae58895-6f33-4f46-8659-2b08c11bc2dc"
          },
          "sensitive_attributes": [],
          "identity_schema_version": 0,
          "private": "eyJlMmJmYjczMC1lY2FhLTExZTYtOGY4OC0zNDM2M2JjN2M0YzAiOnsiY3JlYXRlIjo2MDAwMDAwMDAwMDAsImRlbGV0ZSI6NjAwMDAwMDAwMDAwfX0=",
          "dependencies": [
            "data.openstack_compute_keypair_v2.default",
            "data.openstack_images_image_v2.ubuntu",
            "data.openstack_networking_network_v2.public",
            "openstack_blockstorage_volume_v3.cp_data",
            "openstack_compute_instance_v2.cp",
            "openstack_networking_port_v2.cp_ports"
          ]
        },
        {
          "index_key": 2,
          "schema_version": 0,
          "attributes": {
            "device": "/dev/vdb",
            "id": "d5c08bf0-2489-4fc0-9d14-72cfe4d345f5/34abccce-c632-435e-b061-6e3e8bbbe62e",
            "instance_id": "d5c08bf0-2489-4fc0-9d14-72cfe4d345f5",
            "multiattach": null,
            "region": "RegionOne",
            "timeouts": null,
            "vendor_options": [],
            "volume_id": "34abccce-c632-435e-b061-6e3e8bbbe62e"
          },
          "sensitive_attributes": [],
          "identity_schema_version": 0,
          "private": "eyJlMmJmYjczMC1lY2FhLTExZTYtOGY4OC0zNDM2M2JjN2M0YzAiOnsiY3JlYXRlIjo2MDAwMDAwMDAwMDAsImRlbGV0ZSI6NjAwMDAwMDAwMDAwfX0=",
          "dependencies": [
            "data.openstack_compute_keypair_v2.default",
            "data.openstack_images_image_v2.ubuntu",
            "data.openstack_networking_network_v2.public",
            "openstack_blockstorage_volume_v3.cp_data",
            "openstack_compute_instance_v2.cp",
            "openstack_networking_port_v2.cp_ports"
          ]
        }
      ]
    },
    {
      "mode": "managed",
      "type": "openstack_compute_volume_attach_v2",
      "name": "worker_volume_attach",
      "provider": "provider[\"registry.terraform.io/terraform-provider-openstack/openstack\"]",
      "instances": [
        {
          "index_key": 0,
          "schema_version": 0,
          "attributes": {
            "device": "/dev/vdb",
            "id": "8bd6d981-3db7-4729-a286-3b52b638d938/f571a0e3-c5de-433c-ab66-d2ac53bc6217",
            "instance_id": "8bd6d981-3db7-4729-a286-3b52b638d938",
            "multiattach": null,
            "region": "RegionOne",
            "timeouts": null,
            "vendor_options": [],
            "volume_id": "f571a0e3-c5de-433c-ab66-d2ac53bc6217"
          },
          "sensitive_attributes": [],
          "identity_schema_version": 0,
          "private": "eyJlMmJmYjczMC1lY2FhLTExZTYtOGY4OC0zNDM2M2JjN2M0YzAiOnsiY3JlYXRlIjo2MDAwMDAwMDAwMDAsImRlbGV0ZSI6NjAwMDAwMDAwMDAwfX0=",
          "dependencies": [
            "data.openstack_compute_keypair_v2.default",
            "data.openstack_images_image_v2.ubuntu",
            "data.openstack_networking_network_v2.public",
            "openstack_blockstorage_volume_v3.worker_data",
            "openstack_compute_instance_v2.worker",
            "openstack_networking_port_v2.cp_ports",
            "openstack_networking_port_v2.worker_ports"
          ]
        },
        {
          "index_key": 1,
          "schema_version": 0,
          "attributes": {
            "device": "/dev/vdb",
            "id": "f9baf351-831c-44d0-a489-8bf6ccc3d2d1/1d6ba984-6321-46fe-9752-0bc77c71e49d",
            "instance_id": "f9baf351-831c-44d0-a489-8bf6ccc3d2d1",
            "multiattach": null,
            "region": "RegionOne",
            "timeouts": null,
            "vendor_options": [],
            "volume_id": "1d6ba984-6321-46fe-9752-0bc77c71e49d"
          },
          "sensitive_attributes": [],
          "identity_schema_version": 0,
          "private": "eyJlMmJmYjczMC1lY2FhLTExZTYtOGY4OC0zNDM2M2JjN2M0YzAiOnsiY3JlYXRlIjo2MDAwMDAwMDAwMDAsImRlbGV0ZSI6NjAwMDAwMDAwMDAwfX0=",
          "dependencies": [
            "data.openstack_compute_keypair_v2.default",
            "data.openstack_images_image_v2.ubuntu",
            "data.openstack_networking_network_v2.public",
            "openstack_blockstorage_volume_v3.worker_data",
            "openstack_compute_instance_v2.worker",
            "openstack_networking_port_v2.cp_ports",
            "openstack_networking_port_v2.worker_ports"
          ]
        },
        {
          "index_key": 2,
          "schema_version": 0,
          "attributes": {
            "device": "/dev/vdb",
            "id": "7cb8e7c7-2454-4cd9-9880-1933bd75ab0e/78b21175-5dbf-4b3c-be3d-db74df5cb77a",
            "instance_id": "7cb8e7c7-2454-4cd9-9880-1933bd75ab0e",
            "multiattach": null,
            "region": "RegionOne",
            "timeouts": null,
            "vendor_options": [],
            "volume_id": "78b21175-5dbf-4b3c-be3d-db74df5cb77a"
          },
          "sensitive_attributes": [],
          "identity_schema_version": 0,
          "private": "eyJlMmJmYjczMC1lY2FhLTExZTYtOGY4OC0zNDM2M2JjN2M0YzAiOnsiY3JlYXRlIjo2MDAwMDAwMDAwMDAsImRlbGV0ZSI6NjAwMDAwMDAwMDAwfX0=",
          "dependencies": [
            "data.openstack_compute_keypair_v2.default",
            "data.openstack_images_image_v2.ubuntu",
            "data.openstack_networking_network_v2.public",
            "openstack_blockstorage_volume_v3.worker_data",
            "openstack_compute_instance_v2.worker",
            "openstack_networking_port_v2.cp_ports",
            "openstack_networking_port_v2.worker_ports"
          ]
        }
      ]
    },
    {
      "mode": "managed",
      "type": "openstack_networking_port_v2",
      "name": "cp_ports",
      "provider": "provider[\"registry.terraform.io/terraform-provider-openstack/openstack\"]",
      "instances": [
        {
          "index_key": 0,
          "schema_version": 0,
          "attributes": {
            "admin_state_up": true,
            "all_fixed_ips": [
              "10.202.22.147"
            ],
            "all_security_group_ids": [
              "cc4bd595-19dc-45d2-972c-b7662bd58c44"
            ],
            "all_tags": [],
            "allowed_address_pairs": [],
            "binding": [
              {
                "host_id": "",
                "profile": "{}",
                "vif_details": {},
                "vif_type": "unbound",
                "vnic_type": "normal"
              }
            ],
            "description": "",
            "device_id": "",
            "device_owner": "",
            "dns_assignment": [],
            "dns_name": "",
            "extra_dhcp_option": [],
            "fixed_ip": [],
            "id": "a7af4a9b-762d-4b5d-b31d-0e070c31dac1",
            "mac_address": "fa:16:3e:69:61:f6",
            "name": "port-k8s-cp1",
            "network_id": "b30e586d-0dac-41fd-899c-a18577853064",
            "no_fixed_ip": null,
            "no_security_groups": null,
            "port_security_enabled": true,
            "qos_policy_id": "",
            "region": "RegionOne",
            "security_group_ids": null,
            "tags": null,
            "tenant_id": "83af1f45e02e46cc883fbc0047449e72",
            "timeouts": null,
            "value_specs": null
          },
          "sensitive_attributes": [],
          "identity_schema_version": 0,
          "private": "eyJlMmJmYjczMC1lY2FhLTExZTYtOGY4OC0zNDM2M2JjN2M0YzAiOnsiY3JlYXRlIjo2MDAwMDAwMDAwMDAsImRlbGV0ZSI6NjAwMDAwMDAwMDAwfX0=",
          "dependencies": [
            "data.openstack_networking_network_v2.public"
          ]
        },
        {
          "index_key": 1,
          "schema_version": 0,
          "attributes": {
            "admin_state_up": true,
            "all_fixed_ips": [
              "10.202.22.157"
            ],
            "all_security_group_ids": [
              "cc4bd595-19dc-45d2-972c-b7662bd58c44"
            ],
            "all_tags": [],
            "allowed_address_pairs": [],
            "binding": [
              {
                "host_id": "",
                "profile": "{}",
                "vif_details": {},
                "vif_type": "unbound",
                "vnic_type": "normal"
              }
            ],
            "description": "",
            "device_id": "",
            "device_owner": "",
            "dns_assignment": [],
            "dns_name": "",
            "extra_dhcp_option": [],
            "fixed_ip": [],
            "id": "d15d32ec-fa25-4295-a4f5-8895791f761d",
            "mac_address": "fa:16:3e:7d:63:34",
            "name": "port-k8s-cp2",
            "network_id": "b30e586d-0dac-41fd-899c-a18577853064",
            "no_fixed_ip": null,
            "no_security_groups": null,
            "port_security_enabled": true,
            "qos_policy_id": "",
            "region": "RegionOne",
            "security_group_ids": null,
            "tags": null,
            "tenant_id": "83af1f45e02e46cc883fbc0047449e72",
            "timeouts": null,
            "value_specs": null
          },
          "sensitive_attributes": [],
          "identity_schema_version": 0,
          "private": "eyJlMmJmYjczMC1lY2FhLTExZTYtOGY4OC0zNDM2M2JjN2M0YzAiOnsiY3JlYXRlIjo2MDAwMDAwMDAwMDAsImRlbGV0ZSI6NjAwMDAwMDAwMDAwfX0=",
          "dependencies": [
            "data.openstack_networking_network_v2.public"
          ]
        },
        {
          "index_key": 2,
          "schema_version": 0,
          "attributes": {
            "admin_state_up": true,
            "all_fixed_ips": [
              "10.202.22.106"
            ],
            "all_security_group_ids": [
              "cc4bd595-19dc-45d2-972c-b7662bd58c44"
            ],
            "all_tags": [],
            "allowed_address_pairs": [],
            "binding": [
              {
                "host_id": "",
                "profile": "{}",
                "vif_details": {},
                "vif_type": "unbound",
                "vnic_type": "normal"
              }
            ],
            "description": "",
            "device_id": "",
            "device_owner": "",
            "dns_assignment": [],
            "dns_name": "",
            "extra_dhcp_option": [],
            "fixed_ip": [],
            "id": "5c4383c4-d966-4599-98da-445af9786986",
            "mac_address": "fa:16:3e:50:ca:ca",
            "name": "port-k8s-cp3",
            "network_id": "b30e586d-0dac-41fd-899c-a18577853064",
            "no_fixed_ip": null,
            "no_security_groups": null,
            "port_security_enabled": true,
            "qos_policy_id": "",
            "region": "RegionOne",
            "security_group_ids": null,
            "tags": null,
            "tenant_id": "83af1f45e02e46cc883fbc0047449e72",
            "timeouts": null,
            "value_specs": null
          },
          "sensitive_attributes": [],
          "identity_schema_version": 0,
          "private": "eyJlMmJmYjczMC1lY2FhLTExZTYtOGY4OC0zNDM2M2JjN2M0YzAiOnsiY3JlYXRlIjo2MDAwMDAwMDAwMDAsImRlbGV0ZSI6NjAwMDAwMDAwMDAwfX0=",
          "dependencies": [
            "data.openstack_networking_network_v2.public"
          ]
        }
      ]
    },
    {
      "mode": "managed",
      "type": "openstack_networking_port_v2",
      "name": "worker_ports",
      "provider": "provider[\"registry.terraform.io/terraform-provider-openstack/openstack\"]",
      "instances": [
        {
          "index_key": 0,
          "schema_version": 0,
          "attributes": {
            "admin_state_up": true,
            "all_fixed_ips": [
              "10.202.22.170"
            ],
            "all_security_group_ids": [
              "cc4bd595-19dc-45d2-972c-b7662bd58c44"
            ],
            "all_tags": [],
            "allowed_address_pairs": [],
            "binding": [
              {
                "host_id": "",
                "profile": "{}",
                "vif_details": {},
                "vif_type": "unbound",
                "vnic_type": "normal"
              }
            ],
            "description": "",
            "device_id": "",
            "device_owner": "",
            "dns_assignment": [],
            "dns_name": "",
            "extra_dhcp_option": [],
            "fixed_ip": [],
            "id": "7e970288-e5d5-407b-a805-87d9f4edd245",
            "mac_address": "fa:16:3e:39:ce:da",
            "name": "port-k8s-worker1",
            "network_id": "b30e586d-0dac-41fd-899c-a18577853064",
            "no_fixed_ip": null,
            "no_security_groups": null,
            "port_security_enabled": true,
            "qos_policy_id": "",
            "region": "RegionOne",
            "security_group_ids": null,
            "tags": null,
            "tenant_id": "83af1f45e02e46cc883fbc0047449e72",
            "timeouts": null,
            "value_specs": null
          },
          "sensitive_attributes": [],
          "identity_schema_version": 0,
          "private": "eyJlMmJmYjczMC1lY2FhLTExZTYtOGY4OC0zNDM2M2JjN2M0YzAiOnsiY3JlYXRlIjo2MDAwMDAwMDAwMDAsImRlbGV0ZSI6NjAwMDAwMDAwMDAwfX0=",
          "dependencies": [
            "data.openstack_networking_network_v2.public"
          ]
        },
        {
          "index_key": 1,
          "schema_version": 0,
          "attributes": {
            "admin_state_up": true,
            "all_fixed_ips": [
              "10.202.22.172"
            ],
            "all_security_group_ids": [
              "cc4bd595-19dc-45d2-972c-b7662bd58c44"
            ],
            "all_tags": [],
            "allowed_address_pairs": [],
            "binding": [
              {
                "host_id": "",
                "profile": "{}",
                "vif_details": {},
                "vif_type": "unbound",
                "vnic_type": "normal"
              }
            ],
            "description": "",
            "device_id": "",
            "device_owner": "",
            "dns_assignment": [],
            "dns_name": "",
            "extra_dhcp_option": [],
            "fixed_ip": [],
            "id": "2a6ad5ec-9b58-4f35-a113-74480a0f871f",
            "mac_address": "fa:16:3e:b6:5b:98",
            "name": "port-k8s-worker2",
            "network_id": "b30e586d-0dac-41fd-899c-a18577853064",
            "no_fixed_ip": null,
            "no_security_groups": null,
            "port_security_enabled": true,
            "qos_policy_id": "",
            "region": "RegionOne",
            "security_group_ids": null,
            "tags": null,
            "tenant_id": "83af1f45e02e46cc883fbc0047449e72",
            "timeouts": null,
            "value_specs": null
          },
          "sensitive_attributes": [],
          "identity_schema_version": 0,
          "private": "eyJlMmJmYjczMC1lY2FhLTExZTYtOGY4OC0zNDM2M2JjN2M0YzAiOnsiY3JlYXRlIjo2MDAwMDAwMDAwMDAsImRlbGV0ZSI6NjAwMDAwMDAwMDAwfX0=",
          "dependencies": [
            "data.openstack_networking_network_v2.public"
          ]
        },
        {
          "index_key": 2,
          "schema_version": 0,
          "attributes": {
            "admin_state_up": true,
            "all_fixed_ips": [
              "10.202.22.141"
            ],
            "all_security_group_ids": [
              "cc4bd595-19dc-45d2-972c-b7662bd58c44"
            ],
            "all_tags": [],
            "allowed_address_pairs": [],
            "binding": [
              {
                "host_id": "",
                "profile": "{}",
                "vif_details": {},
                "vif_type": "unbound",
                "vnic_type": "normal"
              }
            ],
            "description": "",
            "device_id": "",
            "device_owner": "",
            "dns_assignment": [],
            "dns_name": "",
            "extra_dhcp_option": [],
            "fixed_ip": [],
            "id": "7afd83f1-802d-4ff2-b9bf-633412e91017",
            "mac_address": "fa:16:3e:87:d6:7a",
            "name": "port-k8s-worker3",
            "network_id": "b30e586d-0dac-41fd-899c-a18577853064",
            "no_fixed_ip": null,
            "no_security_groups": null,
            "port_security_enabled": true,
            "qos_policy_id": "",
            "region": "RegionOne",
            "security_group_ids": null,
            "tags": null,
            "tenant_id": "83af1f45e02e46cc883fbc0047449e72",
            "timeouts": null,
            "value_specs": null
          },
          "sensitive_attributes": [],
          "identity_schema_version": 0,
          "private": "eyJlMmJmYjczMC1lY2FhLTExZTYtOGY4OC0zNDM2M2JjN2M0YzAiOnsiY3JlYXRlIjo2MDAwMDAwMDAwMDAsImRlbGV0ZSI6NjAwMDAwMDAwMDAwfX0=",
          "dependencies": [
            "data.openstack_networking_network_v2.public"
          ]
        }
      ]
    },
    {
      "mode": "managed",
      "type": "openstack_networking_secgroup_rule_v2",
      "name": "icmp_rule",
      "provider": "provider[\"registry.terraform.io/terraform-provider-openstack/openstack\"]",
      "instances": [
        {
          "schema_version": 0,
          "attributes": {
            "description": "",
            "direction": "ingress",
            "ethertype": "IPv4",
            "id": "cb75a25a-ee32-4c29-9c7b-a0162a3415f1",
            "port_range_max": 0,
            "port_range_min": 0,
            "protocol": "icmp",
            "region": "RegionOne",
            "remote_group_id": "",
            "remote_ip_prefix": "",
            "security_group_id": "6a01df92-0c07-40fe-b531-66ab17a0b097",
            "tenant_id": "83af1f45e02e46cc883fbc0047449e72",
            "timeouts": null
          },
          "sensitive_attributes": [],
          "identity_schema_version": 0,
          "private": "eyJlMmJmYjczMC1lY2FhLTExZTYtOGY4OC0zNDM2M2JjN2M0YzAiOnsiZGVsZXRlIjo2MDAwMDAwMDAwMDB9fQ==",
          "dependencies": [
            "openstack_networking_secgroup_v2.k8s_secgroup"
          ]
        }
      ]
    },
    {
      "mode": "managed",
      "type": "openstack_networking_secgroup_rule_v2",
      "name": "internal_rule",
      "provider": "provider[\"registry.terraform.io/terraform-provider-openstack/openstack\"]",
      "instances": [
        {
          "schema_version": 0,
          "attributes": {
            "description": "Allow all internal traffic (Cilium VXLAN 8472/UDP, Etcd 2379-2380/TCP, Kubelet 10250/TCP, etc.)",
            "direction": "ingress",
            "ethertype": "IPv4",
            "id": "fd908ad2-2aa9-43fd-8243-f9b95db45ede",
            "port_range_max": 0,
            "port_range_min": 0,
            "protocol": "",
            "region": "RegionOne",
            "remote_group_id": "6a01df92-0c07-40fe-b531-66ab17a0b097",
            "remote_ip_prefix": "",
            "security_group_id": "6a01df92-0c07-40fe-b531-66ab17a0b097",
            "tenant_id": "83af1f45e02e46cc883fbc0047449e72",
            "timeouts": null
          },
          "sensitive_attributes": [],
          "identity_schema_version": 0,
          "private": "eyJlMmJmYjczMC1lY2FhLTExZTYtOGY4OC0zNDM2M2JjN2M0YzAiOnsiZGVsZXRlIjo2MDAwMDAwMDAwMDB9fQ==",
          "dependencies": [
            "openstack_networking_secgroup_v2.k8s_secgroup"
          ]
        }
      ]
    },
    {
      "mode": "managed",
      "type": "openstack_networking_secgroup_rule_v2",
      "name": "k8s_api_rule",
      "provider": "provider[\"registry.terraform.io/terraform-provider-openstack/openstack\"]",
      "instances": [
        {
          "schema_version": 0,
          "attributes": {
            "description": "",
            "direction": "ingress",
            "ethertype": "IPv4",
            "id": "d11d2dd9-4f72-46f6-bcdd-85eb3be917d6",
            "port_range_max": 6443,
            "port_range_min": 6443,
            "protocol": "tcp",
            "region": "RegionOne",
            "remote_group_id": "",
            "remote_ip_prefix": "0.0.0.0/0",
            "security_group_id": "6a01df92-0c07-40fe-b531-66ab17a0b097",
            "tenant_id": "83af1f45e02e46cc883fbc0047449e72",
            "timeouts": null
          },
          "sensitive_attributes": [],
          "identity_schema_version": 0,
          "private": "eyJlMmJmYjczMC1lY2FhLTExZTYtOGY4OC0zNDM2M2JjN2M0YzAiOnsiZGVsZXRlIjo2MDAwMDAwMDAwMDB9fQ==",
          "dependencies": [
            "openstack_networking_secgroup_v2.k8s_secgroup"
          ]
        }
      ]
    },
    {
      "mode": "managed",
      "type": "openstack_networking_secgroup_rule_v2",
      "name": "nodeport_rule",
      "provider": "provider[\"registry.terraform.io/terraform-provider-openstack/openstack\"]",
      "instances": [
        {
          "schema_version": 0,
          "attributes": {
            "description": "",
            "direction": "ingress",
            "ethertype": "IPv4",
            "id": "05b7e85f-cdf7-43dd-869c-ccff8d0478ab",
            "port_range_max": 32767,
            "port_range_min": 30000,
            "protocol": "tcp",
            "region": "RegionOne",
            "remote_group_id": "",
            "remote_ip_prefix": "0.0.0.0/0",
            "security_group_id": "6a01df92-0c07-40fe-b531-66ab17a0b097",
            "tenant_id": "83af1f45e02e46cc883fbc0047449e72",
            "timeouts": null
          },
          "sensitive_attributes": [],
          "identity_schema_version": 0,
          "private": "eyJlMmJmYjczMC1lY2FhLTExZTYtOGY4OC0zNDM2M2JjN2M0YzAiOnsiZGVsZXRlIjo2MDAwMDAwMDAwMDB9fQ==",
          "dependencies": [
            "openstack_networking_secgroup_v2.k8s_secgroup"
          ]
        }
      ]
    },
    {
      "mode": "managed",
      "type": "openstack_networking_secgroup_rule_v2",
      "name": "ssh_rule",
      "provider": "provider[\"registry.terraform.io/terraform-provider-openstack/openstack\"]",
      "instances": [
        {
          "schema_version": 0,
          "attributes": {
            "description": "",
            "direction": "ingress",
            "ethertype": "IPv4",
            "id": "967bff08-6e7f-4560-981f-c14dedd88aab",
            "port_range_max": 22,
            "port_range_min": 22,
            "protocol": "tcp",
            "region": "RegionOne",
            "remote_group_id": "",
            "remote_ip_prefix": "0.0.0.0/0",
            "security_group_id": "6a01df92-0c07-40fe-b531-66ab17a0b097",
            "tenant_id": "83af1f45e02e46cc883fbc0047449e72",
            "timeouts": null
          },
          "sensitive_attributes": [],
          "identity_schema_version": 0,
          "private": "eyJlMmJmYjczMC1lY2FhLTExZTYtOGY4OC0zNDM2M2JjN2M0YzAiOnsiZGVsZXRlIjo2MDAwMDAwMDAwMDB9fQ==",
          "dependencies": [
            "openstack_networking_secgroup_v2.k8s_secgroup"
          ]
        }
      ]
    },
    {
      "mode": "managed",
      "type": "openstack_networking_secgroup_v2",
      "name": "k8s_secgroup",
      "provider": "provider[\"registry.terraform.io/terraform-provider-openstack/openstack\"]",
      "instances": [
        {
          "schema_version": 0,
          "attributes": {
            "all_tags": [],
            "delete_default_rules": null,
            "description": "Security group for Kubernetes cluster",
            "id": "6a01df92-0c07-40fe-b531-66ab17a0b097",
            "name": "k8s-sg",
            "region": "RegionOne",
            "tags": null,
            "tenant_id": "83af1f45e02e46cc883fbc0047449e72",
            "timeouts": null
          },
          "sensitive_attributes": [],
          "identity_schema_version": 0,
          "private": "eyJlMmJmYjczMC1lY2FhLTExZTYtOGY4OC0zNDM2M2JjN2M0YzAiOnsiZGVsZXRlIjo2MDAwMDAwMDAwMDB9fQ=="
        }
      ]
    },
    {
      "mode": "managed",
      "type": "time_sleep",
      "name": "wait_for_cp_boot",
      "provider": "provider[\"registry.terraform.io/hashicorp/time\"]",
      "instances": [
        {
          "schema_version": 0,
          "attributes": {
            "create_duration": "10m",
            "destroy_duration": null,
            "id": "2026-01-28T10:20:34Z",
            "triggers": null
          },
          "sensitive_attributes": [],
          "identity_schema_version": 0,
          "dependencies": [
            "data.openstack_compute_keypair_v2.default",
            "data.openstack_images_image_v2.ubuntu",
            "data.openstack_networking_network_v2.public",
            "openstack_compute_instance_v2.cp",
            "openstack_networking_port_v2.cp_ports"
          ]
        }
      ]
    }
  ],
  "check_results": null
}
