{
  "version": 4,
  "terraform_version": "1.14.3",
  "serial": 3079,
  "lineage": "deabb51d-945b-6e9b-344c-34faad29aaed",
  "outputs": {
    "cp1_ip": {
      "value": "10.202.22.173",
      "type": "string"
    },
    "cp_ips": {
      "value": [
        "10.202.22.173",
        "10.202.22.151",
        "10.202.22.136"
      ],
      "type": [
        "tuple",
        [
          "string",
          "string",
          "string"
        ]
      ]
    },
    "ssh_command_cp1": {
      "value": "ssh ubuntu@10.202.22.173",
      "type": "string"
    },
    "worker_ips": {
      "value": [
        "10.202.22.172",
        "10.202.22.129",
        "10.202.22.191"
      ],
      "type": [
        "tuple",
        [
          "string",
          "string",
          "string"
        ]
      ]
    }
  },
  "resources": [
    {
      "mode": "data",
      "type": "openstack_compute_keypair_v2",
      "name": "default",
      "provider": "provider[\"registry.terraform.io/terraform-provider-openstack/openstack\"]",
      "instances": [
        {
          "schema_version": 0,
          "attributes": {
            "fingerprint": "d4:b7:27:94:39:6d:19:75:05:8b:82:2b:5e:0b:d9:d5",
            "id": "terraform",
            "name": "terraform",
            "public_key": "ssh-ed25519 AAAAC3NzaC1lZDI1NTE5AAAAILugZkXPjzwJbUutF/ajq8d7tGdZn2zS4hUhkRqmHUYc pierre.jaloghlian@etu.umontpellier.fr",
            "region": "RegionOne",
            "user_id": "a0ef7d9d03f54582b32d371bf14c070d"
          },
          "sensitive_attributes": [],
          "identity_schema_version": 0
        }
      ]
    },
    {
      "mode": "data",
      "type": "openstack_images_image_v2",
      "name": "ubuntu",
      "provider": "provider[\"registry.terraform.io/terraform-provider-openstack/openstack\"]",
      "instances": [
        {
          "schema_version": 0,
          "attributes": {
            "checksum": "feae9da27c50da7f45bfcca6b1f8aae0",
            "container_format": "bare",
            "created_at": "2026-01-23T13:45:49Z",
            "disk_format": "qcow2",
            "file": "/v2/images/06620e59-d02e-4483-811f-f089b9a179f2/file",
            "hidden": false,
            "id": "06620e59-d02e-4483-811f-f089b9a179f2",
            "member_status": null,
            "metadata": {},
            "min_disk_gb": 0,
            "min_ram_mb": 0,
            "most_recent": true,
            "name": "Ubuntu-22.04",
            "name_regex": null,
            "owner": "6414f9796f5340f6acad5b9510e77ef5",
            "properties": {
              "os_hash_algo": "sha512",
              "os_hash_value": "bdbfbec178ed26e088e095b72445cdd5a896dcc9e5c0f00862698aec4fa29c3c37e3d2392597043f5ed23c9bca346744bea3065979d88130a37bf27562891f3c",
              "stores": "file"
            },
            "protected": false,
            "region": "RegionOne",
            "schema": "/v2/schemas/image",
            "size_bytes": 688868864,
            "size_max": null,
            "size_min": null,
            "sort_direction": "asc",
            "sort_key": "name",
            "tag": null,
            "tags": [],
            "updated_at": "2026-01-23T13:45:52Z",
            "visibility": "public"
          },
          "sensitive_attributes": [],
          "identity_schema_version": 0
        }
      ]
    },
    {
      "mode": "data",
      "type": "openstack_networking_network_v2",
      "name": "public",
      "provider": "provider[\"registry.terraform.io/terraform-provider-openstack/openstack\"]",
      "instances": [
        {
          "schema_version": 0,
          "attributes": {
            "admin_state_up": "true",
            "all_tags": [],
            "availability_zone_hints": [],
            "description": "",
            "dns_domain": "",
            "external": true,
            "id": "b30e586d-0dac-41fd-899c-a18577853064",
            "matching_subnet_cidr": null,
            "mtu": 1500,
            "name": "public",
            "network_id": null,
            "region": "RegionOne",
            "segments": [
              {
                "network_type": "flat",
                "physical_network": "extnet",
                "segmentation_id": 0
              }
            ],
            "shared": "true",
            "status": null,
            "subnets": [
              "cb318b7f-065c-4309-87a7-0459bbbd985e"
            ],
            "tags": null,
            "tenant_id": "c498ba3dcc1041a1b0f07e9f56b09af5",
            "transparent_vlan": false
          },
          "sensitive_attributes": [],
          "identity_schema_version": 0
        }
      ]
    },
    {
      "mode": "managed",
      "type": "null_resource",
      "name": "cp_join",
      "provider": "provider[\"registry.terraform.io/hashicorp/null\"]",
      "instances": [
        {
          "index_key": 0,
          "schema_version": 0,
          "attributes": {
            "id": "9155072093283865517",
            "triggers": null
          },
          "sensitive_attributes": [],
          "identity_schema_version": 0,
          "dependencies": [
            "data.openstack_compute_keypair_v2.default",
            "data.openstack_images_image_v2.ubuntu",
            "data.openstack_networking_network_v2.public",
            "null_resource.wait_for_cp1_join_scripts",
            "openstack_compute_instance_v2.cp",
            "openstack_networking_port_v2.cp_ports",
            "openstack_networking_secgroup_v2.k8s_secgroup"
          ]
        },
        {
          "index_key": 1,
          "schema_version": 0,
          "attributes": {
            "id": "1865637991105413028",
            "triggers": null
          },
          "sensitive_attributes": [],
          "identity_schema_version": 0,
          "dependencies": [
            "data.openstack_compute_keypair_v2.default",
            "data.openstack_images_image_v2.ubuntu",
            "data.openstack_networking_network_v2.public",
            "null_resource.wait_for_cp1_join_scripts",
            "openstack_compute_instance_v2.cp",
            "openstack_networking_port_v2.cp_ports",
            "openstack_networking_secgroup_v2.k8s_secgroup"
          ]
        }
      ]
    },
    {
      "mode": "managed",
      "type": "null_resource",
      "name": "wait_for_cp1_join_scripts",
      "provider": "provider[\"registry.terraform.io/hashicorp/null\"]",
      "instances": [
        {
          "schema_version": 0,
          "attributes": {
            "id": "5942339051351390905",
            "triggers": null
          },
          "sensitive_attributes": [],
          "identity_schema_version": 0,
          "dependencies": [
            "data.openstack_compute_keypair_v2.default",
            "data.openstack_images_image_v2.ubuntu",
            "data.openstack_networking_network_v2.public",
            "openstack_compute_instance_v2.cp",
            "openstack_networking_port_v2.cp_ports",
            "openstack_networking_secgroup_v2.k8s_secgroup"
          ]
        }
      ]
    },
    {
      "mode": "managed",
      "type": "null_resource",
      "name": "worker_join",
      "provider": "provider[\"registry.terraform.io/hashicorp/null\"]",
      "instances": [
        {
          "index_key": 0,
          "schema_version": 0,
          "attributes": {
            "id": "2373554531870074224",
            "triggers": null
          },
          "sensitive_attributes": [],
          "identity_schema_version": 0,
          "dependencies": [
            "data.openstack_compute_keypair_v2.default",
            "data.openstack_images_image_v2.ubuntu",
            "data.openstack_networking_network_v2.public",
            "null_resource.wait_for_cp1_join_scripts",
            "openstack_compute_instance_v2.cp",
            "openstack_networking_port_v2.cp_ports",
            "openstack_networking_port_v2.worker_ports",
            "openstack_networking_secgroup_v2.k8s_secgroup"
          ]
        },
        {
          "index_key": 1,
          "schema_version": 0,
          "attributes": {
            "id": "4131731420565557691",
            "triggers": null
          },
          "sensitive_attributes": [],
          "identity_schema_version": 0,
          "dependencies": [
            "data.openstack_compute_keypair_v2.default",
            "data.openstack_images_image_v2.ubuntu",
            "data.openstack_networking_network_v2.public",
            "null_resource.wait_for_cp1_join_scripts",
            "openstack_compute_instance_v2.cp",
            "openstack_networking_port_v2.cp_ports",
            "openstack_networking_port_v2.worker_ports",
            "openstack_networking_secgroup_v2.k8s_secgroup"
          ]
        },
        {
          "index_key": 2,
          "schema_version": 0,
          "attributes": {
            "id": "2969702052129259518",
            "triggers": null
          },
          "sensitive_attributes": [],
          "identity_schema_version": 0,
          "dependencies": [
            "data.openstack_compute_keypair_v2.default",
            "data.openstack_images_image_v2.ubuntu",
            "data.openstack_networking_network_v2.public",
            "null_resource.wait_for_cp1_join_scripts",
            "openstack_compute_instance_v2.cp",
            "openstack_networking_port_v2.cp_ports",
            "openstack_networking_port_v2.worker_ports",
            "openstack_networking_secgroup_v2.k8s_secgroup"
          ]
        }
      ]
    },
    {
      "mode": "managed",
      "type": "openstack_blockstorage_volume_v3",
      "name": "cp_data",
      "provider": "provider[\"registry.terraform.io/terraform-provider-openstack/openstack\"]",
      "instances": [
        {
          "index_key": 0,
          "schema_version": 0,
          "attributes": {
            "attachment": [],
            "availability_zone": "nova",
            "consistency_group_id": null,
            "description": "",
            "enable_online_resize": null,
            "id": "1cc4ccd5-463a-4662-8bbc-22aeef9342e4",
            "image_id": null,
            "metadata": {},
            "multiattach": null,
            "name": "k8s-cp1-data",
            "region": "RegionOne",
            "scheduler_hints": [],
            "size": 8,
            "snapshot_id": "",
            "source_replica": null,
            "source_vol_id": "",
            "timeouts": null,
            "volume_type": "iscsi"
          },
          "sensitive_attributes": [],
          "identity_schema_version": 0,
          "private": "eyJlMmJmYjczMC1lY2FhLTExZTYtOGY4OC0zNDM2M2JjN2M0YzAiOnsiY3JlYXRlIjo2MDAwMDAwMDAwMDAsImRlbGV0ZSI6NjAwMDAwMDAwMDAwfX0="
        },
        {
          "index_key": 1,
          "schema_version": 0,
          "attributes": {
            "attachment": [],
            "availability_zone": "nova",
            "consistency_group_id": null,
            "description": "",
            "enable_online_resize": null,
            "id": "da605551-4c64-4beb-8ff3-91a4cd4fcc51",
            "image_id": null,
            "metadata": {},
            "multiattach": null,
            "name": "k8s-cp2-data",
            "region": "RegionOne",
            "scheduler_hints": [],
            "size": 8,
            "snapshot_id": "",
            "source_replica": null,
            "source_vol_id": "",
            "timeouts": null,
            "volume_type": "iscsi"
          },
          "sensitive_attributes": [],
          "identity_schema_version": 0,
          "private": "eyJlMmJmYjczMC1lY2FhLTExZTYtOGY4OC0zNDM2M2JjN2M0YzAiOnsiY3JlYXRlIjo2MDAwMDAwMDAwMDAsImRlbGV0ZSI6NjAwMDAwMDAwMDAwfX0="
        },
        {
          "index_key": 2,
          "schema_version": 0,
          "attributes": {
            "attachment": [],
            "availability_zone": "nova",
            "consistency_group_id": null,
            "description": "",
            "enable_online_resize": null,
            "id": "221fa5aa-7669-4012-af0a-0c4fccd69b64",
            "image_id": null,
            "metadata": {},
            "multiattach": null,
            "name": "k8s-cp3-data",
            "region": "RegionOne",
            "scheduler_hints": [],
            "size": 8,
            "snapshot_id": "",
            "source_replica": null,
            "source_vol_id": "",
            "timeouts": null,
            "volume_type": "iscsi"
          },
          "sensitive_attributes": [],
          "identity_schema_version": 0,
          "private": "eyJlMmJmYjczMC1lY2FhLTExZTYtOGY4OC0zNDM2M2JjN2M0YzAiOnsiY3JlYXRlIjo2MDAwMDAwMDAwMDAsImRlbGV0ZSI6NjAwMDAwMDAwMDAwfX0="
        }
      ]
    },
    {
      "mode": "managed",
      "type": "openstack_blockstorage_volume_v3",
      "name": "worker_data",
      "provider": "provider[\"registry.terraform.io/terraform-provider-openstack/openstack\"]",
      "instances": [
        {
          "index_key": 0,
          "schema_version": 0,
          "attributes": {
            "attachment": [],
            "availability_zone": "nova",
            "consistency_group_id": null,
            "description": "",
            "enable_online_resize": null,
            "id": "b835d9a7-2ca7-46d7-ae96-00c312fed795",
            "image_id": null,
            "metadata": {},
            "multiattach": null,
            "name": "k8s-worker1-data",
            "region": "RegionOne",
            "scheduler_hints": [],
            "size": 8,
            "snapshot_id": "",
            "source_replica": null,
            "source_vol_id": "",
            "timeouts": null,
            "volume_type": "iscsi"
          },
          "sensitive_attributes": [],
          "identity_schema_version": 0,
          "private": "eyJlMmJmYjczMC1lY2FhLTExZTYtOGY4OC0zNDM2M2JjN2M0YzAiOnsiY3JlYXRlIjo2MDAwMDAwMDAwMDAsImRlbGV0ZSI6NjAwMDAwMDAwMDAwfX0="
        },
        {
          "index_key": 1,
          "schema_version": 0,
          "attributes": {
            "attachment": [],
            "availability_zone": "nova",
            "consistency_group_id": null,
            "description": "",
            "enable_online_resize": null,
            "id": "e9d84abc-795b-4144-b904-93c0172984ab",
            "image_id": null,
            "metadata": {},
            "multiattach": null,
            "name": "k8s-worker2-data",
            "region": "RegionOne",
            "scheduler_hints": [],
            "size": 8,
            "snapshot_id": "",
            "source_replica": null,
            "source_vol_id": "",
            "timeouts": null,
            "volume_type": "iscsi"
          },
          "sensitive_attributes": [],
          "identity_schema_version": 0,
          "private": "eyJlMmJmYjczMC1lY2FhLTExZTYtOGY4OC0zNDM2M2JjN2M0YzAiOnsiY3JlYXRlIjo2MDAwMDAwMDAwMDAsImRlbGV0ZSI6NjAwMDAwMDAwMDAwfX0="
        },
        {
          "index_key": 2,
          "schema_version": 0,
          "attributes": {
            "attachment": [],
            "availability_zone": "nova",
            "consistency_group_id": null,
            "description": "",
            "enable_online_resize": null,
            "id": "0bc773a5-bcb1-47de-9d4d-ddef738aa963",
            "image_id": null,
            "metadata": {},
            "multiattach": null,
            "name": "k8s-worker3-data",
            "region": "RegionOne",
            "scheduler_hints": [],
            "size": 8,
            "snapshot_id": "",
            "source_replica": null,
            "source_vol_id": "",
            "timeouts": null,
            "volume_type": "iscsi"
          },
          "sensitive_attributes": [],
          "identity_schema_version": 0,
          "private": "eyJlMmJmYjczMC1lY2FhLTExZTYtOGY4OC0zNDM2M2JjN2M0YzAiOnsiY3JlYXRlIjo2MDAwMDAwMDAwMDAsImRlbGV0ZSI6NjAwMDAwMDAwMDAwfX0="
        }
      ]
    },
    {
      "mode": "managed",
      "type": "openstack_compute_instance_v2",
      "name": "cp",
      "provider": "provider[\"registry.terraform.io/terraform-provider-openstack/openstack\"]",
      "instances": [
        {
          "index_key": 0,
          "schema_version": 0,
          "attributes": {
            "access_ip_v4": "10.202.22.173",
            "access_ip_v6": "",
            "admin_pass": null,
            "all_metadata": {},
            "all_tags": [],
            "availability_zone": "nova",
            "availability_zone_hints": null,
            "block_device": [],
            "config_drive": true,
            "created": "2026-02-10 20:56:06 +0000 UTC",
            "flavor_id": "3",
            "flavor_name": "m1.medium",
            "floating_ip": null,
            "force_delete": false,
            "id": "82ffd8d5-611a-4c08-9cb3-5aa36961467b",
            "image_id": "06620e59-d02e-4483-811f-f089b9a179f2",
            "image_name": "Ubuntu-22.04",
            "key_pair": "terraform",
            "metadata": null,
            "name": "k8s-cp1",
            "network": [
              {
                "access_network": false,
                "fixed_ip_v4": "10.202.22.173",
                "fixed_ip_v6": "",
                "floating_ip": "",
                "mac": "fa:16:3e:98:77:40",
                "name": "public",
                "port": "ea09294e-c9cd-49f3-b6ce-17db80480da7",
                "uuid": "b30e586d-0dac-41fd-899c-a18577853064"
              }
            ],
            "network_mode": null,
            "personality": [],
            "power_state": "active",
            "region": "RegionOne",
            "scheduler_hints": [],
            "security_groups": [
              "k8s-sg"
            ],
            "stop_before_destroy": false,
            "tags": null,
            "timeouts": null,
            "updated": "2026-02-10 20:56:10 +0000 UTC",
            "user_data": "45b0fb8726c3bbd10f71f4ef779035824a3cc74f",
            "vendor_options": [],
            "volume": []
          },
          "sensitive_attributes": [
            [
              {
                "type": "get_attr",
                "value": "admin_pass"
              }
            ]
          ],
          "identity_schema_version": 0,
          "private": "eyJlMmJmYjczMC1lY2FhLTExZTYtOGY4OC0zNDM2M2JjN2M0YzAiOnsiY3JlYXRlIjoxODAwMDAwMDAwMDAwLCJkZWxldGUiOjE4MDAwMDAwMDAwMDAsInVwZGF0ZSI6MTgwMDAwMDAwMDAwMH19",
          "dependencies": [
            "data.openstack_compute_keypair_v2.default",
            "data.openstack_images_image_v2.ubuntu",
            "data.openstack_networking_network_v2.public",
            "openstack_networking_port_v2.cp_ports",
            "openstack_networking_secgroup_v2.k8s_secgroup"
          ]
        },
        {
          "index_key": 1,
          "schema_version": 0,
          "attributes": {
            "access_ip_v4": "10.202.22.151",
            "access_ip_v6": "",
            "admin_pass": null,
            "all_metadata": {},
            "all_tags": [],
            "availability_zone": "nova",
            "availability_zone_hints": null,
            "block_device": [],
            "config_drive": true,
            "created": "2026-02-10 20:56:05 +0000 UTC",
            "flavor_id": "3",
            "flavor_name": "m1.medium",
            "floating_ip": null,
            "force_delete": false,
            "id": "06b2ca09-684f-46ac-b06f-cec08ec0e4a2",
            "image_id": "06620e59-d02e-4483-811f-f089b9a179f2",
            "image_name": "Ubuntu-22.04",
            "key_pair": "terraform",
            "metadata": null,
            "name": "k8s-cp2",
            "network": [
              {
                "access_network": false,
                "fixed_ip_v4": "10.202.22.151",
                "fixed_ip_v6": "",
                "floating_ip": "",
                "mac": "fa:16:3e:9f:fe:58",
                "name": "public",
                "port": "1dcf352d-9aa0-4b37-8128-6b735c625457",
                "uuid": "b30e586d-0dac-41fd-899c-a18577853064"
              }
            ],
            "network_mode": null,
            "personality": [],
            "power_state": "active",
            "region": "RegionOne",
            "scheduler_hints": [],
            "security_groups": [
              "k8s-sg"
            ],
            "stop_before_destroy": false,
            "tags": null,
            "timeouts": null,
            "updated": "2026-02-10 20:56:09 +0000 UTC",
            "user_data": "84604f81eae475c3ead26a49c1d03a0b52a537f1",
            "vendor_options": [],
            "volume": []
          },
          "sensitive_attributes": [
            [
              {
                "type": "get_attr",
                "value": "admin_pass"
              }
            ]
          ],
          "identity_schema_version": 0,
          "private": "eyJlMmJmYjczMC1lY2FhLTExZTYtOGY4OC0zNDM2M2JjN2M0YzAiOnsiY3JlYXRlIjoxODAwMDAwMDAwMDAwLCJkZWxldGUiOjE4MDAwMDAwMDAwMDAsInVwZGF0ZSI6MTgwMDAwMDAwMDAwMH19",
          "dependencies": [
            "data.openstack_compute_keypair_v2.default",
            "data.openstack_images_image_v2.ubuntu",
            "data.openstack_networking_network_v2.public",
            "openstack_networking_port_v2.cp_ports",
            "openstack_networking_secgroup_v2.k8s_secgroup"
          ]
        },
        {
          "index_key": 2,
          "schema_version": 0,
          "attributes": {
            "access_ip_v4": "10.202.22.136",
            "access_ip_v6": "",
            "admin_pass": null,
            "all_metadata": {},
            "all_tags": [],
            "availability_zone": "nova",
            "availability_zone_hints": null,
            "block_device": [],
            "config_drive": true,
            "created": "2026-02-10 20:56:05 +0000 UTC",
            "flavor_id": "3",
            "flavor_name": "m1.medium",
            "floating_ip": null,
            "force_delete": false,
            "id": "530b9a78-2f47-4ca3-8317-42f66d2109b7",
            "image_id": "06620e59-d02e-4483-811f-f089b9a179f2",
            "image_name": "Ubuntu-22.04",
            "key_pair": "terraform",
            "metadata": null,
            "name": "k8s-cp3",
            "network": [
              {
                "access_network": false,
                "fixed_ip_v4": "10.202.22.136",
                "fixed_ip_v6": "",
                "floating_ip": "",
                "mac": "fa:16:3e:a7:69:97",
                "name": "public",
                "port": "be0df6d7-c9bb-400b-9c46-114a152253e4",
                "uuid": "b30e586d-0dac-41fd-899c-a18577853064"
              }
            ],
            "network_mode": null,
            "personality": [],
            "power_state": "active",
            "region": "RegionOne",
            "scheduler_hints": [],
            "security_groups": [
              "k8s-sg"
            ],
            "stop_before_destroy": false,
            "tags": null,
            "timeouts": null,
            "updated": "2026-02-10 20:56:11 +0000 UTC",
            "user_data": "84604f81eae475c3ead26a49c1d03a0b52a537f1",
            "vendor_options": [],
            "volume": []
          },
          "sensitive_attributes": [
            [
              {
                "type": "get_attr",
                "value": "admin_pass"
              }
            ]
          ],
          "identity_schema_version": 0,
          "private": "eyJlMmJmYjczMC1lY2FhLTExZTYtOGY4OC0zNDM2M2JjN2M0YzAiOnsiY3JlYXRlIjoxODAwMDAwMDAwMDAwLCJkZWxldGUiOjE4MDAwMDAwMDAwMDAsInVwZGF0ZSI6MTgwMDAwMDAwMDAwMH19",
          "dependencies": [
            "data.openstack_compute_keypair_v2.default",
            "data.openstack_images_image_v2.ubuntu",
            "data.openstack_networking_network_v2.public",
            "openstack_networking_port_v2.cp_ports",
            "openstack_networking_secgroup_v2.k8s_secgroup"
          ]
        }
      ]
    },
    {
      "mode": "managed",
      "type": "openstack_compute_instance_v2",
      "name": "worker",
      "provider": "provider[\"registry.terraform.io/terraform-provider-openstack/openstack\"]",
      "instances": [
        {
          "index_key": 0,
          "schema_version": 0,
          "attributes": {
            "access_ip_v4": "10.202.22.172",
            "access_ip_v6": "",
            "admin_pass": null,
            "all_metadata": {},
            "all_tags": [],
            "availability_zone": "nova",
            "availability_zone_hints": null,
            "block_device": [],
            "config_drive": true,
            "created": "2026-02-10 20:56:05 +0000 UTC",
            "flavor_id": "3",
            "flavor_name": "m1.medium",
            "floating_ip": null,
            "force_delete": false,
            "id": "ced67941-06a2-47d8-8022-b76e4dbe2d45",
            "image_id": "06620e59-d02e-4483-811f-f089b9a179f2",
            "image_name": "Ubuntu-22.04",
            "key_pair": "terraform",
            "metadata": null,
            "name": "k8s-worker1",
            "network": [
              {
                "access_network": false,
                "fixed_ip_v4": "10.202.22.172",
                "fixed_ip_v6": "",
                "floating_ip": "",
                "mac": "fa:16:3e:2e:b0:54",
                "name": "public",
                "port": "3e1be2ea-dcd9-4776-932e-5a2ccc912056",
                "uuid": "b30e586d-0dac-41fd-899c-a18577853064"
              }
            ],
            "network_mode": null,
            "personality": [],
            "power_state": "active",
            "region": "RegionOne",
            "scheduler_hints": [],
            "security_groups": [
              "k8s-sg"
            ],
            "stop_before_destroy": false,
            "tags": null,
            "timeouts": null,
            "updated": "2026-02-10 20:56:09 +0000 UTC",
            "user_data": "84604f81eae475c3ead26a49c1d03a0b52a537f1",
            "vendor_options": [],
            "volume": []
          },
          "sensitive_attributes": [
            [
              {
                "type": "get_attr",
                "value": "admin_pass"
              }
            ]
          ],
          "identity_schema_version": 0,
          "private": "eyJlMmJmYjczMC1lY2FhLTExZTYtOGY4OC0zNDM2M2JjN2M0YzAiOnsiY3JlYXRlIjoxODAwMDAwMDAwMDAwLCJkZWxldGUiOjE4MDAwMDAwMDAwMDAsInVwZGF0ZSI6MTgwMDAwMDAwMDAwMH19",
          "dependencies": [
            "data.openstack_compute_keypair_v2.default",
            "data.openstack_images_image_v2.ubuntu",
            "data.openstack_networking_network_v2.public",
            "openstack_networking_port_v2.cp_ports",
            "openstack_networking_port_v2.worker_ports",
            "openstack_networking_secgroup_v2.k8s_secgroup"
          ]
        },
        {
          "index_key": 1,
          "schema_version": 0,
          "attributes": {
            "access_ip_v4": "10.202.22.129",
            "access_ip_v6": "",
            "admin_pass": null,
            "all_metadata": {},
            "all_tags": [],
            "availability_zone": "nova",
            "availability_zone_hints": null,
            "block_device": [],
            "config_drive": true,
            "created": "2026-02-10 20:56:00 +0000 UTC",
            "flavor_id": "3",
            "flavor_name": "m1.medium",
            "floating_ip": null,
            "force_delete": false,
            "id": "98cfdcd6-c836-44e5-a0eb-3eb215945d1e",
            "image_id": "06620e59-d02e-4483-811f-f089b9a179f2",
            "image_name": "Ubuntu-22.04",
            "key_pair": "terraform",
            "metadata": null,
            "name": "k8s-worker2",
            "network": [
              {
                "access_network": false,
                "fixed_ip_v4": "10.202.22.129",
                "fixed_ip_v6": "",
                "floating_ip": "",
                "mac": "fa:16:3e:a0:11:9d",
                "name": "public",
                "port": "0720461f-181c-439a-b53e-93cca2b43eda",
                "uuid": "b30e586d-0dac-41fd-899c-a18577853064"
              }
            ],
            "network_mode": null,
            "personality": [],
            "power_state": "active",
            "region": "RegionOne",
            "scheduler_hints": [],
            "security_groups": [
              "k8s-sg"
            ],
            "stop_before_destroy": false,
            "tags": null,
            "timeouts": null,
            "updated": "2026-02-10 20:56:03 +0000 UTC",
            "user_data": "84604f81eae475c3ead26a49c1d03a0b52a537f1",
            "vendor_options": [],
            "volume": []
          },
          "sensitive_attributes": [
            [
              {
                "type": "get_attr",
                "value": "admin_pass"
              }
            ]
          ],
          "identity_schema_version": 0,
          "private": "eyJlMmJmYjczMC1lY2FhLTExZTYtOGY4OC0zNDM2M2JjN2M0YzAiOnsiY3JlYXRlIjoxODAwMDAwMDAwMDAwLCJkZWxldGUiOjE4MDAwMDAwMDAwMDAsInVwZGF0ZSI6MTgwMDAwMDAwMDAwMH19",
          "dependencies": [
            "data.openstack_compute_keypair_v2.default",
            "data.openstack_images_image_v2.ubuntu",
            "data.openstack_networking_network_v2.public",
            "openstack_networking_port_v2.cp_ports",
            "openstack_networking_port_v2.worker_ports",
            "openstack_networking_secgroup_v2.k8s_secgroup"
          ]
        },
        {
          "index_key": 2,
          "schema_version": 0,
          "attributes": {
            "access_ip_v4": "10.202.22.191",
            "access_ip_v6": "",
            "admin_pass": null,
            "all_metadata": {},
            "all_tags": [],
            "availability_zone": "nova",
            "availability_zone_hints": null,
            "block_device": [],
            "config_drive": true,
            "created": "2026-02-10 20:56:00 +0000 UTC",
            "flavor_id": "3",
            "flavor_name": "m1.medium",
            "floating_ip": null,
            "force_delete": false,
            "id": "72f4581c-16ac-4950-96a4-06d20b46148e",
            "image_id": "06620e59-d02e-4483-811f-f089b9a179f2",
            "image_name": "Ubuntu-22.04",
            "key_pair": "terraform",
            "metadata": null,
            "name": "k8s-worker3",
            "network": [
              {
                "access_network": false,
                "fixed_ip_v4": "10.202.22.191",
                "fixed_ip_v6": "",
                "floating_ip": "",
                "mac": "fa:16:3e:c6:1c:8c",
                "name": "public",
                "port": "ce50a7ef-e4b0-4fe1-919b-aa0786fb84aa",
                "uuid": "b30e586d-0dac-41fd-899c-a18577853064"
              }
            ],
            "network_mode": null,
            "personality": [],
            "power_state": "active",
            "region": "RegionOne",
            "scheduler_hints": [],
            "security_groups": [
              "k8s-sg"
            ],
            "stop_before_destroy": false,
            "tags": null,
            "timeouts": null,
            "updated": "2026-02-10 20:56:03 +0000 UTC",
            "user_data": "84604f81eae475c3ead26a49c1d03a0b52a537f1",
            "vendor_options": [],
            "volume": []
          },
          "sensitive_attributes": [
            [
              {
                "type": "get_attr",
                "value": "admin_pass"
              }
            ]
          ],
          "identity_schema_version": 0,
          "private": "eyJlMmJmYjczMC1lY2FhLTExZTYtOGY4OC0zNDM2M2JjN2M0YzAiOnsiY3JlYXRlIjoxODAwMDAwMDAwMDAwLCJkZWxldGUiOjE4MDAwMDAwMDAwMDAsInVwZGF0ZSI6MTgwMDAwMDAwMDAwMH19",
          "dependencies": [
            "data.openstack_compute_keypair_v2.default",
            "data.openstack_images_image_v2.ubuntu",
            "data.openstack_networking_network_v2.public",
            "openstack_networking_port_v2.cp_ports",
            "openstack_networking_port_v2.worker_ports",
            "openstack_networking_secgroup_v2.k8s_secgroup"
          ]
        }
      ]
    },
    {
      "mode": "managed",
      "type": "openstack_compute_volume_attach_v2",
      "name": "cp_volume_attach",
      "provider": "provider[\"registry.terraform.io/terraform-provider-openstack/openstack\"]",
      "instances": [
        {
          "index_key": 0,
          "schema_version": 0,
          "attributes": {
            "device": "/dev/vdb",
            "id": "82ffd8d5-611a-4c08-9cb3-5aa36961467b/1cc4ccd5-463a-4662-8bbc-22aeef9342e4",
            "instance_id": "82ffd8d5-611a-4c08-9cb3-5aa36961467b",
            "multiattach": null,
            "region": "RegionOne",
            "timeouts": null,
            "vendor_options": [],
            "volume_id": "1cc4ccd5-463a-4662-8bbc-22aeef9342e4"
          },
          "sensitive_attributes": [],
          "identity_schema_version": 0,
          "private": "eyJlMmJmYjczMC1lY2FhLTExZTYtOGY4OC0zNDM2M2JjN2M0YzAiOnsiY3JlYXRlIjo2MDAwMDAwMDAwMDAsImRlbGV0ZSI6NjAwMDAwMDAwMDAwfX0=",
          "dependencies": [
            "data.openstack_compute_keypair_v2.default",
            "data.openstack_images_image_v2.ubuntu",
            "data.openstack_networking_network_v2.public",
            "openstack_blockstorage_volume_v3.cp_data",
            "openstack_compute_instance_v2.cp",
            "openstack_networking_port_v2.cp_ports",
            "openstack_networking_secgroup_v2.k8s_secgroup"
          ]
        },
        {
          "index_key": 1,
          "schema_version": 0,
          "attributes": {
            "device": "/dev/vdb",
            "id": "06b2ca09-684f-46ac-b06f-cec08ec0e4a2/da605551-4c64-4beb-8ff3-91a4cd4fcc51",
            "instance_id": "06b2ca09-684f-46ac-b06f-cec08ec0e4a2",
            "multiattach": null,
            "region": "RegionOne",
            "timeouts": null,
            "vendor_options": [],
            "volume_id": "da605551-4c64-4beb-8ff3-91a4cd4fcc51"
          },
          "sensitive_attributes": [],
          "identity_schema_version": 0,
          "private": "eyJlMmJmYjczMC1lY2FhLTExZTYtOGY4OC0zNDM2M2JjN2M0YzAiOnsiY3JlYXRlIjo2MDAwMDAwMDAwMDAsImRlbGV0ZSI6NjAwMDAwMDAwMDAwfX0=",
          "dependencies": [
            "data.openstack_compute_keypair_v2.default",
            "data.openstack_images_image_v2.ubuntu",
            "data.openstack_networking_network_v2.public",
            "openstack_blockstorage_volume_v3.cp_data",
            "openstack_compute_instance_v2.cp",
            "openstack_networking_port_v2.cp_ports",
            "openstack_networking_secgroup_v2.k8s_secgroup"
          ]
        },
        {
          "index_key": 2,
          "schema_version": 0,
          "attributes": {
            "device": "/dev/vdb",
            "id": "530b9a78-2f47-4ca3-8317-42f66d2109b7/221fa5aa-7669-4012-af0a-0c4fccd69b64",
            "instance_id": "530b9a78-2f47-4ca3-8317-42f66d2109b7",
            "multiattach": null,
            "region": "RegionOne",
            "timeouts": null,
            "vendor_options": [],
            "volume_id": "221fa5aa-7669-4012-af0a-0c4fccd69b64"
          },
          "sensitive_attributes": [],
          "identity_schema_version": 0,
          "private": "eyJlMmJmYjczMC1lY2FhLTExZTYtOGY4OC0zNDM2M2JjN2M0YzAiOnsiY3JlYXRlIjo2MDAwMDAwMDAwMDAsImRlbGV0ZSI6NjAwMDAwMDAwMDAwfX0=",
          "dependencies": [
            "data.openstack_compute_keypair_v2.default",
            "data.openstack_images_image_v2.ubuntu",
            "data.openstack_networking_network_v2.public",
            "openstack_blockstorage_volume_v3.cp_data",
            "openstack_compute_instance_v2.cp",
            "openstack_networking_port_v2.cp_ports",
            "openstack_networking_secgroup_v2.k8s_secgroup"
          ]
        }
      ]
    },
    {
      "mode": "managed",
      "type": "openstack_compute_volume_attach_v2",
      "name": "worker_volume_attach",
      "provider": "provider[\"registry.terraform.io/terraform-provider-openstack/openstack\"]",
      "instances": [
        {
          "index_key": 0,
          "schema_version": 0,
          "attributes": {
            "device": "/dev/vdb",
            "id": "ced67941-06a2-47d8-8022-b76e4dbe2d45/b835d9a7-2ca7-46d7-ae96-00c312fed795",
            "instance_id": "ced67941-06a2-47d8-8022-b76e4dbe2d45",
            "multiattach": null,
            "region": "RegionOne",
            "timeouts": null,
            "vendor_options": [],
            "volume_id": "b835d9a7-2ca7-46d7-ae96-00c312fed795"
          },
          "sensitive_attributes": [],
          "identity_schema_version": 0,
          "private": "eyJlMmJmYjczMC1lY2FhLTExZTYtOGY4OC0zNDM2M2JjN2M0YzAiOnsiY3JlYXRlIjo2MDAwMDAwMDAwMDAsImRlbGV0ZSI6NjAwMDAwMDAwMDAwfX0=",
          "dependencies": [
            "data.openstack_compute_keypair_v2.default",
            "data.openstack_images_image_v2.ubuntu",
            "data.openstack_networking_network_v2.public",
            "openstack_blockstorage_volume_v3.worker_data",
            "openstack_compute_instance_v2.worker",
            "openstack_networking_port_v2.cp_ports",
            "openstack_networking_port_v2.worker_ports",
            "openstack_networking_secgroup_v2.k8s_secgroup"
          ]
        },
        {
          "index_key": 1,
          "schema_version": 0,
          "attributes": {
            "device": "/dev/vdb",
            "id": "98cfdcd6-c836-44e5-a0eb-3eb215945d1e/e9d84abc-795b-4144-b904-93c0172984ab",
            "instance_id": "98cfdcd6-c836-44e5-a0eb-3eb215945d1e",
            "multiattach": null,
            "region": "RegionOne",
            "timeouts": null,
            "vendor_options": [],
            "volume_id": "e9d84abc-795b-4144-b904-93c0172984ab"
          },
          "sensitive_attributes": [],
          "identity_schema_version": 0,
          "private": "eyJlMmJmYjczMC1lY2FhLTExZTYtOGY4OC0zNDM2M2JjN2M0YzAiOnsiY3JlYXRlIjo2MDAwMDAwMDAwMDAsImRlbGV0ZSI6NjAwMDAwMDAwMDAwfX0=",
          "dependencies": [
            "data.openstack_compute_keypair_v2.default",
            "data.openstack_images_image_v2.ubuntu",
            "data.openstack_networking_network_v2.public",
            "openstack_blockstorage_volume_v3.worker_data",
            "openstack_compute_instance_v2.worker",
            "openstack_networking_port_v2.cp_ports",
            "openstack_networking_port_v2.worker_ports",
            "openstack_networking_secgroup_v2.k8s_secgroup"
          ]
        },
        {
          "index_key": 2,
          "schema_version": 0,
          "attributes": {
            "device": "/dev/vdb",
            "id": "72f4581c-16ac-4950-96a4-06d20b46148e/0bc773a5-bcb1-47de-9d4d-ddef738aa963",
            "instance_id": "72f4581c-16ac-4950-96a4-06d20b46148e",
            "multiattach": null,
            "region": "RegionOne",
            "timeouts": null,
            "vendor_options": [],
            "volume_id": "0bc773a5-bcb1-47de-9d4d-ddef738aa963"
          },
          "sensitive_attributes": [],
          "identity_schema_version": 0,
          "private": "eyJlMmJmYjczMC1lY2FhLTExZTYtOGY4OC0zNDM2M2JjN2M0YzAiOnsiY3JlYXRlIjo2MDAwMDAwMDAwMDAsImRlbGV0ZSI6NjAwMDAwMDAwMDAwfX0=",
          "dependencies": [
            "data.openstack_compute_keypair_v2.default",
            "data.openstack_images_image_v2.ubuntu",
            "data.openstack_networking_network_v2.public",
            "openstack_blockstorage_volume_v3.worker_data",
            "openstack_compute_instance_v2.worker",
            "openstack_networking_port_v2.cp_ports",
            "openstack_networking_port_v2.worker_ports",
            "openstack_networking_secgroup_v2.k8s_secgroup"
          ]
        }
      ]
    },
    {
      "mode": "managed",
      "type": "openstack_networking_port_v2",
      "name": "cp_ports",
      "provider": "provider[\"registry.terraform.io/terraform-provider-openstack/openstack\"]",
      "instances": [
        {
          "index_key": 0,
          "schema_version": 0,
          "attributes": {
            "admin_state_up": true,
            "all_fixed_ips": [
              "10.202.22.173"
            ],
            "all_security_group_ids": [
              "90b5f4ce-c9ff-41a5-9f39-aacc62103750"
            ],
            "all_tags": [],
            "allowed_address_pairs": [
              {
                "ip_address": "10.202.0.0/16",
                "mac_address": ""
              }
            ],
            "binding": [
              {
                "host_id": "",
                "profile": "{}",
                "vif_details": {},
                "vif_type": "unbound",
                "vnic_type": "normal"
              }
            ],
            "description": "",
            "device_id": "",
            "device_owner": "",
            "dns_assignment": [],
            "dns_name": "",
            "extra_dhcp_option": [],
            "fixed_ip": [],
            "id": "ea09294e-c9cd-49f3-b6ce-17db80480da7",
            "mac_address": "fa:16:3e:98:77:40",
            "name": "port-k8s-cp1",
            "network_id": "b30e586d-0dac-41fd-899c-a18577853064",
            "no_fixed_ip": null,
            "no_security_groups": null,
            "port_security_enabled": true,
            "qos_policy_id": "",
            "region": "RegionOne",
            "security_group_ids": [
              "90b5f4ce-c9ff-41a5-9f39-aacc62103750"
            ],
            "tags": null,
            "tenant_id": "83af1f45e02e46cc883fbc0047449e72",
            "timeouts": null,
            "value_specs": null
          },
          "sensitive_attributes": [],
          "identity_schema_version": 0,
          "private": "eyJlMmJmYjczMC1lY2FhLTExZTYtOGY4OC0zNDM2M2JjN2M0YzAiOnsiY3JlYXRlIjo2MDAwMDAwMDAwMDAsImRlbGV0ZSI6NjAwMDAwMDAwMDAwfX0=",
          "dependencies": [
            "data.openstack_networking_network_v2.public",
            "openstack_networking_secgroup_v2.k8s_secgroup"
          ]
        },
        {
          "index_key": 1,
          "schema_version": 0,
          "attributes": {
            "admin_state_up": true,
            "all_fixed_ips": [
              "10.202.22.151"
            ],
            "all_security_group_ids": [
              "90b5f4ce-c9ff-41a5-9f39-aacc62103750"
            ],
            "all_tags": [],
            "allowed_address_pairs": [
              {
                "ip_address": "10.202.0.0/16",
                "mac_address": ""
              }
            ],
            "binding": [
              {
                "host_id": "",
                "profile": "{}",
                "vif_details": {},
                "vif_type": "unbound",
                "vnic_type": "normal"
              }
            ],
            "description": "",
            "device_id": "",
            "device_owner": "",
            "dns_assignment": [],
            "dns_name": "",
            "extra_dhcp_option": [],
            "fixed_ip": [],
            "id": "1dcf352d-9aa0-4b37-8128-6b735c625457",
            "mac_address": "fa:16:3e:9f:fe:58",
            "name": "port-k8s-cp2",
            "network_id": "b30e586d-0dac-41fd-899c-a18577853064",
            "no_fixed_ip": null,
            "no_security_groups": null,
            "port_security_enabled": true,
            "qos_policy_id": "",
            "region": "RegionOne",
            "security_group_ids": [
              "90b5f4ce-c9ff-41a5-9f39-aacc62103750"
            ],
            "tags": null,
            "tenant_id": "83af1f45e02e46cc883fbc0047449e72",
            "timeouts": null,
            "value_specs": null
          },
          "sensitive_attributes": [],
          "identity_schema_version": 0,
          "private": "eyJlMmJmYjczMC1lY2FhLTExZTYtOGY4OC0zNDM2M2JjN2M0YzAiOnsiY3JlYXRlIjo2MDAwMDAwMDAwMDAsImRlbGV0ZSI6NjAwMDAwMDAwMDAwfX0=",
          "dependencies": [
            "data.openstack_networking_network_v2.public",
            "openstack_networking_secgroup_v2.k8s_secgroup"
          ]
        },
        {
          "index_key": 2,
          "schema_version": 0,
          "attributes": {
            "admin_state_up": true,
            "all_fixed_ips": [
              "10.202.22.136"
            ],
            "all_security_group_ids": [
              "90b5f4ce-c9ff-41a5-9f39-aacc62103750"
            ],
            "all_tags": [],
            "allowed_address_pairs": [
              {
                "ip_address": "10.202.0.0/16",
                "mac_address": ""
              }
            ],
            "binding": [
              {
                "host_id": "",
                "profile": "{}",
                "vif_details": {},
                "vif_type": "unbound",
                "vnic_type": "normal"
              }
            ],
            "description": "",
            "device_id": "",
            "device_owner": "",
            "dns_assignment": [],
            "dns_name": "",
            "extra_dhcp_option": [],
            "fixed_ip": [],
            "id": "be0df6d7-c9bb-400b-9c46-114a152253e4",
            "mac_address": "fa:16:3e:a7:69:97",
            "name": "port-k8s-cp3",
            "network_id": "b30e586d-0dac-41fd-899c-a18577853064",
            "no_fixed_ip": null,
            "no_security_groups": null,
            "port_security_enabled": true,
            "qos_policy_id": "",
            "region": "RegionOne",
            "security_group_ids": [
              "90b5f4ce-c9ff-41a5-9f39-aacc62103750"
            ],
            "tags": null,
            "tenant_id": "83af1f45e02e46cc883fbc0047449e72",
            "timeouts": null,
            "value_specs": null
          },
          "sensitive_attributes": [],
          "identity_schema_version": 0,
          "private": "eyJlMmJmYjczMC1lY2FhLTExZTYtOGY4OC0zNDM2M2JjN2M0YzAiOnsiY3JlYXRlIjo2MDAwMDAwMDAwMDAsImRlbGV0ZSI6NjAwMDAwMDAwMDAwfX0=",
          "dependencies": [
            "data.openstack_networking_network_v2.public",
            "openstack_networking_secgroup_v2.k8s_secgroup"
          ]
        }
      ]
    },
    {
      "mode": "managed",
      "type": "openstack_networking_port_v2",
      "name": "worker_ports",
      "provider": "provider[\"registry.terraform.io/terraform-provider-openstack/openstack\"]",
      "instances": [
        {
          "index_key": 0,
          "schema_version": 0,
          "attributes": {
            "admin_state_up": true,
            "all_fixed_ips": [
              "10.202.22.172"
            ],
            "all_security_group_ids": [
              "90b5f4ce-c9ff-41a5-9f39-aacc62103750"
            ],
            "all_tags": [],
            "allowed_address_pairs": [
              {
                "ip_address": "10.202.0.0/16",
                "mac_address": ""
              }
            ],
            "binding": [
              {
                "host_id": "",
                "profile": "{}",
                "vif_details": {},
                "vif_type": "unbound",
                "vnic_type": "normal"
              }
            ],
            "description": "",
            "device_id": "",
            "device_owner": "",
            "dns_assignment": [],
            "dns_name": "",
            "extra_dhcp_option": [],
            "fixed_ip": [],
            "id": "3e1be2ea-dcd9-4776-932e-5a2ccc912056",
            "mac_address": "fa:16:3e:2e:b0:54",
            "name": "port-k8s-worker1",
            "network_id": "b30e586d-0dac-41fd-899c-a18577853064",
            "no_fixed_ip": null,
            "no_security_groups": null,
            "port_security_enabled": true,
            "qos_policy_id": "",
            "region": "RegionOne",
            "security_group_ids": [
              "90b5f4ce-c9ff-41a5-9f39-aacc62103750"
            ],
            "tags": null,
            "tenant_id": "83af1f45e02e46cc883fbc0047449e72",
            "timeouts": null,
            "value_specs": null
          },
          "sensitive_attributes": [],
          "identity_schema_version": 0,
          "private": "eyJlMmJmYjczMC1lY2FhLTExZTYtOGY4OC0zNDM2M2JjN2M0YzAiOnsiY3JlYXRlIjo2MDAwMDAwMDAwMDAsImRlbGV0ZSI6NjAwMDAwMDAwMDAwfX0=",
          "dependencies": [
            "data.openstack_networking_network_v2.public",
            "openstack_networking_secgroup_v2.k8s_secgroup"
          ]
        },
        {
          "index_key": 1,
          "schema_version": 0,
          "attributes": {
            "admin_state_up": true,
            "all_fixed_ips": [
              "10.202.22.129"
            ],
            "all_security_group_ids": [
              "90b5f4ce-c9ff-41a5-9f39-aacc62103750"
            ],
            "all_tags": [],
            "allowed_address_pairs": [
              {
                "ip_address": "10.202.0.0/16",
                "mac_address": ""
              }
            ],
            "binding": [
              {
                "host_id": "",
                "profile": "{}",
                "vif_details": {},
                "vif_type": "unbound",
                "vnic_type": "normal"
              }
            ],
            "description": "",
            "device_id": "",
            "device_owner": "",
            "dns_assignment": [],
            "dns_name": "",
            "extra_dhcp_option": [],
            "fixed_ip": [],
            "id": "0720461f-181c-439a-b53e-93cca2b43eda",
            "mac_address": "fa:16:3e:a0:11:9d",
            "name": "port-k8s-worker2",
            "network_id": "b30e586d-0dac-41fd-899c-a18577853064",
            "no_fixed_ip": null,
            "no_security_groups": null,
            "port_security_enabled": true,
            "qos_policy_id": "",
            "region": "RegionOne",
            "security_group_ids": [
              "90b5f4ce-c9ff-41a5-9f39-aacc62103750"
            ],
            "tags": null,
            "tenant_id": "83af1f45e02e46cc883fbc0047449e72",
            "timeouts": null,
            "value_specs": null
          },
          "sensitive_attributes": [],
          "identity_schema_version": 0,
          "private": "eyJlMmJmYjczMC1lY2FhLTExZTYtOGY4OC0zNDM2M2JjN2M0YzAiOnsiY3JlYXRlIjo2MDAwMDAwMDAwMDAsImRlbGV0ZSI6NjAwMDAwMDAwMDAwfX0=",
          "dependencies": [
            "data.openstack_networking_network_v2.public",
            "openstack_networking_secgroup_v2.k8s_secgroup"
          ]
        },
        {
          "index_key": 2,
          "schema_version": 0,
          "attributes": {
            "admin_state_up": true,
            "all_fixed_ips": [
              "10.202.22.191"
            ],
            "all_security_group_ids": [
              "90b5f4ce-c9ff-41a5-9f39-aacc62103750"
            ],
            "all_tags": [],
            "allowed_address_pairs": [
              {
                "ip_address": "10.202.0.0/16",
                "mac_address": ""
              }
            ],
            "binding": [
              {
                "host_id": "",
                "profile": "{}",
                "vif_details": {},
                "vif_type": "unbound",
                "vnic_type": "normal"
              }
            ],
            "description": "",
            "device_id": "",
            "device_owner": "",
            "dns_assignment": [],
            "dns_name": "",
            "extra_dhcp_option": [],
            "fixed_ip": [],
            "id": "ce50a7ef-e4b0-4fe1-919b-aa0786fb84aa",
            "mac_address": "fa:16:3e:c6:1c:8c",
            "name": "port-k8s-worker3",
            "network_id": "b30e586d-0dac-41fd-899c-a18577853064",
            "no_fixed_ip": null,
            "no_security_groups": null,
            "port_security_enabled": true,
            "qos_policy_id": "",
            "region": "RegionOne",
            "security_group_ids": [
              "90b5f4ce-c9ff-41a5-9f39-aacc62103750"
            ],
            "tags": null,
            "tenant_id": "83af1f45e02e46cc883fbc0047449e72",
            "timeouts": null,
            "value_specs": null
          },
          "sensitive_attributes": [],
          "identity_schema_version": 0,
          "private": "eyJlMmJmYjczMC1lY2FhLTExZTYtOGY4OC0zNDM2M2JjN2M0YzAiOnsiY3JlYXRlIjo2MDAwMDAwMDAwMDAsImRlbGV0ZSI6NjAwMDAwMDAwMDAwfX0=",
          "dependencies": [
            "data.openstack_networking_network_v2.public",
            "openstack_networking_secgroup_v2.k8s_secgroup"
          ]
        }
      ]
    },
    {
      "mode": "managed",
      "type": "openstack_networking_secgroup_rule_v2",
      "name": "http_rule",
      "provider": "provider[\"registry.terraform.io/terraform-provider-openstack/openstack\"]",
      "instances": [
        {
          "schema_version": 0,
          "attributes": {
            "description": "",
            "direction": "ingress",
            "ethertype": "IPv4",
            "id": "3a7eddf5-8068-4c29-8644-1500f1ef3068",
            "port_range_max": 80,
            "port_range_min": 80,
            "protocol": "tcp",
            "region": "RegionOne",
            "remote_group_id": "",
            "remote_ip_prefix": "0.0.0.0/0",
            "security_group_id": "90b5f4ce-c9ff-41a5-9f39-aacc62103750",
            "tenant_id": "83af1f45e02e46cc883fbc0047449e72",
            "timeouts": null
          },
          "sensitive_attributes": [],
          "identity_schema_version": 0,
          "private": "eyJlMmJmYjczMC1lY2FhLTExZTYtOGY4OC0zNDM2M2JjN2M0YzAiOnsiZGVsZXRlIjo2MDAwMDAwMDAwMDB9fQ==",
          "dependencies": [
            "openstack_networking_secgroup_v2.k8s_secgroup"
          ]
        }
      ]
    },
    {
      "mode": "managed",
      "type": "openstack_networking_secgroup_rule_v2",
      "name": "https_rule",
      "provider": "provider[\"registry.terraform.io/terraform-provider-openstack/openstack\"]",
      "instances": [
        {
          "schema_version": 0,
          "attributes": {
            "description": "",
            "direction": "ingress",
            "ethertype": "IPv4",
            "id": "e47b2926-e4cf-47f4-944a-cdc99fd8559c",
            "port_range_max": 443,
            "port_range_min": 443,
            "protocol": "tcp",
            "region": "RegionOne",
            "remote_group_id": "",
            "remote_ip_prefix": "0.0.0.0/0",
            "security_group_id": "90b5f4ce-c9ff-41a5-9f39-aacc62103750",
            "tenant_id": "83af1f45e02e46cc883fbc0047449e72",
            "timeouts": null
          },
          "sensitive_attributes": [],
          "identity_schema_version": 0,
          "private": "eyJlMmJmYjczMC1lY2FhLTExZTYtOGY4OC0zNDM2M2JjN2M0YzAiOnsiZGVsZXRlIjo2MDAwMDAwMDAwMDB9fQ==",
          "dependencies": [
            "openstack_networking_secgroup_v2.k8s_secgroup"
          ]
        }
      ]
    },
    {
      "mode": "managed",
      "type": "openstack_networking_secgroup_rule_v2",
      "name": "icmp_rule",
      "provider": "provider[\"registry.terraform.io/terraform-provider-openstack/openstack\"]",
      "instances": [
        {
          "schema_version": 0,
          "attributes": {
            "description": "",
            "direction": "ingress",
            "ethertype": "IPv4",
            "id": "eb3e3be7-a84f-4ed3-b95f-10a63eb6c4b2",
            "port_range_max": 0,
            "port_range_min": 0,
            "protocol": "icmp",
            "region": "RegionOne",
            "remote_group_id": "",
            "remote_ip_prefix": "",
            "security_group_id": "90b5f4ce-c9ff-41a5-9f39-aacc62103750",
            "tenant_id": "83af1f45e02e46cc883fbc0047449e72",
            "timeouts": null
          },
          "sensitive_attributes": [],
          "identity_schema_version": 0,
          "private": "eyJlMmJmYjczMC1lY2FhLTExZTYtOGY4OC0zNDM2M2JjN2M0YzAiOnsiZGVsZXRlIjo2MDAwMDAwMDAwMDB9fQ==",
          "dependencies": [
            "openstack_networking_secgroup_v2.k8s_secgroup"
          ]
        }
      ]
    },
    {
      "mode": "managed",
      "type": "openstack_networking_secgroup_rule_v2",
      "name": "internal_rule",
      "provider": "provider[\"registry.terraform.io/terraform-provider-openstack/openstack\"]",
      "instances": [
        {
          "schema_version": 0,
          "attributes": {
            "description": "Allow all internal traffic",
            "direction": "ingress",
            "ethertype": "IPv4",
            "id": "4db35c9b-0af7-4239-9c71-fca50e754253",
            "port_range_max": 0,
            "port_range_min": 0,
            "protocol": "",
            "region": "RegionOne",
            "remote_group_id": "90b5f4ce-c9ff-41a5-9f39-aacc62103750",
            "remote_ip_prefix": "",
            "security_group_id": "90b5f4ce-c9ff-41a5-9f39-aacc62103750",
            "tenant_id": "83af1f45e02e46cc883fbc0047449e72",
            "timeouts": null
          },
          "sensitive_attributes": [],
          "identity_schema_version": 0,
          "private": "eyJlMmJmYjczMC1lY2FhLTExZTYtOGY4OC0zNDM2M2JjN2M0YzAiOnsiZGVsZXRlIjo2MDAwMDAwMDAwMDB9fQ==",
          "dependencies": [
            "openstack_networking_secgroup_v2.k8s_secgroup"
          ]
        }
      ]
    },
    {
      "mode": "managed",
      "type": "openstack_networking_secgroup_rule_v2",
      "name": "k8s_api_rule",
      "provider": "provider[\"registry.terraform.io/terraform-provider-openstack/openstack\"]",
      "instances": [
        {
          "schema_version": 0,
          "attributes": {
            "description": "",
            "direction": "ingress",
            "ethertype": "IPv4",
            "id": "e49d60aa-200b-46d6-a672-3fb02a1808df",
            "port_range_max": 6443,
            "port_range_min": 6443,
            "protocol": "tcp",
            "region": "RegionOne",
            "remote_group_id": "",
            "remote_ip_prefix": "0.0.0.0/0",
            "security_group_id": "90b5f4ce-c9ff-41a5-9f39-aacc62103750",
            "tenant_id": "83af1f45e02e46cc883fbc0047449e72",
            "timeouts": null
          },
          "sensitive_attributes": [],
          "identity_schema_version": 0,
          "private": "eyJlMmJmYjczMC1lY2FhLTExZTYtOGY4OC0zNDM2M2JjN2M0YzAiOnsiZGVsZXRlIjo2MDAwMDAwMDAwMDB9fQ==",
          "dependencies": [
            "openstack_networking_secgroup_v2.k8s_secgroup"
          ]
        }
      ]
    },
    {
      "mode": "managed",
      "type": "openstack_networking_secgroup_rule_v2",
      "name": "ssh_rule",
      "provider": "provider[\"registry.terraform.io/terraform-provider-openstack/openstack\"]",
      "instances": [
        {
          "schema_version": 0,
          "attributes": {
            "description": "",
            "direction": "ingress",
            "ethertype": "IPv4",
            "id": "5c629656-c38f-4067-8c91-cf5cbe78bf02",
            "port_range_max": 22,
            "port_range_min": 22,
            "protocol": "tcp",
            "region": "RegionOne",
            "remote_group_id": "",
            "remote_ip_prefix": "0.0.0.0/0",
            "security_group_id": "90b5f4ce-c9ff-41a5-9f39-aacc62103750",
            "tenant_id": "83af1f45e02e46cc883fbc0047449e72",
            "timeouts": null
          },
          "sensitive_attributes": [],
          "identity_schema_version": 0,
          "private": "eyJlMmJmYjczMC1lY2FhLTExZTYtOGY4OC0zNDM2M2JjN2M0YzAiOnsiZGVsZXRlIjo2MDAwMDAwMDAwMDB9fQ==",
          "dependencies": [
            "openstack_networking_secgroup_v2.k8s_secgroup"
          ]
        }
      ]
    },
    {
      "mode": "managed",
      "type": "openstack_networking_secgroup_v2",
      "name": "k8s_secgroup",
      "provider": "provider[\"registry.terraform.io/terraform-provider-openstack/openstack\"]",
      "instances": [
        {
          "schema_version": 0,
          "attributes": {
            "all_tags": [],
            "delete_default_rules": null,
            "description": "Security group for Kubernetes cluster",
            "id": "90b5f4ce-c9ff-41a5-9f39-aacc62103750",
            "name": "k8s-sg",
            "region": "RegionOne",
            "tags": null,
            "tenant_id": "83af1f45e02e46cc883fbc0047449e72",
            "timeouts": null
          },
          "sensitive_attributes": [],
          "identity_schema_version": 0,
          "private": "eyJlMmJmYjczMC1lY2FhLTExZTYtOGY4OC0zNDM2M2JjN2M0YzAiOnsiZGVsZXRlIjo2MDAwMDAwMDAwMDB9fQ=="
        }
      ]
    }
  ],
  "check_results": null
}
