{
  "version": 4,
  "terraform_version": "1.14.3",
  "serial": 3942,
  "lineage": "deabb51d-945b-6e9b-344c-34faad29aaed",
  "outputs": {
    "cp1_ip": {
      "value": "10.202.22.191",
      "type": "string"
    },
    "cp_ips": {
      "value": [
        "10.202.22.191",
        "10.202.22.168",
        "10.202.22.189"
      ],
      "type": [
        "tuple",
        [
          "string",
          "string",
          "string"
        ]
      ]
    },
    "ssh_command_cp1": {
      "value": "ssh ubuntu@10.202.22.191",
      "type": "string"
    },
    "worker_ips": {
      "value": [
        "10.202.22.162",
        "10.202.22.178",
        "10.202.22.147"
      ],
      "type": [
        "tuple",
        [
          "string",
          "string",
          "string"
        ]
      ]
    }
  },
  "resources": [
    {
      "mode": "data",
      "type": "openstack_compute_keypair_v2",
      "name": "default",
      "provider": "provider[\"registry.terraform.io/terraform-provider-openstack/openstack\"]",
      "instances": [
        {
          "schema_version": 0,
          "attributes": {
            "fingerprint": "d4:b7:27:94:39:6d:19:75:05:8b:82:2b:5e:0b:d9:d5",
            "id": "terraform",
            "name": "terraform",
            "public_key": "ssh-ed25519 AAAAC3NzaC1lZDI1NTE5AAAAILugZkXPjzwJbUutF/ajq8d7tGdZn2zS4hUhkRqmHUYc pierre.jaloghlian@etu.umontpellier.fr",
            "region": "RegionOne",
            "user_id": "a0ef7d9d03f54582b32d371bf14c070d"
          },
          "sensitive_attributes": [],
          "identity_schema_version": 0
        }
      ]
    },
    {
      "mode": "data",
      "type": "openstack_images_image_v2",
      "name": "ubuntu",
      "provider": "provider[\"registry.terraform.io/terraform-provider-openstack/openstack\"]",
      "instances": [
        {
          "schema_version": 0,
          "attributes": {
            "checksum": "feae9da27c50da7f45bfcca6b1f8aae0",
            "container_format": "bare",
            "created_at": "2026-01-23T13:45:49Z",
            "disk_format": "qcow2",
            "file": "/v2/images/06620e59-d02e-4483-811f-f089b9a179f2/file",
            "hidden": false,
            "id": "06620e59-d02e-4483-811f-f089b9a179f2",
            "member_status": null,
            "metadata": {},
            "min_disk_gb": 0,
            "min_ram_mb": 0,
            "most_recent": true,
            "name": "Ubuntu-22.04",
            "name_regex": null,
            "owner": "6414f9796f5340f6acad5b9510e77ef5",
            "properties": {
              "os_hash_algo": "sha512",
              "os_hash_value": "bdbfbec178ed26e088e095b72445cdd5a896dcc9e5c0f00862698aec4fa29c3c37e3d2392597043f5ed23c9bca346744bea3065979d88130a37bf27562891f3c",
              "stores": "file"
            },
            "protected": false,
            "region": "RegionOne",
            "schema": "/v2/schemas/image",
            "size_bytes": 688868864,
            "size_max": null,
            "size_min": null,
            "sort_direction": "asc",
            "sort_key": "name",
            "tag": null,
            "tags": [],
            "updated_at": "2026-01-23T13:45:52Z",
            "visibility": "public"
          },
          "sensitive_attributes": [],
          "identity_schema_version": 0
        }
      ]
    },
    {
      "mode": "data",
      "type": "openstack_networking_network_v2",
      "name": "public",
      "provider": "provider[\"registry.terraform.io/terraform-provider-openstack/openstack\"]",
      "instances": [
        {
          "schema_version": 0,
          "attributes": {
            "admin_state_up": "true",
            "all_tags": [],
            "availability_zone_hints": [],
            "description": "",
            "dns_domain": "",
            "external": true,
            "id": "b30e586d-0dac-41fd-899c-a18577853064",
            "matching_subnet_cidr": null,
            "mtu": 1500,
            "name": "public",
            "network_id": null,
            "region": "RegionOne",
            "segments": [
              {
                "network_type": "flat",
                "physical_network": "extnet",
                "segmentation_id": 0
              }
            ],
            "shared": "true",
            "status": null,
            "subnets": [
              "cb318b7f-065c-4309-87a7-0459bbbd985e"
            ],
            "tags": null,
            "tenant_id": "c498ba3dcc1041a1b0f07e9f56b09af5",
            "transparent_vlan": false
          },
          "sensitive_attributes": [],
          "identity_schema_version": 0
        }
      ]
    },
    {
      "mode": "managed",
      "type": "null_resource",
      "name": "cp_join",
      "provider": "provider[\"registry.terraform.io/hashicorp/null\"]",
      "instances": [
        {
          "index_key": 0,
          "schema_version": 0,
          "attributes": {
            "id": "2781773308341290367",
            "triggers": null
          },
          "sensitive_attributes": [],
          "identity_schema_version": 0,
          "dependencies": [
            "data.openstack_compute_keypair_v2.default",
            "data.openstack_images_image_v2.ubuntu",
            "data.openstack_networking_network_v2.public",
            "null_resource.wait_for_cp1_join_scripts",
            "openstack_compute_instance_v2.cp",
            "openstack_networking_port_v2.cp_ports",
            "openstack_networking_secgroup_v2.k8s_secgroup"
          ]
        },
        {
          "index_key": 1,
          "schema_version": 0,
          "attributes": {
            "id": "1281278687299458474",
            "triggers": null
          },
          "sensitive_attributes": [],
          "identity_schema_version": 0,
          "dependencies": [
            "data.openstack_compute_keypair_v2.default",
            "data.openstack_images_image_v2.ubuntu",
            "data.openstack_networking_network_v2.public",
            "null_resource.wait_for_cp1_join_scripts",
            "openstack_compute_instance_v2.cp",
            "openstack_networking_port_v2.cp_ports",
            "openstack_networking_secgroup_v2.k8s_secgroup"
          ]
        }
      ]
    },
    {
      "mode": "managed",
      "type": "null_resource",
      "name": "wait_for_cp1_join_scripts",
      "provider": "provider[\"registry.terraform.io/hashicorp/null\"]",
      "instances": [
        {
          "schema_version": 0,
          "attributes": {
            "id": "5301895590282535680",
            "triggers": null
          },
          "sensitive_attributes": [],
          "identity_schema_version": 0,
          "dependencies": [
            "data.openstack_compute_keypair_v2.default",
            "data.openstack_images_image_v2.ubuntu",
            "data.openstack_networking_network_v2.public",
            "openstack_compute_instance_v2.cp",
            "openstack_networking_port_v2.cp_ports",
            "openstack_networking_secgroup_v2.k8s_secgroup"
          ]
        }
      ]
    },
    {
      "mode": "managed",
      "type": "null_resource",
      "name": "worker_join",
      "provider": "provider[\"registry.terraform.io/hashicorp/null\"]",
      "instances": [
        {
          "index_key": 0,
          "schema_version": 0,
          "attributes": {
            "id": "630013446563820381",
            "triggers": null
          },
          "sensitive_attributes": [],
          "identity_schema_version": 0,
          "dependencies": [
            "data.openstack_compute_keypair_v2.default",
            "data.openstack_images_image_v2.ubuntu",
            "data.openstack_networking_network_v2.public",
            "null_resource.wait_for_cp1_join_scripts",
            "openstack_compute_instance_v2.cp",
            "openstack_networking_port_v2.cp_ports",
            "openstack_networking_port_v2.worker_ports",
            "openstack_networking_secgroup_v2.k8s_secgroup"
          ]
        },
        {
          "index_key": 1,
          "schema_version": 0,
          "attributes": {
            "id": "7983141122979123351",
            "triggers": null
          },
          "sensitive_attributes": [],
          "identity_schema_version": 0,
          "dependencies": [
            "data.openstack_compute_keypair_v2.default",
            "data.openstack_images_image_v2.ubuntu",
            "data.openstack_networking_network_v2.public",
            "null_resource.wait_for_cp1_join_scripts",
            "openstack_compute_instance_v2.cp",
            "openstack_networking_port_v2.cp_ports",
            "openstack_networking_port_v2.worker_ports",
            "openstack_networking_secgroup_v2.k8s_secgroup"
          ]
        },
        {
          "index_key": 2,
          "schema_version": 0,
          "attributes": {
            "id": "5962516959112526545",
            "triggers": null
          },
          "sensitive_attributes": [],
          "identity_schema_version": 0,
          "dependencies": [
            "data.openstack_compute_keypair_v2.default",
            "data.openstack_images_image_v2.ubuntu",
            "data.openstack_networking_network_v2.public",
            "null_resource.wait_for_cp1_join_scripts",
            "openstack_compute_instance_v2.cp",
            "openstack_networking_port_v2.cp_ports",
            "openstack_networking_port_v2.worker_ports",
            "openstack_networking_secgroup_v2.k8s_secgroup"
          ]
        }
      ]
    },
    {
      "mode": "managed",
      "type": "openstack_blockstorage_volume_v3",
      "name": "cp_data",
      "provider": "provider[\"registry.terraform.io/terraform-provider-openstack/openstack\"]",
      "instances": [
        {
          "index_key": 0,
          "schema_version": 0,
          "attributes": {
            "attachment": [
              {
                "device": "/dev/vdb",
                "id": "56413fd9-5a26-4431-9749-bd8ab6c57142",
                "instance_id": "7294fed3-bfc9-4b50-8403-7f02907eeb91"
              }
            ],
            "availability_zone": "nova",
            "consistency_group_id": null,
            "description": "",
            "enable_online_resize": null,
            "id": "56413fd9-5a26-4431-9749-bd8ab6c57142",
            "image_id": null,
            "metadata": {},
            "multiattach": null,
            "name": "k8s-cp1-data",
            "region": "RegionOne",
            "scheduler_hints": [],
            "size": 8,
            "snapshot_id": "",
            "source_replica": null,
            "source_vol_id": "",
            "timeouts": null,
            "volume_type": "iscsi"
          },
          "sensitive_attributes": [],
          "identity_schema_version": 0,
          "private": "eyJlMmJmYjczMC1lY2FhLTExZTYtOGY4OC0zNDM2M2JjN2M0YzAiOnsiY3JlYXRlIjo2MDAwMDAwMDAwMDAsImRlbGV0ZSI6NjAwMDAwMDAwMDAwfX0="
        },
        {
          "index_key": 1,
          "schema_version": 0,
          "attributes": {
            "attachment": [
              {
                "device": "/dev/vdb",
                "id": "9be9741c-dd44-4397-92cd-dfff3819fd09",
                "instance_id": "6faa3453-bba8-4798-80b3-6dfda12d0ca4"
              }
            ],
            "availability_zone": "nova",
            "consistency_group_id": null,
            "description": "",
            "enable_online_resize": null,
            "id": "9be9741c-dd44-4397-92cd-dfff3819fd09",
            "image_id": null,
            "metadata": {},
            "multiattach": null,
            "name": "k8s-cp2-data",
            "region": "RegionOne",
            "scheduler_hints": [],
            "size": 8,
            "snapshot_id": "",
            "source_replica": null,
            "source_vol_id": "",
            "timeouts": null,
            "volume_type": "iscsi"
          },
          "sensitive_attributes": [],
          "identity_schema_version": 0,
          "private": "eyJlMmJmYjczMC1lY2FhLTExZTYtOGY4OC0zNDM2M2JjN2M0YzAiOnsiY3JlYXRlIjo2MDAwMDAwMDAwMDAsImRlbGV0ZSI6NjAwMDAwMDAwMDAwfX0="
        },
        {
          "index_key": 2,
          "schema_version": 0,
          "attributes": {
            "attachment": [
              {
                "device": "/dev/vdb",
                "id": "5d77118f-6029-491a-ac36-3047ce2b62f9",
                "instance_id": "5e51d806-4b94-43a2-8c3b-b10824198404"
              }
            ],
            "availability_zone": "nova",
            "consistency_group_id": null,
            "description": "",
            "enable_online_resize": null,
            "id": "5d77118f-6029-491a-ac36-3047ce2b62f9",
            "image_id": null,
            "metadata": {},
            "multiattach": null,
            "name": "k8s-cp3-data",
            "region": "RegionOne",
            "scheduler_hints": [],
            "size": 8,
            "snapshot_id": "",
            "source_replica": null,
            "source_vol_id": "",
            "timeouts": null,
            "volume_type": "iscsi"
          },
          "sensitive_attributes": [],
          "identity_schema_version": 0,
          "private": "eyJlMmJmYjczMC1lY2FhLTExZTYtOGY4OC0zNDM2M2JjN2M0YzAiOnsiY3JlYXRlIjo2MDAwMDAwMDAwMDAsImRlbGV0ZSI6NjAwMDAwMDAwMDAwfX0="
        }
      ]
    },
    {
      "mode": "managed",
      "type": "openstack_blockstorage_volume_v3",
      "name": "rook_data",
      "provider": "provider[\"registry.terraform.io/terraform-provider-openstack/openstack\"]",
      "instances": [
        {
          "index_key": 0,
          "schema_version": 0,
          "attributes": {
            "attachment": [
              {
                "device": "/dev/vdc",
                "id": "3f72b275-f7ed-4572-b719-6992a6a21895",
                "instance_id": "2152870d-d4ba-4da7-8fd2-74f2d43fe58b"
              }
            ],
            "availability_zone": "nova",
            "consistency_group_id": null,
            "description": "",
            "enable_online_resize": null,
            "id": "3f72b275-f7ed-4572-b719-6992a6a21895",
            "image_id": null,
            "metadata": {},
            "multiattach": null,
            "name": "k8s-worker1-rook",
            "region": "RegionOne",
            "scheduler_hints": [],
            "size": 20,
            "snapshot_id": "",
            "source_replica": null,
            "source_vol_id": "",
            "timeouts": null,
            "volume_type": "iscsi"
          },
          "sensitive_attributes": [],
          "identity_schema_version": 0,
          "private": "eyJlMmJmYjczMC1lY2FhLTExZTYtOGY4OC0zNDM2M2JjN2M0YzAiOnsiY3JlYXRlIjo2MDAwMDAwMDAwMDAsImRlbGV0ZSI6NjAwMDAwMDAwMDAwfX0="
        },
        {
          "index_key": 1,
          "schema_version": 0,
          "attributes": {
            "attachment": [
              {
                "device": "/dev/vdc",
                "id": "be7850bd-c91c-416d-8648-06229db36881",
                "instance_id": "96ee568b-db3e-4eaa-ae3f-77e5731a8786"
              }
            ],
            "availability_zone": "nova",
            "consistency_group_id": null,
            "description": "",
            "enable_online_resize": null,
            "id": "be7850bd-c91c-416d-8648-06229db36881",
            "image_id": null,
            "metadata": {},
            "multiattach": null,
            "name": "k8s-worker2-rook",
            "region": "RegionOne",
            "scheduler_hints": [],
            "size": 20,
            "snapshot_id": "",
            "source_replica": null,
            "source_vol_id": "",
            "timeouts": null,
            "volume_type": "iscsi"
          },
          "sensitive_attributes": [],
          "identity_schema_version": 0,
          "private": "eyJlMmJmYjczMC1lY2FhLTExZTYtOGY4OC0zNDM2M2JjN2M0YzAiOnsiY3JlYXRlIjo2MDAwMDAwMDAwMDAsImRlbGV0ZSI6NjAwMDAwMDAwMDAwfX0="
        },
        {
          "index_key": 2,
          "schema_version": 0,
          "attributes": {
            "attachment": [
              {
                "device": "/dev/vdb",
                "id": "02d61c2e-1f67-443c-9058-776ebd477151",
                "instance_id": "354a2c71-f06f-48f6-b5be-081b9a2b6427"
              }
            ],
            "availability_zone": "nova",
            "consistency_group_id": null,
            "description": "",
            "enable_online_resize": null,
            "id": "02d61c2e-1f67-443c-9058-776ebd477151",
            "image_id": null,
            "metadata": {},
            "multiattach": null,
            "name": "k8s-worker3-rook",
            "region": "RegionOne",
            "scheduler_hints": [],
            "size": 20,
            "snapshot_id": "",
            "source_replica": null,
            "source_vol_id": "",
            "timeouts": null,
            "volume_type": "iscsi"
          },
          "sensitive_attributes": [],
          "identity_schema_version": 0,
          "private": "eyJlMmJmYjczMC1lY2FhLTExZTYtOGY4OC0zNDM2M2JjN2M0YzAiOnsiY3JlYXRlIjo2MDAwMDAwMDAwMDAsImRlbGV0ZSI6NjAwMDAwMDAwMDAwfX0="
        }
      ]
    },
    {
      "mode": "managed",
      "type": "openstack_blockstorage_volume_v3",
      "name": "worker_data",
      "provider": "provider[\"registry.terraform.io/terraform-provider-openstack/openstack\"]",
      "instances": [
        {
          "index_key": 0,
          "schema_version": 0,
          "attributes": {
            "attachment": [
              {
                "device": "/dev/vdb",
                "id": "f20f510f-e421-4827-9e48-181aedb0e009",
                "instance_id": "2152870d-d4ba-4da7-8fd2-74f2d43fe58b"
              }
            ],
            "availability_zone": "nova",
            "consistency_group_id": null,
            "description": "",
            "enable_online_resize": null,
            "id": "f20f510f-e421-4827-9e48-181aedb0e009",
            "image_id": null,
            "metadata": {},
            "multiattach": null,
            "name": "k8s-worker1-data",
            "region": "RegionOne",
            "scheduler_hints": [],
            "size": 8,
            "snapshot_id": "",
            "source_replica": null,
            "source_vol_id": "",
            "timeouts": null,
            "volume_type": "iscsi"
          },
          "sensitive_attributes": [],
          "identity_schema_version": 0,
          "private": "eyJlMmJmYjczMC1lY2FhLTExZTYtOGY4OC0zNDM2M2JjN2M0YzAiOnsiY3JlYXRlIjo2MDAwMDAwMDAwMDAsImRlbGV0ZSI6NjAwMDAwMDAwMDAwfX0="
        },
        {
          "index_key": 1,
          "schema_version": 0,
          "attributes": {
            "attachment": [
              {
                "device": "/dev/vdb",
                "id": "5df75671-4f58-4a03-bb9a-15283eb76fcb",
                "instance_id": "96ee568b-db3e-4eaa-ae3f-77e5731a8786"
              }
            ],
            "availability_zone": "nova",
            "consistency_group_id": null,
            "description": "",
            "enable_online_resize": null,
            "id": "5df75671-4f58-4a03-bb9a-15283eb76fcb",
            "image_id": null,
            "metadata": {},
            "multiattach": null,
            "name": "k8s-worker2-data",
            "region": "RegionOne",
            "scheduler_hints": [],
            "size": 8,
            "snapshot_id": "",
            "source_replica": null,
            "source_vol_id": "",
            "timeouts": null,
            "volume_type": "iscsi"
          },
          "sensitive_attributes": [],
          "identity_schema_version": 0,
          "private": "eyJlMmJmYjczMC1lY2FhLTExZTYtOGY4OC0zNDM2M2JjN2M0YzAiOnsiY3JlYXRlIjo2MDAwMDAwMDAwMDAsImRlbGV0ZSI6NjAwMDAwMDAwMDAwfX0="
        },
        {
          "index_key": 2,
          "schema_version": 0,
          "attributes": {
            "attachment": [
              {
                "device": "/dev/vdc",
                "id": "2b59e483-1ee4-439b-af88-09fb561a2459",
                "instance_id": "354a2c71-f06f-48f6-b5be-081b9a2b6427"
              }
            ],
            "availability_zone": "nova",
            "consistency_group_id": null,
            "description": "",
            "enable_online_resize": null,
            "id": "2b59e483-1ee4-439b-af88-09fb561a2459",
            "image_id": null,
            "metadata": {},
            "multiattach": null,
            "name": "k8s-worker3-data",
            "region": "RegionOne",
            "scheduler_hints": [],
            "size": 8,
            "snapshot_id": "",
            "source_replica": null,
            "source_vol_id": "",
            "timeouts": null,
            "volume_type": "iscsi"
          },
          "sensitive_attributes": [],
          "identity_schema_version": 0,
          "private": "eyJlMmJmYjczMC1lY2FhLTExZTYtOGY4OC0zNDM2M2JjN2M0YzAiOnsiY3JlYXRlIjo2MDAwMDAwMDAwMDAsImRlbGV0ZSI6NjAwMDAwMDAwMDAwfX0="
        }
      ]
    },
    {
      "mode": "managed",
      "type": "openstack_compute_instance_v2",
      "name": "cp",
      "provider": "provider[\"registry.terraform.io/terraform-provider-openstack/openstack\"]",
      "instances": [
        {
          "index_key": 0,
          "schema_version": 0,
          "attributes": {
            "access_ip_v4": "10.202.22.191",
            "access_ip_v6": "",
            "admin_pass": null,
            "all_metadata": {},
            "all_tags": [],
            "availability_zone": "nova",
            "availability_zone_hints": null,
            "block_device": [],
            "config_drive": true,
            "created": "2026-02-14 09:51:49 +0000 UTC",
            "flavor_id": "3",
            "flavor_name": "m1.medium",
            "floating_ip": null,
            "force_delete": false,
            "id": "7294fed3-bfc9-4b50-8403-7f02907eeb91",
            "image_id": "06620e59-d02e-4483-811f-f089b9a179f2",
            "image_name": "Ubuntu-22.04",
            "key_pair": "terraform",
            "metadata": null,
            "name": "k8s-cp1",
            "network": [
              {
                "access_network": false,
                "fixed_ip_v4": "10.202.22.191",
                "fixed_ip_v6": "",
                "floating_ip": "",
                "mac": "fa:16:3e:b5:26:88",
                "name": "public",
                "port": "1fd39885-1b1b-441a-88a9-c23caba76359",
                "uuid": "b30e586d-0dac-41fd-899c-a18577853064"
              }
            ],
            "network_mode": null,
            "personality": [],
            "power_state": "active",
            "region": "RegionOne",
            "scheduler_hints": [],
            "security_groups": [
              "k8s-sg"
            ],
            "stop_before_destroy": false,
            "tags": [],
            "timeouts": null,
            "updated": "2026-02-14 09:51:57 +0000 UTC",
            "user_data": "6c70a3360c6339d5cb94a61242d82e256adbaf07",
            "vendor_options": [],
            "volume": []
          },
          "sensitive_attributes": [
            [
              {
                "type": "get_attr",
                "value": "admin_pass"
              }
            ],
            [
              {
                "type": "get_attr",
                "value": "user_data"
              }
            ]
          ],
          "identity_schema_version": 0,
          "private": "eyJlMmJmYjczMC1lY2FhLTExZTYtOGY4OC0zNDM2M2JjN2M0YzAiOnsiY3JlYXRlIjoxODAwMDAwMDAwMDAwLCJkZWxldGUiOjE4MDAwMDAwMDAwMDAsInVwZGF0ZSI6MTgwMDAwMDAwMDAwMH19",
          "dependencies": [
            "data.openstack_compute_keypair_v2.default",
            "data.openstack_images_image_v2.ubuntu",
            "data.openstack_networking_network_v2.public",
            "openstack_networking_port_v2.cp_ports",
            "openstack_networking_secgroup_v2.k8s_secgroup"
          ]
        },
        {
          "index_key": 1,
          "schema_version": 0,
          "attributes": {
            "access_ip_v4": "10.202.22.168",
            "access_ip_v6": "",
            "admin_pass": null,
            "all_metadata": {},
            "all_tags": [],
            "availability_zone": "nova",
            "availability_zone_hints": null,
            "block_device": [],
            "config_drive": true,
            "created": "2026-02-14 09:51:48 +0000 UTC",
            "flavor_id": "3",
            "flavor_name": "m1.medium",
            "floating_ip": null,
            "force_delete": false,
            "id": "6faa3453-bba8-4798-80b3-6dfda12d0ca4",
            "image_id": "06620e59-d02e-4483-811f-f089b9a179f2",
            "image_name": "Ubuntu-22.04",
            "key_pair": "terraform",
            "metadata": null,
            "name": "k8s-cp2",
            "network": [
              {
                "access_network": false,
                "fixed_ip_v4": "10.202.22.168",
                "fixed_ip_v6": "",
                "floating_ip": "",
                "mac": "fa:16:3e:0d:56:56",
                "name": "public",
                "port": "56b6056b-f9e2-48cb-99de-e52167e41f78",
                "uuid": "b30e586d-0dac-41fd-899c-a18577853064"
              }
            ],
            "network_mode": null,
            "personality": [],
            "power_state": "active",
            "region": "RegionOne",
            "scheduler_hints": [],
            "security_groups": [
              "k8s-sg"
            ],
            "stop_before_destroy": false,
            "tags": [],
            "timeouts": null,
            "updated": "2026-02-14 09:51:54 +0000 UTC",
            "user_data": "e55938770960fbcb437e532ac10c0841b7394241",
            "vendor_options": [],
            "volume": []
          },
          "sensitive_attributes": [
            [
              {
                "type": "get_attr",
                "value": "admin_pass"
              }
            ],
            [
              {
                "type": "get_attr",
                "value": "user_data"
              }
            ]
          ],
          "identity_schema_version": 0,
          "private": "eyJlMmJmYjczMC1lY2FhLTExZTYtOGY4OC0zNDM2M2JjN2M0YzAiOnsiY3JlYXRlIjoxODAwMDAwMDAwMDAwLCJkZWxldGUiOjE4MDAwMDAwMDAwMDAsInVwZGF0ZSI6MTgwMDAwMDAwMDAwMH19",
          "dependencies": [
            "data.openstack_compute_keypair_v2.default",
            "data.openstack_images_image_v2.ubuntu",
            "data.openstack_networking_network_v2.public",
            "openstack_networking_port_v2.cp_ports",
            "openstack_networking_secgroup_v2.k8s_secgroup"
          ]
        },
        {
          "index_key": 2,
          "schema_version": 0,
          "attributes": {
            "access_ip_v4": "10.202.22.189",
            "access_ip_v6": "",
            "admin_pass": null,
            "all_metadata": {},
            "all_tags": [],
            "availability_zone": "nova",
            "availability_zone_hints": null,
            "block_device": [],
            "config_drive": true,
            "created": "2026-02-14 09:51:48 +0000 UTC",
            "flavor_id": "3",
            "flavor_name": "m1.medium",
            "floating_ip": null,
            "force_delete": false,
            "id": "5e51d806-4b94-43a2-8c3b-b10824198404",
            "image_id": "06620e59-d02e-4483-811f-f089b9a179f2",
            "image_name": "Ubuntu-22.04",
            "key_pair": "terraform",
            "metadata": null,
            "name": "k8s-cp3",
            "network": [
              {
                "access_network": false,
                "fixed_ip_v4": "10.202.22.189",
                "fixed_ip_v6": "",
                "floating_ip": "",
                "mac": "fa:16:3e:ff:9d:6a",
                "name": "public",
                "port": "44f6fd2e-f832-4063-8405-03f8eca1f968",
                "uuid": "b30e586d-0dac-41fd-899c-a18577853064"
              }
            ],
            "network_mode": null,
            "personality": [],
            "power_state": "active",
            "region": "RegionOne",
            "scheduler_hints": [],
            "security_groups": [
              "k8s-sg"
            ],
            "stop_before_destroy": false,
            "tags": [],
            "timeouts": null,
            "updated": "2026-02-14 09:51:57 +0000 UTC",
            "user_data": "e55938770960fbcb437e532ac10c0841b7394241",
            "vendor_options": [],
            "volume": []
          },
          "sensitive_attributes": [
            [
              {
                "type": "get_attr",
                "value": "admin_pass"
              }
            ],
            [
              {
                "type": "get_attr",
                "value": "user_data"
              }
            ]
          ],
          "identity_schema_version": 0,
          "private": "eyJlMmJmYjczMC1lY2FhLTExZTYtOGY4OC0zNDM2M2JjN2M0YzAiOnsiY3JlYXRlIjoxODAwMDAwMDAwMDAwLCJkZWxldGUiOjE4MDAwMDAwMDAwMDAsInVwZGF0ZSI6MTgwMDAwMDAwMDAwMH19",
          "dependencies": [
            "data.openstack_compute_keypair_v2.default",
            "data.openstack_images_image_v2.ubuntu",
            "data.openstack_networking_network_v2.public",
            "openstack_networking_port_v2.cp_ports",
            "openstack_networking_secgroup_v2.k8s_secgroup"
          ]
        }
      ]
    },
    {
      "mode": "managed",
      "type": "openstack_compute_instance_v2",
      "name": "worker",
      "provider": "provider[\"registry.terraform.io/terraform-provider-openstack/openstack\"]",
      "instances": [
        {
          "index_key": 0,
          "schema_version": 0,
          "attributes": {
            "access_ip_v4": "10.202.22.162",
            "access_ip_v6": "",
            "admin_pass": null,
            "all_metadata": {},
            "all_tags": [],
            "availability_zone": "nova",
            "availability_zone_hints": null,
            "block_device": [],
            "config_drive": true,
            "created": "2026-02-14 09:51:51 +0000 UTC",
            "flavor_id": "3",
            "flavor_name": "m1.medium",
            "floating_ip": null,
            "force_delete": false,
            "id": "2152870d-d4ba-4da7-8fd2-74f2d43fe58b",
            "image_id": "06620e59-d02e-4483-811f-f089b9a179f2",
            "image_name": "Ubuntu-22.04",
            "key_pair": "terraform",
            "metadata": null,
            "name": "k8s-worker1",
            "network": [
              {
                "access_network": false,
                "fixed_ip_v4": "10.202.22.162",
                "fixed_ip_v6": "",
                "floating_ip": "",
                "mac": "fa:16:3e:03:76:cd",
                "name": "public",
                "port": "a56fc293-de98-42ab-a82b-dbcc284780f1",
                "uuid": "b30e586d-0dac-41fd-899c-a18577853064"
              }
            ],
            "network_mode": null,
            "personality": [],
            "power_state": "active",
            "region": "RegionOne",
            "scheduler_hints": [],
            "security_groups": [
              "k8s-sg"
            ],
            "stop_before_destroy": false,
            "tags": [],
            "timeouts": null,
            "updated": "2026-02-14 09:51:58 +0000 UTC",
            "user_data": "e55938770960fbcb437e532ac10c0841b7394241",
            "vendor_options": [],
            "volume": []
          },
          "sensitive_attributes": [
            [
              {
                "type": "get_attr",
                "value": "admin_pass"
              }
            ]
          ],
          "identity_schema_version": 0,
          "private": "eyJlMmJmYjczMC1lY2FhLTExZTYtOGY4OC0zNDM2M2JjN2M0YzAiOnsiY3JlYXRlIjoxODAwMDAwMDAwMDAwLCJkZWxldGUiOjE4MDAwMDAwMDAwMDAsInVwZGF0ZSI6MTgwMDAwMDAwMDAwMH19",
          "dependencies": [
            "data.openstack_compute_keypair_v2.default",
            "data.openstack_images_image_v2.ubuntu",
            "data.openstack_networking_network_v2.public",
            "openstack_networking_port_v2.cp_ports",
            "openstack_networking_port_v2.worker_ports",
            "openstack_networking_secgroup_v2.k8s_secgroup"
          ]
        },
        {
          "index_key": 1,
          "schema_version": 0,
          "attributes": {
            "access_ip_v4": "10.202.22.178",
            "access_ip_v6": "",
            "admin_pass": null,
            "all_metadata": {},
            "all_tags": [],
            "availability_zone": "nova",
            "availability_zone_hints": null,
            "block_device": [],
            "config_drive": true,
            "created": "2026-02-14 09:51:51 +0000 UTC",
            "flavor_id": "3",
            "flavor_name": "m1.medium",
            "floating_ip": null,
            "force_delete": false,
            "id": "96ee568b-db3e-4eaa-ae3f-77e5731a8786",
            "image_id": "06620e59-d02e-4483-811f-f089b9a179f2",
            "image_name": "Ubuntu-22.04",
            "key_pair": "terraform",
            "metadata": null,
            "name": "k8s-worker2",
            "network": [
              {
                "access_network": false,
                "fixed_ip_v4": "10.202.22.178",
                "fixed_ip_v6": "",
                "floating_ip": "",
                "mac": "fa:16:3e:ce:f3:aa",
                "name": "public",
                "port": "f8875cc8-1201-447e-a0ef-9cde966020fb",
                "uuid": "b30e586d-0dac-41fd-899c-a18577853064"
              }
            ],
            "network_mode": null,
            "personality": [],
            "power_state": "active",
            "region": "RegionOne",
            "scheduler_hints": [],
            "security_groups": [
              "k8s-sg"
            ],
            "stop_before_destroy": false,
            "tags": [],
            "timeouts": null,
            "updated": "2026-02-14 09:51:58 +0000 UTC",
            "user_data": "e55938770960fbcb437e532ac10c0841b7394241",
            "vendor_options": [],
            "volume": []
          },
          "sensitive_attributes": [
            [
              {
                "type": "get_attr",
                "value": "admin_pass"
              }
            ]
          ],
          "identity_schema_version": 0,
          "private": "eyJlMmJmYjczMC1lY2FhLTExZTYtOGY4OC0zNDM2M2JjN2M0YzAiOnsiY3JlYXRlIjoxODAwMDAwMDAwMDAwLCJkZWxldGUiOjE4MDAwMDAwMDAwMDAsInVwZGF0ZSI6MTgwMDAwMDAwMDAwMH19",
          "dependencies": [
            "data.openstack_compute_keypair_v2.default",
            "data.openstack_images_image_v2.ubuntu",
            "data.openstack_networking_network_v2.public",
            "openstack_networking_port_v2.cp_ports",
            "openstack_networking_port_v2.worker_ports",
            "openstack_networking_secgroup_v2.k8s_secgroup"
          ]
        },
        {
          "index_key": 2,
          "schema_version": 0,
          "attributes": {
            "access_ip_v4": "10.202.22.147",
            "access_ip_v6": "",
            "admin_pass": null,
            "all_metadata": {},
            "all_tags": [],
            "availability_zone": "nova",
            "availability_zone_hints": null,
            "block_device": [],
            "config_drive": true,
            "created": "2026-02-14 09:51:51 +0000 UTC",
            "flavor_id": "3",
            "flavor_name": "m1.medium",
            "floating_ip": null,
            "force_delete": false,
            "id": "354a2c71-f06f-48f6-b5be-081b9a2b6427",
            "image_id": "06620e59-d02e-4483-811f-f089b9a179f2",
            "image_name": "Ubuntu-22.04",
            "key_pair": "terraform",
            "metadata": null,
            "name": "k8s-worker3",
            "network": [
              {
                "access_network": false,
                "fixed_ip_v4": "10.202.22.147",
                "fixed_ip_v6": "",
                "floating_ip": "",
                "mac": "fa:16:3e:8b:a6:26",
                "name": "public",
                "port": "91b4bb44-8bf6-454b-a289-89948e6d36ec",
                "uuid": "b30e586d-0dac-41fd-899c-a18577853064"
              }
            ],
            "network_mode": null,
            "personality": [],
            "power_state": "active",
            "region": "RegionOne",
            "scheduler_hints": [],
            "security_groups": [
              "k8s-sg"
            ],
            "stop_before_destroy": false,
            "tags": [],
            "timeouts": null,
            "updated": "2026-02-14 09:51:57 +0000 UTC",
            "user_data": "e55938770960fbcb437e532ac10c0841b7394241",
            "vendor_options": [],
            "volume": []
          },
          "sensitive_attributes": [
            [
              {
                "type": "get_attr",
                "value": "admin_pass"
              }
            ]
          ],
          "identity_schema_version": 0,
          "private": "eyJlMmJmYjczMC1lY2FhLTExZTYtOGY4OC0zNDM2M2JjN2M0YzAiOnsiY3JlYXRlIjoxODAwMDAwMDAwMDAwLCJkZWxldGUiOjE4MDAwMDAwMDAwMDAsInVwZGF0ZSI6MTgwMDAwMDAwMDAwMH19",
          "dependencies": [
            "data.openstack_compute_keypair_v2.default",
            "data.openstack_images_image_v2.ubuntu",
            "data.openstack_networking_network_v2.public",
            "openstack_networking_port_v2.cp_ports",
            "openstack_networking_port_v2.worker_ports",
            "openstack_networking_secgroup_v2.k8s_secgroup"
          ]
        }
      ]
    },
    {
      "mode": "managed",
      "type": "openstack_compute_volume_attach_v2",
      "name": "cp_volume_attach",
      "provider": "provider[\"registry.terraform.io/terraform-provider-openstack/openstack\"]",
      "instances": [
        {
          "index_key": 0,
          "schema_version": 0,
          "attributes": {
            "device": "/dev/vdb",
            "id": "7294fed3-bfc9-4b50-8403-7f02907eeb91/56413fd9-5a26-4431-9749-bd8ab6c57142",
            "instance_id": "7294fed3-bfc9-4b50-8403-7f02907eeb91",
            "multiattach": null,
            "region": "RegionOne",
            "timeouts": null,
            "vendor_options": [],
            "volume_id": "56413fd9-5a26-4431-9749-bd8ab6c57142"
          },
          "sensitive_attributes": [],
          "identity_schema_version": 0,
          "private": "eyJlMmJmYjczMC1lY2FhLTExZTYtOGY4OC0zNDM2M2JjN2M0YzAiOnsiY3JlYXRlIjo2MDAwMDAwMDAwMDAsImRlbGV0ZSI6NjAwMDAwMDAwMDAwfX0=",
          "dependencies": [
            "data.openstack_compute_keypair_v2.default",
            "data.openstack_images_image_v2.ubuntu",
            "data.openstack_networking_network_v2.public",
            "openstack_blockstorage_volume_v3.cp_data",
            "openstack_compute_instance_v2.cp",
            "openstack_networking_port_v2.cp_ports",
            "openstack_networking_secgroup_v2.k8s_secgroup"
          ]
        },
        {
          "index_key": 1,
          "schema_version": 0,
          "attributes": {
            "device": "/dev/vdb",
            "id": "6faa3453-bba8-4798-80b3-6dfda12d0ca4/9be9741c-dd44-4397-92cd-dfff3819fd09",
            "instance_id": "6faa3453-bba8-4798-80b3-6dfda12d0ca4",
            "multiattach": null,
            "region": "RegionOne",
            "timeouts": null,
            "vendor_options": [],
            "volume_id": "9be9741c-dd44-4397-92cd-dfff3819fd09"
          },
          "sensitive_attributes": [],
          "identity_schema_version": 0,
          "private": "eyJlMmJmYjczMC1lY2FhLTExZTYtOGY4OC0zNDM2M2JjN2M0YzAiOnsiY3JlYXRlIjo2MDAwMDAwMDAwMDAsImRlbGV0ZSI6NjAwMDAwMDAwMDAwfX0=",
          "dependencies": [
            "data.openstack_compute_keypair_v2.default",
            "data.openstack_images_image_v2.ubuntu",
            "data.openstack_networking_network_v2.public",
            "openstack_blockstorage_volume_v3.cp_data",
            "openstack_compute_instance_v2.cp",
            "openstack_networking_port_v2.cp_ports",
            "openstack_networking_secgroup_v2.k8s_secgroup"
          ]
        },
        {
          "index_key": 2,
          "schema_version": 0,
          "attributes": {
            "device": "/dev/vdb",
            "id": "5e51d806-4b94-43a2-8c3b-b10824198404/5d77118f-6029-491a-ac36-3047ce2b62f9",
            "instance_id": "5e51d806-4b94-43a2-8c3b-b10824198404",
            "multiattach": null,
            "region": "RegionOne",
            "timeouts": null,
            "vendor_options": [],
            "volume_id": "5d77118f-6029-491a-ac36-3047ce2b62f9"
          },
          "sensitive_attributes": [],
          "identity_schema_version": 0,
          "private": "eyJlMmJmYjczMC1lY2FhLTExZTYtOGY4OC0zNDM2M2JjN2M0YzAiOnsiY3JlYXRlIjo2MDAwMDAwMDAwMDAsImRlbGV0ZSI6NjAwMDAwMDAwMDAwfX0=",
          "dependencies": [
            "data.openstack_compute_keypair_v2.default",
            "data.openstack_images_image_v2.ubuntu",
            "data.openstack_networking_network_v2.public",
            "openstack_blockstorage_volume_v3.cp_data",
            "openstack_compute_instance_v2.cp",
            "openstack_networking_port_v2.cp_ports",
            "openstack_networking_secgroup_v2.k8s_secgroup"
          ]
        }
      ]
    },
    {
      "mode": "managed",
      "type": "openstack_compute_volume_attach_v2",
      "name": "rook_volume_attach",
      "provider": "provider[\"registry.terraform.io/terraform-provider-openstack/openstack\"]",
      "instances": [
        {
          "index_key": 0,
          "schema_version": 0,
          "attributes": {
            "device": "/dev/vdc",
            "id": "2152870d-d4ba-4da7-8fd2-74f2d43fe58b/3f72b275-f7ed-4572-b719-6992a6a21895",
            "instance_id": "2152870d-d4ba-4da7-8fd2-74f2d43fe58b",
            "multiattach": null,
            "region": "RegionOne",
            "timeouts": null,
            "vendor_options": [],
            "volume_id": "3f72b275-f7ed-4572-b719-6992a6a21895"
          },
          "sensitive_attributes": [],
          "identity_schema_version": 0,
          "private": "eyJlMmJmYjczMC1lY2FhLTExZTYtOGY4OC0zNDM2M2JjN2M0YzAiOnsiY3JlYXRlIjo2MDAwMDAwMDAwMDAsImRlbGV0ZSI6NjAwMDAwMDAwMDAwfX0=",
          "dependencies": [
            "data.openstack_compute_keypair_v2.default",
            "data.openstack_images_image_v2.ubuntu",
            "data.openstack_networking_network_v2.public",
            "openstack_blockstorage_volume_v3.rook_data",
            "openstack_compute_instance_v2.worker",
            "openstack_networking_port_v2.cp_ports",
            "openstack_networking_port_v2.worker_ports",
            "openstack_networking_secgroup_v2.k8s_secgroup"
          ]
        },
        {
          "index_key": 1,
          "schema_version": 0,
          "attributes": {
            "device": "/dev/vdc",
            "id": "96ee568b-db3e-4eaa-ae3f-77e5731a8786/be7850bd-c91c-416d-8648-06229db36881",
            "instance_id": "96ee568b-db3e-4eaa-ae3f-77e5731a8786",
            "multiattach": null,
            "region": "RegionOne",
            "timeouts": null,
            "vendor_options": [],
            "volume_id": "be7850bd-c91c-416d-8648-06229db36881"
          },
          "sensitive_attributes": [],
          "identity_schema_version": 0,
          "private": "eyJlMmJmYjczMC1lY2FhLTExZTYtOGY4OC0zNDM2M2JjN2M0YzAiOnsiY3JlYXRlIjo2MDAwMDAwMDAwMDAsImRlbGV0ZSI6NjAwMDAwMDAwMDAwfX0=",
          "dependencies": [
            "data.openstack_compute_keypair_v2.default",
            "data.openstack_images_image_v2.ubuntu",
            "data.openstack_networking_network_v2.public",
            "openstack_blockstorage_volume_v3.rook_data",
            "openstack_compute_instance_v2.worker",
            "openstack_networking_port_v2.cp_ports",
            "openstack_networking_port_v2.worker_ports",
            "openstack_networking_secgroup_v2.k8s_secgroup"
          ]
        },
        {
          "index_key": 2,
          "schema_version": 0,
          "attributes": {
            "device": "/dev/vdb",
            "id": "354a2c71-f06f-48f6-b5be-081b9a2b6427/02d61c2e-1f67-443c-9058-776ebd477151",
            "instance_id": "354a2c71-f06f-48f6-b5be-081b9a2b6427",
            "multiattach": null,
            "region": "RegionOne",
            "timeouts": null,
            "vendor_options": [],
            "volume_id": "02d61c2e-1f67-443c-9058-776ebd477151"
          },
          "sensitive_attributes": [],
          "identity_schema_version": 0,
          "private": "eyJlMmJmYjczMC1lY2FhLTExZTYtOGY4OC0zNDM2M2JjN2M0YzAiOnsiY3JlYXRlIjo2MDAwMDAwMDAwMDAsImRlbGV0ZSI6NjAwMDAwMDAwMDAwfX0=",
          "dependencies": [
            "data.openstack_compute_keypair_v2.default",
            "data.openstack_images_image_v2.ubuntu",
            "data.openstack_networking_network_v2.public",
            "openstack_blockstorage_volume_v3.rook_data",
            "openstack_compute_instance_v2.worker",
            "openstack_networking_port_v2.cp_ports",
            "openstack_networking_port_v2.worker_ports",
            "openstack_networking_secgroup_v2.k8s_secgroup"
          ]
        }
      ]
    },
    {
      "mode": "managed",
      "type": "openstack_compute_volume_attach_v2",
      "name": "worker_volume_attach",
      "provider": "provider[\"registry.terraform.io/terraform-provider-openstack/openstack\"]",
      "instances": [
        {
          "index_key": 0,
          "schema_version": 0,
          "attributes": {
            "device": "/dev/vdb",
            "id": "2152870d-d4ba-4da7-8fd2-74f2d43fe58b/f20f510f-e421-4827-9e48-181aedb0e009",
            "instance_id": "2152870d-d4ba-4da7-8fd2-74f2d43fe58b",
            "multiattach": null,
            "region": "RegionOne",
            "timeouts": null,
            "vendor_options": [],
            "volume_id": "f20f510f-e421-4827-9e48-181aedb0e009"
          },
          "sensitive_attributes": [],
          "identity_schema_version": 0,
          "private": "eyJlMmJmYjczMC1lY2FhLTExZTYtOGY4OC0zNDM2M2JjN2M0YzAiOnsiY3JlYXRlIjo2MDAwMDAwMDAwMDAsImRlbGV0ZSI6NjAwMDAwMDAwMDAwfX0=",
          "dependencies": [
            "data.openstack_compute_keypair_v2.default",
            "data.openstack_images_image_v2.ubuntu",
            "data.openstack_networking_network_v2.public",
            "openstack_blockstorage_volume_v3.worker_data",
            "openstack_compute_instance_v2.worker",
            "openstack_networking_port_v2.cp_ports",
            "openstack_networking_port_v2.worker_ports",
            "openstack_networking_secgroup_v2.k8s_secgroup"
          ]
        },
        {
          "index_key": 1,
          "schema_version": 0,
          "attributes": {
            "device": "/dev/vdb",
            "id": "96ee568b-db3e-4eaa-ae3f-77e5731a8786/5df75671-4f58-4a03-bb9a-15283eb76fcb",
            "instance_id": "96ee568b-db3e-4eaa-ae3f-77e5731a8786",
            "multiattach": null,
            "region": "RegionOne",
            "timeouts": null,
            "vendor_options": [],
            "volume_id": "5df75671-4f58-4a03-bb9a-15283eb76fcb"
          },
          "sensitive_attributes": [],
          "identity_schema_version": 0,
          "private": "eyJlMmJmYjczMC1lY2FhLTExZTYtOGY4OC0zNDM2M2JjN2M0YzAiOnsiY3JlYXRlIjo2MDAwMDAwMDAwMDAsImRlbGV0ZSI6NjAwMDAwMDAwMDAwfX0=",
          "dependencies": [
            "data.openstack_compute_keypair_v2.default",
            "data.openstack_images_image_v2.ubuntu",
            "data.openstack_networking_network_v2.public",
            "openstack_blockstorage_volume_v3.worker_data",
            "openstack_compute_instance_v2.worker",
            "openstack_networking_port_v2.cp_ports",
            "openstack_networking_port_v2.worker_ports",
            "openstack_networking_secgroup_v2.k8s_secgroup"
          ]
        },
        {
          "index_key": 2,
          "schema_version": 0,
          "attributes": {
            "device": "/dev/vdc",
            "id": "354a2c71-f06f-48f6-b5be-081b9a2b6427/2b59e483-1ee4-439b-af88-09fb561a2459",
            "instance_id": "354a2c71-f06f-48f6-b5be-081b9a2b6427",
            "multiattach": null,
            "region": "RegionOne",
            "timeouts": null,
            "vendor_options": [],
            "volume_id": "2b59e483-1ee4-439b-af88-09fb561a2459"
          },
          "sensitive_attributes": [],
          "identity_schema_version": 0,
          "private": "eyJlMmJmYjczMC1lY2FhLTExZTYtOGY4OC0zNDM2M2JjN2M0YzAiOnsiY3JlYXRlIjo2MDAwMDAwMDAwMDAsImRlbGV0ZSI6NjAwMDAwMDAwMDAwfX0=",
          "dependencies": [
            "data.openstack_compute_keypair_v2.default",
            "data.openstack_images_image_v2.ubuntu",
            "data.openstack_networking_network_v2.public",
            "openstack_blockstorage_volume_v3.worker_data",
            "openstack_compute_instance_v2.worker",
            "openstack_networking_port_v2.cp_ports",
            "openstack_networking_port_v2.worker_ports",
            "openstack_networking_secgroup_v2.k8s_secgroup"
          ]
        }
      ]
    },
    {
      "mode": "managed",
      "type": "openstack_networking_port_v2",
      "name": "cp_ports",
      "provider": "provider[\"registry.terraform.io/terraform-provider-openstack/openstack\"]",
      "instances": [
        {
          "index_key": 0,
          "schema_version": 0,
          "attributes": {
            "admin_state_up": true,
            "all_fixed_ips": [
              "10.202.22.191"
            ],
            "all_security_group_ids": [
              "03416a9a-172a-48df-8199-a21510d4413f"
            ],
            "all_tags": [],
            "allowed_address_pairs": [
              {
                "ip_address": "10.202.0.0/16",
                "mac_address": ""
              }
            ],
            "binding": [
              {
                "host_id": "cmp200.local",
                "profile": "{}",
                "vif_details": {
                  "bound_drivers": "{\"0\":\"ovn\"}",
                  "bridge_name": "br-int",
                  "connectivity": "l2",
                  "datapath_type": "system",
                  "port_filter": "true"
                },
                "vif_type": "ovs",
                "vnic_type": "normal"
              }
            ],
            "description": "",
            "device_id": "7294fed3-bfc9-4b50-8403-7f02907eeb91",
            "device_owner": "compute:nova",
            "dns_assignment": [],
            "dns_name": "",
            "extra_dhcp_option": [],
            "fixed_ip": [],
            "id": "1fd39885-1b1b-441a-88a9-c23caba76359",
            "mac_address": "fa:16:3e:b5:26:88",
            "name": "port-k8s-cp1",
            "network_id": "b30e586d-0dac-41fd-899c-a18577853064",
            "no_fixed_ip": null,
            "no_security_groups": null,
            "port_security_enabled": true,
            "qos_policy_id": "",
            "region": "RegionOne",
            "security_group_ids": [
              "03416a9a-172a-48df-8199-a21510d4413f"
            ],
            "tags": [],
            "tenant_id": "83af1f45e02e46cc883fbc0047449e72",
            "timeouts": null,
            "value_specs": null
          },
          "sensitive_attributes": [],
          "identity_schema_version": 0,
          "private": "eyJlMmJmYjczMC1lY2FhLTExZTYtOGY4OC0zNDM2M2JjN2M0YzAiOnsiY3JlYXRlIjo2MDAwMDAwMDAwMDAsImRlbGV0ZSI6NjAwMDAwMDAwMDAwfX0=",
          "dependencies": [
            "data.openstack_networking_network_v2.public",
            "openstack_networking_secgroup_v2.k8s_secgroup"
          ]
        },
        {
          "index_key": 1,
          "schema_version": 0,
          "attributes": {
            "admin_state_up": true,
            "all_fixed_ips": [
              "10.202.22.168"
            ],
            "all_security_group_ids": [
              "03416a9a-172a-48df-8199-a21510d4413f"
            ],
            "all_tags": [],
            "allowed_address_pairs": [
              {
                "ip_address": "10.202.0.0/16",
                "mac_address": ""
              }
            ],
            "binding": [
              {
                "host_id": "cmp200.local",
                "profile": "{}",
                "vif_details": {
                  "bound_drivers": "{\"0\":\"ovn\"}",
                  "bridge_name": "br-int",
                  "connectivity": "l2",
                  "datapath_type": "system",
                  "port_filter": "true"
                },
                "vif_type": "ovs",
                "vnic_type": "normal"
              }
            ],
            "description": "",
            "device_id": "6faa3453-bba8-4798-80b3-6dfda12d0ca4",
            "device_owner": "compute:nova",
            "dns_assignment": [],
            "dns_name": "",
            "extra_dhcp_option": [],
            "fixed_ip": [],
            "id": "56b6056b-f9e2-48cb-99de-e52167e41f78",
            "mac_address": "fa:16:3e:0d:56:56",
            "name": "port-k8s-cp2",
            "network_id": "b30e586d-0dac-41fd-899c-a18577853064",
            "no_fixed_ip": null,
            "no_security_groups": null,
            "port_security_enabled": true,
            "qos_policy_id": "",
            "region": "RegionOne",
            "security_group_ids": [
              "03416a9a-172a-48df-8199-a21510d4413f"
            ],
            "tags": [],
            "tenant_id": "83af1f45e02e46cc883fbc0047449e72",
            "timeouts": null,
            "value_specs": null
          },
          "sensitive_attributes": [],
          "identity_schema_version": 0,
          "private": "eyJlMmJmYjczMC1lY2FhLTExZTYtOGY4OC0zNDM2M2JjN2M0YzAiOnsiY3JlYXRlIjo2MDAwMDAwMDAwMDAsImRlbGV0ZSI6NjAwMDAwMDAwMDAwfX0=",
          "dependencies": [
            "data.openstack_networking_network_v2.public",
            "openstack_networking_secgroup_v2.k8s_secgroup"
          ]
        },
        {
          "index_key": 2,
          "schema_version": 0,
          "attributes": {
            "admin_state_up": true,
            "all_fixed_ips": [
              "10.202.22.189"
            ],
            "all_security_group_ids": [
              "03416a9a-172a-48df-8199-a21510d4413f"
            ],
            "all_tags": [],
            "allowed_address_pairs": [
              {
                "ip_address": "10.202.0.0/16",
                "mac_address": ""
              }
            ],
            "binding": [
              {
                "host_id": "cmp200.local",
                "profile": "{}",
                "vif_details": {
                  "bound_drivers": "{\"0\":\"ovn\"}",
                  "bridge_name": "br-int",
                  "connectivity": "l2",
                  "datapath_type": "system",
                  "port_filter": "true"
                },
                "vif_type": "ovs",
                "vnic_type": "normal"
              }
            ],
            "description": "",
            "device_id": "5e51d806-4b94-43a2-8c3b-b10824198404",
            "device_owner": "compute:nova",
            "dns_assignment": [],
            "dns_name": "",
            "extra_dhcp_option": [],
            "fixed_ip": [],
            "id": "44f6fd2e-f832-4063-8405-03f8eca1f968",
            "mac_address": "fa:16:3e:ff:9d:6a",
            "name": "port-k8s-cp3",
            "network_id": "b30e586d-0dac-41fd-899c-a18577853064",
            "no_fixed_ip": null,
            "no_security_groups": null,
            "port_security_enabled": true,
            "qos_policy_id": "",
            "region": "RegionOne",
            "security_group_ids": [
              "03416a9a-172a-48df-8199-a21510d4413f"
            ],
            "tags": [],
            "tenant_id": "83af1f45e02e46cc883fbc0047449e72",
            "timeouts": null,
            "value_specs": null
          },
          "sensitive_attributes": [],
          "identity_schema_version": 0,
          "private": "eyJlMmJmYjczMC1lY2FhLTExZTYtOGY4OC0zNDM2M2JjN2M0YzAiOnsiY3JlYXRlIjo2MDAwMDAwMDAwMDAsImRlbGV0ZSI6NjAwMDAwMDAwMDAwfX0=",
          "dependencies": [
            "data.openstack_networking_network_v2.public",
            "openstack_networking_secgroup_v2.k8s_secgroup"
          ]
        }
      ]
    },
    {
      "mode": "managed",
      "type": "openstack_networking_port_v2",
      "name": "worker_ports",
      "provider": "provider[\"registry.terraform.io/terraform-provider-openstack/openstack\"]",
      "instances": [
        {
          "index_key": 0,
          "schema_version": 0,
          "attributes": {
            "admin_state_up": true,
            "all_fixed_ips": [
              "10.202.22.162"
            ],
            "all_security_group_ids": [
              "03416a9a-172a-48df-8199-a21510d4413f"
            ],
            "all_tags": [],
            "allowed_address_pairs": [
              {
                "ip_address": "10.202.0.0/16",
                "mac_address": ""
              }
            ],
            "binding": [
              {
                "host_id": "cmp03.local",
                "profile": "{}",
                "vif_details": {
                  "bound_drivers": "{\"0\":\"ovn\"}",
                  "bridge_name": "br-int",
                  "connectivity": "l2",
                  "datapath_type": "system",
                  "port_filter": "true"
                },
                "vif_type": "ovs",
                "vnic_type": "normal"
              }
            ],
            "description": "",
            "device_id": "2152870d-d4ba-4da7-8fd2-74f2d43fe58b",
            "device_owner": "compute:nova",
            "dns_assignment": [],
            "dns_name": "",
            "extra_dhcp_option": [],
            "fixed_ip": [],
            "id": "a56fc293-de98-42ab-a82b-dbcc284780f1",
            "mac_address": "fa:16:3e:03:76:cd",
            "name": "port-k8s-worker1",
            "network_id": "b30e586d-0dac-41fd-899c-a18577853064",
            "no_fixed_ip": null,
            "no_security_groups": null,
            "port_security_enabled": true,
            "qos_policy_id": "",
            "region": "RegionOne",
            "security_group_ids": [
              "03416a9a-172a-48df-8199-a21510d4413f"
            ],
            "tags": [],
            "tenant_id": "83af1f45e02e46cc883fbc0047449e72",
            "timeouts": null,
            "value_specs": null
          },
          "sensitive_attributes": [],
          "identity_schema_version": 0,
          "private": "eyJlMmJmYjczMC1lY2FhLTExZTYtOGY4OC0zNDM2M2JjN2M0YzAiOnsiY3JlYXRlIjo2MDAwMDAwMDAwMDAsImRlbGV0ZSI6NjAwMDAwMDAwMDAwfX0=",
          "dependencies": [
            "data.openstack_networking_network_v2.public",
            "openstack_networking_secgroup_v2.k8s_secgroup"
          ]
        },
        {
          "index_key": 1,
          "schema_version": 0,
          "attributes": {
            "admin_state_up": true,
            "all_fixed_ips": [
              "10.202.22.178"
            ],
            "all_security_group_ids": [
              "03416a9a-172a-48df-8199-a21510d4413f"
            ],
            "all_tags": [],
            "allowed_address_pairs": [
              {
                "ip_address": "10.202.0.0/16",
                "mac_address": ""
              }
            ],
            "binding": [
              {
                "host_id": "cmp03.local",
                "profile": "{}",
                "vif_details": {
                  "bound_drivers": "{\"0\":\"ovn\"}",
                  "bridge_name": "br-int",
                  "connectivity": "l2",
                  "datapath_type": "system",
                  "port_filter": "true"
                },
                "vif_type": "ovs",
                "vnic_type": "normal"
              }
            ],
            "description": "",
            "device_id": "96ee568b-db3e-4eaa-ae3f-77e5731a8786",
            "device_owner": "compute:nova",
            "dns_assignment": [],
            "dns_name": "",
            "extra_dhcp_option": [],
            "fixed_ip": [],
            "id": "f8875cc8-1201-447e-a0ef-9cde966020fb",
            "mac_address": "fa:16:3e:ce:f3:aa",
            "name": "port-k8s-worker2",
            "network_id": "b30e586d-0dac-41fd-899c-a18577853064",
            "no_fixed_ip": null,
            "no_security_groups": null,
            "port_security_enabled": true,
            "qos_policy_id": "",
            "region": "RegionOne",
            "security_group_ids": [
              "03416a9a-172a-48df-8199-a21510d4413f"
            ],
            "tags": [],
            "tenant_id": "83af1f45e02e46cc883fbc0047449e72",
            "timeouts": null,
            "value_specs": null
          },
          "sensitive_attributes": [],
          "identity_schema_version": 0,
          "private": "eyJlMmJmYjczMC1lY2FhLTExZTYtOGY4OC0zNDM2M2JjN2M0YzAiOnsiY3JlYXRlIjo2MDAwMDAwMDAwMDAsImRlbGV0ZSI6NjAwMDAwMDAwMDAwfX0=",
          "dependencies": [
            "data.openstack_networking_network_v2.public",
            "openstack_networking_secgroup_v2.k8s_secgroup"
          ]
        },
        {
          "index_key": 2,
          "schema_version": 0,
          "attributes": {
            "admin_state_up": true,
            "all_fixed_ips": [
              "10.202.22.147"
            ],
            "all_security_group_ids": [
              "03416a9a-172a-48df-8199-a21510d4413f"
            ],
            "all_tags": [],
            "allowed_address_pairs": [
              {
                "ip_address": "10.202.0.0/16",
                "mac_address": ""
              }
            ],
            "binding": [
              {
                "host_id": "cmp03.local",
                "profile": "{}",
                "vif_details": {
                  "bound_drivers": "{\"0\":\"ovn\"}",
                  "bridge_name": "br-int",
                  "connectivity": "l2",
                  "datapath_type": "system",
                  "port_filter": "true"
                },
                "vif_type": "ovs",
                "vnic_type": "normal"
              }
            ],
            "description": "",
            "device_id": "354a2c71-f06f-48f6-b5be-081b9a2b6427",
            "device_owner": "compute:nova",
            "dns_assignment": [],
            "dns_name": "",
            "extra_dhcp_option": [],
            "fixed_ip": [],
            "id": "91b4bb44-8bf6-454b-a289-89948e6d36ec",
            "mac_address": "fa:16:3e:8b:a6:26",
            "name": "port-k8s-worker3",
            "network_id": "b30e586d-0dac-41fd-899c-a18577853064",
            "no_fixed_ip": null,
            "no_security_groups": null,
            "port_security_enabled": true,
            "qos_policy_id": "",
            "region": "RegionOne",
            "security_group_ids": [
              "03416a9a-172a-48df-8199-a21510d4413f"
            ],
            "tags": [],
            "tenant_id": "83af1f45e02e46cc883fbc0047449e72",
            "timeouts": null,
            "value_specs": null
          },
          "sensitive_attributes": [],
          "identity_schema_version": 0,
          "private": "eyJlMmJmYjczMC1lY2FhLTExZTYtOGY4OC0zNDM2M2JjN2M0YzAiOnsiY3JlYXRlIjo2MDAwMDAwMDAwMDAsImRlbGV0ZSI6NjAwMDAwMDAwMDAwfX0=",
          "dependencies": [
            "data.openstack_networking_network_v2.public",
            "openstack_networking_secgroup_v2.k8s_secgroup"
          ]
        }
      ]
    },
    {
      "mode": "managed",
      "type": "openstack_networking_secgroup_rule_v2",
      "name": "dns_tcp_rule",
      "provider": "provider[\"registry.terraform.io/terraform-provider-openstack/openstack\"]",
      "instances": [
        {
          "schema_version": 0,
          "attributes": {
            "description": "",
            "direction": "ingress",
            "ethertype": "IPv4",
            "id": "326359a7-8184-4ca6-9178-09fcbb7d87dd",
            "port_range_max": 53,
            "port_range_min": 53,
            "protocol": "tcp",
            "region": "RegionOne",
            "remote_group_id": "",
            "remote_ip_prefix": "0.0.0.0/0",
            "security_group_id": "03416a9a-172a-48df-8199-a21510d4413f",
            "tenant_id": "83af1f45e02e46cc883fbc0047449e72",
            "timeouts": null
          },
          "sensitive_attributes": [],
          "identity_schema_version": 0,
          "private": "eyJlMmJmYjczMC1lY2FhLTExZTYtOGY4OC0zNDM2M2JjN2M0YzAiOnsiZGVsZXRlIjo2MDAwMDAwMDAwMDB9fQ==",
          "dependencies": [
            "openstack_networking_secgroup_v2.k8s_secgroup"
          ]
        }
      ]
    },
    {
      "mode": "managed",
      "type": "openstack_networking_secgroup_rule_v2",
      "name": "dns_udp_rule",
      "provider": "provider[\"registry.terraform.io/terraform-provider-openstack/openstack\"]",
      "instances": [
        {
          "schema_version": 0,
          "attributes": {
            "description": "",
            "direction": "ingress",
            "ethertype": "IPv4",
            "id": "d73146b7-1fcb-46f5-b6d0-6813024cf1c5",
            "port_range_max": 53,
            "port_range_min": 53,
            "protocol": "udp",
            "region": "RegionOne",
            "remote_group_id": "",
            "remote_ip_prefix": "0.0.0.0/0",
            "security_group_id": "03416a9a-172a-48df-8199-a21510d4413f",
            "tenant_id": "83af1f45e02e46cc883fbc0047449e72",
            "timeouts": null
          },
          "sensitive_attributes": [],
          "identity_schema_version": 0,
          "private": "eyJlMmJmYjczMC1lY2FhLTExZTYtOGY4OC0zNDM2M2JjN2M0YzAiOnsiZGVsZXRlIjo2MDAwMDAwMDAwMDB9fQ==",
          "dependencies": [
            "openstack_networking_secgroup_v2.k8s_secgroup"
          ]
        }
      ]
    },
    {
      "mode": "managed",
      "type": "openstack_networking_secgroup_rule_v2",
      "name": "http_rule",
      "provider": "provider[\"registry.terraform.io/terraform-provider-openstack/openstack\"]",
      "instances": [
        {
          "schema_version": 0,
          "attributes": {
            "description": "",
            "direction": "ingress",
            "ethertype": "IPv4",
            "id": "345ba8fd-e552-44e9-bbb1-d676b8ce99d0",
            "port_range_max": 80,
            "port_range_min": 80,
            "protocol": "tcp",
            "region": "RegionOne",
            "remote_group_id": "",
            "remote_ip_prefix": "0.0.0.0/0",
            "security_group_id": "03416a9a-172a-48df-8199-a21510d4413f",
            "tenant_id": "83af1f45e02e46cc883fbc0047449e72",
            "timeouts": null
          },
          "sensitive_attributes": [],
          "identity_schema_version": 0,
          "private": "eyJlMmJmYjczMC1lY2FhLTExZTYtOGY4OC0zNDM2M2JjN2M0YzAiOnsiZGVsZXRlIjo2MDAwMDAwMDAwMDB9fQ==",
          "dependencies": [
            "openstack_networking_secgroup_v2.k8s_secgroup"
          ]
        }
      ]
    },
    {
      "mode": "managed",
      "type": "openstack_networking_secgroup_rule_v2",
      "name": "https_rule",
      "provider": "provider[\"registry.terraform.io/terraform-provider-openstack/openstack\"]",
      "instances": [
        {
          "schema_version": 0,
          "attributes": {
            "description": "",
            "direction": "ingress",
            "ethertype": "IPv4",
            "id": "c372f172-41f0-4d9e-8792-0dc3b6027649",
            "port_range_max": 443,
            "port_range_min": 443,
            "protocol": "tcp",
            "region": "RegionOne",
            "remote_group_id": "",
            "remote_ip_prefix": "0.0.0.0/0",
            "security_group_id": "03416a9a-172a-48df-8199-a21510d4413f",
            "tenant_id": "83af1f45e02e46cc883fbc0047449e72",
            "timeouts": null
          },
          "sensitive_attributes": [],
          "identity_schema_version": 0,
          "private": "eyJlMmJmYjczMC1lY2FhLTExZTYtOGY4OC0zNDM2M2JjN2M0YzAiOnsiZGVsZXRlIjo2MDAwMDAwMDAwMDB9fQ==",
          "dependencies": [
            "openstack_networking_secgroup_v2.k8s_secgroup"
          ]
        }
      ]
    },
    {
      "mode": "managed",
      "type": "openstack_networking_secgroup_rule_v2",
      "name": "icmp_rule",
      "provider": "provider[\"registry.terraform.io/terraform-provider-openstack/openstack\"]",
      "instances": [
        {
          "schema_version": 0,
          "attributes": {
            "description": "",
            "direction": "ingress",
            "ethertype": "IPv4",
            "id": "81f56240-9e5f-4003-aa25-780263d28240",
            "port_range_max": 0,
            "port_range_min": 0,
            "protocol": "icmp",
            "region": "RegionOne",
            "remote_group_id": "",
            "remote_ip_prefix": "",
            "security_group_id": "03416a9a-172a-48df-8199-a21510d4413f",
            "tenant_id": "83af1f45e02e46cc883fbc0047449e72",
            "timeouts": null
          },
          "sensitive_attributes": [],
          "identity_schema_version": 0,
          "private": "eyJlMmJmYjczMC1lY2FhLTExZTYtOGY4OC0zNDM2M2JjN2M0YzAiOnsiZGVsZXRlIjo2MDAwMDAwMDAwMDB9fQ==",
          "dependencies": [
            "openstack_networking_secgroup_v2.k8s_secgroup"
          ]
        }
      ]
    },
    {
      "mode": "managed",
      "type": "openstack_networking_secgroup_rule_v2",
      "name": "internal_rule",
      "provider": "provider[\"registry.terraform.io/terraform-provider-openstack/openstack\"]",
      "instances": [
        {
          "schema_version": 0,
          "attributes": {
            "description": "Allow all internal traffic",
            "direction": "ingress",
            "ethertype": "IPv4",
            "id": "5c8b35a6-5f6e-48ef-a75b-40a549cdbe07",
            "port_range_max": 0,
            "port_range_min": 0,
            "protocol": "",
            "region": "RegionOne",
            "remote_group_id": "03416a9a-172a-48df-8199-a21510d4413f",
            "remote_ip_prefix": "",
            "security_group_id": "03416a9a-172a-48df-8199-a21510d4413f",
            "tenant_id": "83af1f45e02e46cc883fbc0047449e72",
            "timeouts": null
          },
          "sensitive_attributes": [],
          "identity_schema_version": 0,
          "private": "eyJlMmJmYjczMC1lY2FhLTExZTYtOGY4OC0zNDM2M2JjN2M0YzAiOnsiZGVsZXRlIjo2MDAwMDAwMDAwMDB9fQ==",
          "dependencies": [
            "openstack_networking_secgroup_v2.k8s_secgroup"
          ]
        }
      ]
    },
    {
      "mode": "managed",
      "type": "openstack_networking_secgroup_rule_v2",
      "name": "k8s_api_rule",
      "provider": "provider[\"registry.terraform.io/terraform-provider-openstack/openstack\"]",
      "instances": [
        {
          "schema_version": 0,
          "attributes": {
            "description": "",
            "direction": "ingress",
            "ethertype": "IPv4",
            "id": "7163b477-b15b-421c-ab0f-87d1ba218a26",
            "port_range_max": 6443,
            "port_range_min": 6443,
            "protocol": "tcp",
            "region": "RegionOne",
            "remote_group_id": "",
            "remote_ip_prefix": "0.0.0.0/0",
            "security_group_id": "03416a9a-172a-48df-8199-a21510d4413f",
            "tenant_id": "83af1f45e02e46cc883fbc0047449e72",
            "timeouts": null
          },
          "sensitive_attributes": [],
          "identity_schema_version": 0,
          "private": "eyJlMmJmYjczMC1lY2FhLTExZTYtOGY4OC0zNDM2M2JjN2M0YzAiOnsiZGVsZXRlIjo2MDAwMDAwMDAwMDB9fQ==",
          "dependencies": [
            "openstack_networking_secgroup_v2.k8s_secgroup"
          ]
        }
      ]
    },
    {
      "mode": "managed",
      "type": "openstack_networking_secgroup_rule_v2",
      "name": "ssh_rule",
      "provider": "provider[\"registry.terraform.io/terraform-provider-openstack/openstack\"]",
      "instances": [
        {
          "schema_version": 0,
          "attributes": {
            "description": "",
            "direction": "ingress",
            "ethertype": "IPv4",
            "id": "981c5d43-6c8c-4f20-ac2f-274703c7e7f2",
            "port_range_max": 22,
            "port_range_min": 22,
            "protocol": "tcp",
            "region": "RegionOne",
            "remote_group_id": "",
            "remote_ip_prefix": "0.0.0.0/0",
            "security_group_id": "03416a9a-172a-48df-8199-a21510d4413f",
            "tenant_id": "83af1f45e02e46cc883fbc0047449e72",
            "timeouts": null
          },
          "sensitive_attributes": [],
          "identity_schema_version": 0,
          "private": "eyJlMmJmYjczMC1lY2FhLTExZTYtOGY4OC0zNDM2M2JjN2M0YzAiOnsiZGVsZXRlIjo2MDAwMDAwMDAwMDB9fQ==",
          "dependencies": [
            "openstack_networking_secgroup_v2.k8s_secgroup"
          ]
        }
      ]
    },
    {
      "mode": "managed",
      "type": "openstack_networking_secgroup_v2",
      "name": "k8s_secgroup",
      "provider": "provider[\"registry.terraform.io/terraform-provider-openstack/openstack\"]",
      "instances": [
        {
          "schema_version": 0,
          "attributes": {
            "all_tags": [],
            "delete_default_rules": null,
            "description": "Security group for Kubernetes cluster",
            "id": "03416a9a-172a-48df-8199-a21510d4413f",
            "name": "k8s-sg",
            "region": "RegionOne",
            "tags": [],
            "tenant_id": "83af1f45e02e46cc883fbc0047449e72",
            "timeouts": null
          },
          "sensitive_attributes": [],
          "identity_schema_version": 0,
          "private": "eyJlMmJmYjczMC1lY2FhLTExZTYtOGY4OC0zNDM2M2JjN2M0YzAiOnsiZGVsZXRlIjo2MDAwMDAwMDAwMDB9fQ=="
        }
      ]
    }
  ],
  "check_results": null
}
