{
  "version": 4,
  "terraform_version": "1.14.3",
  "serial": 3756,
  "lineage": "deabb51d-945b-6e9b-344c-34faad29aaed",
  "outputs": {
    "cp1_ip": {
      "value": "10.202.22.149",
      "type": "string"
    },
    "cp_ips": {
      "value": [
        "10.202.22.149",
        "10.202.22.156",
        "10.202.22.116"
      ],
      "type": [
        "tuple",
        [
          "string",
          "string",
          "string"
        ]
      ]
    },
    "ssh_command_cp1": {
      "value": "ssh ubuntu@10.202.22.149",
      "type": "string"
    },
    "worker_ips": {
      "value": [
        "10.202.22.155",
        "10.202.22.135",
        "10.202.22.123"
      ],
      "type": [
        "tuple",
        [
          "string",
          "string",
          "string"
        ]
      ]
    }
  },
  "resources": [
    {
      "mode": "data",
      "type": "openstack_compute_keypair_v2",
      "name": "default",
      "provider": "provider[\"registry.terraform.io/terraform-provider-openstack/openstack\"]",
      "instances": [
        {
          "schema_version": 0,
          "attributes": {
            "fingerprint": "d4:b7:27:94:39:6d:19:75:05:8b:82:2b:5e:0b:d9:d5",
            "id": "terraform",
            "name": "terraform",
            "public_key": "ssh-ed25519 AAAAC3NzaC1lZDI1NTE5AAAAILugZkXPjzwJbUutF/ajq8d7tGdZn2zS4hUhkRqmHUYc pierre.jaloghlian@etu.umontpellier.fr",
            "region": "RegionOne",
            "user_id": "a0ef7d9d03f54582b32d371bf14c070d"
          },
          "sensitive_attributes": [],
          "identity_schema_version": 0
        }
      ]
    },
    {
      "mode": "data",
      "type": "openstack_images_image_v2",
      "name": "ubuntu",
      "provider": "provider[\"registry.terraform.io/terraform-provider-openstack/openstack\"]",
      "instances": [
        {
          "schema_version": 0,
          "attributes": {
            "checksum": "feae9da27c50da7f45bfcca6b1f8aae0",
            "container_format": "bare",
            "created_at": "2026-01-23T13:45:49Z",
            "disk_format": "qcow2",
            "file": "/v2/images/06620e59-d02e-4483-811f-f089b9a179f2/file",
            "hidden": false,
            "id": "06620e59-d02e-4483-811f-f089b9a179f2",
            "member_status": null,
            "metadata": {},
            "min_disk_gb": 0,
            "min_ram_mb": 0,
            "most_recent": true,
            "name": "Ubuntu-22.04",
            "name_regex": null,
            "owner": "6414f9796f5340f6acad5b9510e77ef5",
            "properties": {
              "os_hash_algo": "sha512",
              "os_hash_value": "bdbfbec178ed26e088e095b72445cdd5a896dcc9e5c0f00862698aec4fa29c3c37e3d2392597043f5ed23c9bca346744bea3065979d88130a37bf27562891f3c",
              "stores": "file"
            },
            "protected": false,
            "region": "RegionOne",
            "schema": "/v2/schemas/image",
            "size_bytes": 688868864,
            "size_max": null,
            "size_min": null,
            "sort_direction": "asc",
            "sort_key": "name",
            "tag": null,
            "tags": [],
            "updated_at": "2026-01-23T13:45:52Z",
            "visibility": "public"
          },
          "sensitive_attributes": [],
          "identity_schema_version": 0
        }
      ]
    },
    {
      "mode": "data",
      "type": "openstack_networking_network_v2",
      "name": "public",
      "provider": "provider[\"registry.terraform.io/terraform-provider-openstack/openstack\"]",
      "instances": [
        {
          "schema_version": 0,
          "attributes": {
            "admin_state_up": "true",
            "all_tags": [],
            "availability_zone_hints": [],
            "description": "",
            "dns_domain": "",
            "external": true,
            "id": "b30e586d-0dac-41fd-899c-a18577853064",
            "matching_subnet_cidr": null,
            "mtu": 1500,
            "name": "public",
            "network_id": null,
            "region": "RegionOne",
            "segments": [
              {
                "network_type": "flat",
                "physical_network": "extnet",
                "segmentation_id": 0
              }
            ],
            "shared": "true",
            "status": null,
            "subnets": [
              "cb318b7f-065c-4309-87a7-0459bbbd985e"
            ],
            "tags": null,
            "tenant_id": "c498ba3dcc1041a1b0f07e9f56b09af5",
            "transparent_vlan": false
          },
          "sensitive_attributes": [],
          "identity_schema_version": 0
        }
      ]
    },
    {
      "mode": "managed",
      "type": "null_resource",
      "name": "cp_join",
      "provider": "provider[\"registry.terraform.io/hashicorp/null\"]",
      "instances": [
        {
          "index_key": 0,
          "schema_version": 0,
          "attributes": {
            "id": "8510607352863798330",
            "triggers": null
          },
          "sensitive_attributes": [],
          "identity_schema_version": 0,
          "dependencies": [
            "data.openstack_compute_keypair_v2.default",
            "data.openstack_images_image_v2.ubuntu",
            "data.openstack_networking_network_v2.public",
            "null_resource.wait_for_cp1_join_scripts",
            "openstack_compute_instance_v2.cp",
            "openstack_networking_port_v2.cp_ports",
            "openstack_networking_secgroup_v2.k8s_secgroup"
          ]
        },
        {
          "index_key": 1,
          "schema_version": 0,
          "attributes": {
            "id": "9039460691522888443",
            "triggers": null
          },
          "sensitive_attributes": [],
          "identity_schema_version": 0,
          "dependencies": [
            "data.openstack_compute_keypair_v2.default",
            "data.openstack_images_image_v2.ubuntu",
            "data.openstack_networking_network_v2.public",
            "null_resource.wait_for_cp1_join_scripts",
            "openstack_compute_instance_v2.cp",
            "openstack_networking_port_v2.cp_ports",
            "openstack_networking_secgroup_v2.k8s_secgroup"
          ]
        }
      ]
    },
    {
      "mode": "managed",
      "type": "null_resource",
      "name": "wait_for_cp1_join_scripts",
      "provider": "provider[\"registry.terraform.io/hashicorp/null\"]",
      "instances": [
        {
          "schema_version": 0,
          "attributes": {
            "id": "9182332317705442819",
            "triggers": null
          },
          "sensitive_attributes": [],
          "identity_schema_version": 0,
          "dependencies": [
            "data.openstack_compute_keypair_v2.default",
            "data.openstack_images_image_v2.ubuntu",
            "data.openstack_networking_network_v2.public",
            "openstack_compute_instance_v2.cp",
            "openstack_networking_port_v2.cp_ports",
            "openstack_networking_secgroup_v2.k8s_secgroup"
          ]
        }
      ]
    },
    {
      "mode": "managed",
      "type": "null_resource",
      "name": "worker_join",
      "provider": "provider[\"registry.terraform.io/hashicorp/null\"]",
      "instances": [
        {
          "index_key": 0,
          "schema_version": 0,
          "attributes": {
            "id": "7142419319300814083",
            "triggers": null
          },
          "sensitive_attributes": [],
          "identity_schema_version": 0,
          "dependencies": [
            "data.openstack_compute_keypair_v2.default",
            "data.openstack_images_image_v2.ubuntu",
            "data.openstack_networking_network_v2.public",
            "null_resource.wait_for_cp1_join_scripts",
            "openstack_compute_instance_v2.cp",
            "openstack_networking_port_v2.cp_ports",
            "openstack_networking_port_v2.worker_ports",
            "openstack_networking_secgroup_v2.k8s_secgroup"
          ]
        },
        {
          "index_key": 1,
          "schema_version": 0,
          "attributes": {
            "id": "5920520724564439261",
            "triggers": null
          },
          "sensitive_attributes": [],
          "identity_schema_version": 0,
          "dependencies": [
            "data.openstack_compute_keypair_v2.default",
            "data.openstack_images_image_v2.ubuntu",
            "data.openstack_networking_network_v2.public",
            "null_resource.wait_for_cp1_join_scripts",
            "openstack_compute_instance_v2.cp",
            "openstack_networking_port_v2.cp_ports",
            "openstack_networking_port_v2.worker_ports",
            "openstack_networking_secgroup_v2.k8s_secgroup"
          ]
        },
        {
          "index_key": 2,
          "schema_version": 0,
          "attributes": {
            "id": "9194232803547794620",
            "triggers": null
          },
          "sensitive_attributes": [],
          "identity_schema_version": 0,
          "dependencies": [
            "data.openstack_compute_keypair_v2.default",
            "data.openstack_images_image_v2.ubuntu",
            "data.openstack_networking_network_v2.public",
            "null_resource.wait_for_cp1_join_scripts",
            "openstack_compute_instance_v2.cp",
            "openstack_networking_port_v2.cp_ports",
            "openstack_networking_port_v2.worker_ports",
            "openstack_networking_secgroup_v2.k8s_secgroup"
          ]
        }
      ]
    },
    {
      "mode": "managed",
      "type": "openstack_blockstorage_volume_v3",
      "name": "cp_data",
      "provider": "provider[\"registry.terraform.io/terraform-provider-openstack/openstack\"]",
      "instances": [
        {
          "index_key": 0,
          "schema_version": 0,
          "attributes": {
            "attachment": [],
            "availability_zone": "nova",
            "consistency_group_id": null,
            "description": "",
            "enable_online_resize": null,
            "id": "00a08a9d-8868-4e44-925e-bf92efd5ef47",
            "image_id": null,
            "metadata": {},
            "multiattach": null,
            "name": "k8s-cp1-data",
            "region": "RegionOne",
            "scheduler_hints": [],
            "size": 8,
            "snapshot_id": "",
            "source_replica": null,
            "source_vol_id": "",
            "timeouts": null,
            "volume_type": "iscsi"
          },
          "sensitive_attributes": [],
          "identity_schema_version": 0,
          "private": "eyJlMmJmYjczMC1lY2FhLTExZTYtOGY4OC0zNDM2M2JjN2M0YzAiOnsiY3JlYXRlIjo2MDAwMDAwMDAwMDAsImRlbGV0ZSI6NjAwMDAwMDAwMDAwfX0="
        },
        {
          "index_key": 1,
          "schema_version": 0,
          "attributes": {
            "attachment": [],
            "availability_zone": "nova",
            "consistency_group_id": null,
            "description": "",
            "enable_online_resize": null,
            "id": "f3000181-dfda-4a70-b59d-522414b91c3b",
            "image_id": null,
            "metadata": {},
            "multiattach": null,
            "name": "k8s-cp2-data",
            "region": "RegionOne",
            "scheduler_hints": [],
            "size": 8,
            "snapshot_id": "",
            "source_replica": null,
            "source_vol_id": "",
            "timeouts": null,
            "volume_type": "iscsi"
          },
          "sensitive_attributes": [],
          "identity_schema_version": 0,
          "private": "eyJlMmJmYjczMC1lY2FhLTExZTYtOGY4OC0zNDM2M2JjN2M0YzAiOnsiY3JlYXRlIjo2MDAwMDAwMDAwMDAsImRlbGV0ZSI6NjAwMDAwMDAwMDAwfX0="
        },
        {
          "index_key": 2,
          "schema_version": 0,
          "attributes": {
            "attachment": [],
            "availability_zone": "nova",
            "consistency_group_id": null,
            "description": "",
            "enable_online_resize": null,
            "id": "3ad7267e-ddaf-4c4b-9946-8ccd2698f915",
            "image_id": null,
            "metadata": {},
            "multiattach": null,
            "name": "k8s-cp3-data",
            "region": "RegionOne",
            "scheduler_hints": [],
            "size": 8,
            "snapshot_id": "",
            "source_replica": null,
            "source_vol_id": "",
            "timeouts": null,
            "volume_type": "iscsi"
          },
          "sensitive_attributes": [],
          "identity_schema_version": 0,
          "private": "eyJlMmJmYjczMC1lY2FhLTExZTYtOGY4OC0zNDM2M2JjN2M0YzAiOnsiY3JlYXRlIjo2MDAwMDAwMDAwMDAsImRlbGV0ZSI6NjAwMDAwMDAwMDAwfX0="
        }
      ]
    },
    {
      "mode": "managed",
      "type": "openstack_blockstorage_volume_v3",
      "name": "rook_data",
      "provider": "provider[\"registry.terraform.io/terraform-provider-openstack/openstack\"]",
      "instances": [
        {
          "index_key": 0,
          "schema_version": 0,
          "attributes": {
            "attachment": [],
            "availability_zone": "nova",
            "consistency_group_id": null,
            "description": "",
            "enable_online_resize": null,
            "id": "2e5302d8-c9be-4bec-b22e-a7c287bf2630",
            "image_id": null,
            "metadata": {},
            "multiattach": null,
            "name": "k8s-worker1-rook",
            "region": "RegionOne",
            "scheduler_hints": [],
            "size": 20,
            "snapshot_id": "",
            "source_replica": null,
            "source_vol_id": "",
            "timeouts": null,
            "volume_type": "iscsi"
          },
          "sensitive_attributes": [],
          "identity_schema_version": 0,
          "private": "eyJlMmJmYjczMC1lY2FhLTExZTYtOGY4OC0zNDM2M2JjN2M0YzAiOnsiY3JlYXRlIjo2MDAwMDAwMDAwMDAsImRlbGV0ZSI6NjAwMDAwMDAwMDAwfX0="
        },
        {
          "index_key": 1,
          "schema_version": 0,
          "attributes": {
            "attachment": [],
            "availability_zone": "nova",
            "consistency_group_id": null,
            "description": "",
            "enable_online_resize": null,
            "id": "50395e6a-b8e9-42ad-8f56-f5d47a572262",
            "image_id": null,
            "metadata": {},
            "multiattach": null,
            "name": "k8s-worker2-rook",
            "region": "RegionOne",
            "scheduler_hints": [],
            "size": 20,
            "snapshot_id": "",
            "source_replica": null,
            "source_vol_id": "",
            "timeouts": null,
            "volume_type": "iscsi"
          },
          "sensitive_attributes": [],
          "identity_schema_version": 0,
          "private": "eyJlMmJmYjczMC1lY2FhLTExZTYtOGY4OC0zNDM2M2JjN2M0YzAiOnsiY3JlYXRlIjo2MDAwMDAwMDAwMDAsImRlbGV0ZSI6NjAwMDAwMDAwMDAwfX0="
        },
        {
          "index_key": 2,
          "schema_version": 0,
          "attributes": {
            "attachment": [],
            "availability_zone": "nova",
            "consistency_group_id": null,
            "description": "",
            "enable_online_resize": null,
            "id": "4263bfa9-1fa7-42cb-82c6-933de17f231a",
            "image_id": null,
            "metadata": {},
            "multiattach": null,
            "name": "k8s-worker3-rook",
            "region": "RegionOne",
            "scheduler_hints": [],
            "size": 20,
            "snapshot_id": "",
            "source_replica": null,
            "source_vol_id": "",
            "timeouts": null,
            "volume_type": "iscsi"
          },
          "sensitive_attributes": [],
          "identity_schema_version": 0,
          "private": "eyJlMmJmYjczMC1lY2FhLTExZTYtOGY4OC0zNDM2M2JjN2M0YzAiOnsiY3JlYXRlIjo2MDAwMDAwMDAwMDAsImRlbGV0ZSI6NjAwMDAwMDAwMDAwfX0="
        }
      ]
    },
    {
      "mode": "managed",
      "type": "openstack_blockstorage_volume_v3",
      "name": "worker_data",
      "provider": "provider[\"registry.terraform.io/terraform-provider-openstack/openstack\"]",
      "instances": [
        {
          "index_key": 0,
          "schema_version": 0,
          "attributes": {
            "attachment": [],
            "availability_zone": "nova",
            "consistency_group_id": null,
            "description": "",
            "enable_online_resize": null,
            "id": "ecf58de0-6148-49b1-aa67-d190b719d424",
            "image_id": null,
            "metadata": {},
            "multiattach": null,
            "name": "k8s-worker1-data",
            "region": "RegionOne",
            "scheduler_hints": [],
            "size": 8,
            "snapshot_id": "",
            "source_replica": null,
            "source_vol_id": "",
            "timeouts": null,
            "volume_type": "iscsi"
          },
          "sensitive_attributes": [],
          "identity_schema_version": 0,
          "private": "eyJlMmJmYjczMC1lY2FhLTExZTYtOGY4OC0zNDM2M2JjN2M0YzAiOnsiY3JlYXRlIjo2MDAwMDAwMDAwMDAsImRlbGV0ZSI6NjAwMDAwMDAwMDAwfX0="
        },
        {
          "index_key": 1,
          "schema_version": 0,
          "attributes": {
            "attachment": [],
            "availability_zone": "nova",
            "consistency_group_id": null,
            "description": "",
            "enable_online_resize": null,
            "id": "431738f3-fb2a-4e1c-adc9-c3f32a26ce6a",
            "image_id": null,
            "metadata": {},
            "multiattach": null,
            "name": "k8s-worker2-data",
            "region": "RegionOne",
            "scheduler_hints": [],
            "size": 8,
            "snapshot_id": "",
            "source_replica": null,
            "source_vol_id": "",
            "timeouts": null,
            "volume_type": "iscsi"
          },
          "sensitive_attributes": [],
          "identity_schema_version": 0,
          "private": "eyJlMmJmYjczMC1lY2FhLTExZTYtOGY4OC0zNDM2M2JjN2M0YzAiOnsiY3JlYXRlIjo2MDAwMDAwMDAwMDAsImRlbGV0ZSI6NjAwMDAwMDAwMDAwfX0="
        },
        {
          "index_key": 2,
          "schema_version": 0,
          "attributes": {
            "attachment": [],
            "availability_zone": "nova",
            "consistency_group_id": null,
            "description": "",
            "enable_online_resize": null,
            "id": "4ed323de-dae9-4167-9f66-afc591680f7c",
            "image_id": null,
            "metadata": {},
            "multiattach": null,
            "name": "k8s-worker3-data",
            "region": "RegionOne",
            "scheduler_hints": [],
            "size": 8,
            "snapshot_id": "",
            "source_replica": null,
            "source_vol_id": "",
            "timeouts": null,
            "volume_type": "iscsi"
          },
          "sensitive_attributes": [],
          "identity_schema_version": 0,
          "private": "eyJlMmJmYjczMC1lY2FhLTExZTYtOGY4OC0zNDM2M2JjN2M0YzAiOnsiY3JlYXRlIjo2MDAwMDAwMDAwMDAsImRlbGV0ZSI6NjAwMDAwMDAwMDAwfX0="
        }
      ]
    },
    {
      "mode": "managed",
      "type": "openstack_compute_instance_v2",
      "name": "cp",
      "provider": "provider[\"registry.terraform.io/terraform-provider-openstack/openstack\"]",
      "instances": [
        {
          "index_key": 0,
          "schema_version": 0,
          "attributes": {
            "access_ip_v4": "10.202.22.149",
            "access_ip_v6": "",
            "admin_pass": null,
            "all_metadata": {},
            "all_tags": [],
            "availability_zone": "nova",
            "availability_zone_hints": null,
            "block_device": [],
            "config_drive": true,
            "created": "2026-02-13 22:48:41 +0000 UTC",
            "flavor_id": "3",
            "flavor_name": "m1.medium",
            "floating_ip": null,
            "force_delete": false,
            "id": "facb5070-9795-4b04-be2f-89a6ad3cc2c1",
            "image_id": "06620e59-d02e-4483-811f-f089b9a179f2",
            "image_name": "Ubuntu-22.04",
            "key_pair": "terraform",
            "metadata": null,
            "name": "k8s-cp1",
            "network": [
              {
                "access_network": false,
                "fixed_ip_v4": "10.202.22.149",
                "fixed_ip_v6": "",
                "floating_ip": "",
                "mac": "fa:16:3e:fc:19:b7",
                "name": "public",
                "port": "c69a3d78-b84f-438b-aaf3-f410e9b173d7",
                "uuid": "b30e586d-0dac-41fd-899c-a18577853064"
              }
            ],
            "network_mode": null,
            "personality": [],
            "power_state": "active",
            "region": "RegionOne",
            "scheduler_hints": [],
            "security_groups": [
              "k8s-sg"
            ],
            "stop_before_destroy": false,
            "tags": null,
            "timeouts": null,
            "updated": "2026-02-13 22:48:46 +0000 UTC",
            "user_data": "484ef428539b7b59985d1c054f07e757bd86ffe4",
            "vendor_options": [],
            "volume": []
          },
          "sensitive_attributes": [
            [
              {
                "type": "get_attr",
                "value": "admin_pass"
              }
            ],
            [
              {
                "type": "get_attr",
                "value": "user_data"
              }
            ]
          ],
          "identity_schema_version": 0,
          "private": "eyJlMmJmYjczMC1lY2FhLTExZTYtOGY4OC0zNDM2M2JjN2M0YzAiOnsiY3JlYXRlIjoxODAwMDAwMDAwMDAwLCJkZWxldGUiOjE4MDAwMDAwMDAwMDAsInVwZGF0ZSI6MTgwMDAwMDAwMDAwMH19",
          "dependencies": [
            "data.openstack_compute_keypair_v2.default",
            "data.openstack_images_image_v2.ubuntu",
            "data.openstack_networking_network_v2.public",
            "openstack_networking_port_v2.cp_ports",
            "openstack_networking_secgroup_v2.k8s_secgroup"
          ]
        },
        {
          "index_key": 1,
          "schema_version": 0,
          "attributes": {
            "access_ip_v4": "10.202.22.156",
            "access_ip_v6": "",
            "admin_pass": null,
            "all_metadata": {},
            "all_tags": [],
            "availability_zone": "nova",
            "availability_zone_hints": null,
            "block_device": [],
            "config_drive": true,
            "created": "2026-02-13 22:48:43 +0000 UTC",
            "flavor_id": "3",
            "flavor_name": "m1.medium",
            "floating_ip": null,
            "force_delete": false,
            "id": "36e63fc7-2de5-48f2-98e0-2e80b8437bc5",
            "image_id": "06620e59-d02e-4483-811f-f089b9a179f2",
            "image_name": "Ubuntu-22.04",
            "key_pair": "terraform",
            "metadata": null,
            "name": "k8s-cp2",
            "network": [
              {
                "access_network": false,
                "fixed_ip_v4": "10.202.22.156",
                "fixed_ip_v6": "",
                "floating_ip": "",
                "mac": "fa:16:3e:bc:91:80",
                "name": "public",
                "port": "25fb7806-5f9f-4dbf-97fb-572d1ecebc69",
                "uuid": "b30e586d-0dac-41fd-899c-a18577853064"
              }
            ],
            "network_mode": null,
            "personality": [],
            "power_state": "active",
            "region": "RegionOne",
            "scheduler_hints": [],
            "security_groups": [
              "k8s-sg"
            ],
            "stop_before_destroy": false,
            "tags": null,
            "timeouts": null,
            "updated": "2026-02-13 22:48:48 +0000 UTC",
            "user_data": "4cd619664385d9f424cfff00e190c5bc3c9a7277",
            "vendor_options": [],
            "volume": []
          },
          "sensitive_attributes": [
            [
              {
                "type": "get_attr",
                "value": "admin_pass"
              }
            ],
            [
              {
                "type": "get_attr",
                "value": "user_data"
              }
            ]
          ],
          "identity_schema_version": 0,
          "private": "eyJlMmJmYjczMC1lY2FhLTExZTYtOGY4OC0zNDM2M2JjN2M0YzAiOnsiY3JlYXRlIjoxODAwMDAwMDAwMDAwLCJkZWxldGUiOjE4MDAwMDAwMDAwMDAsInVwZGF0ZSI6MTgwMDAwMDAwMDAwMH19",
          "dependencies": [
            "data.openstack_compute_keypair_v2.default",
            "data.openstack_images_image_v2.ubuntu",
            "data.openstack_networking_network_v2.public",
            "openstack_networking_port_v2.cp_ports",
            "openstack_networking_secgroup_v2.k8s_secgroup"
          ]
        },
        {
          "index_key": 2,
          "schema_version": 0,
          "attributes": {
            "access_ip_v4": "10.202.22.116",
            "access_ip_v6": "",
            "admin_pass": null,
            "all_metadata": {},
            "all_tags": [],
            "availability_zone": "nova",
            "availability_zone_hints": null,
            "block_device": [],
            "config_drive": true,
            "created": "2026-02-13 22:48:42 +0000 UTC",
            "flavor_id": "3",
            "flavor_name": "m1.medium",
            "floating_ip": null,
            "force_delete": false,
            "id": "246a64f8-ad44-411e-8358-2ee339505ae9",
            "image_id": "06620e59-d02e-4483-811f-f089b9a179f2",
            "image_name": "Ubuntu-22.04",
            "key_pair": "terraform",
            "metadata": null,
            "name": "k8s-cp3",
            "network": [
              {
                "access_network": false,
                "fixed_ip_v4": "10.202.22.116",
                "fixed_ip_v6": "",
                "floating_ip": "",
                "mac": "fa:16:3e:d3:84:04",
                "name": "public",
                "port": "f1b12572-c447-4f7a-a554-60bd7c6d515d",
                "uuid": "b30e586d-0dac-41fd-899c-a18577853064"
              }
            ],
            "network_mode": null,
            "personality": [],
            "power_state": "active",
            "region": "RegionOne",
            "scheduler_hints": [],
            "security_groups": [
              "k8s-sg"
            ],
            "stop_before_destroy": false,
            "tags": null,
            "timeouts": null,
            "updated": "2026-02-13 22:48:48 +0000 UTC",
            "user_data": "4cd619664385d9f424cfff00e190c5bc3c9a7277",
            "vendor_options": [],
            "volume": []
          },
          "sensitive_attributes": [
            [
              {
                "type": "get_attr",
                "value": "admin_pass"
              }
            ],
            [
              {
                "type": "get_attr",
                "value": "user_data"
              }
            ]
          ],
          "identity_schema_version": 0,
          "private": "eyJlMmJmYjczMC1lY2FhLTExZTYtOGY4OC0zNDM2M2JjN2M0YzAiOnsiY3JlYXRlIjoxODAwMDAwMDAwMDAwLCJkZWxldGUiOjE4MDAwMDAwMDAwMDAsInVwZGF0ZSI6MTgwMDAwMDAwMDAwMH19",
          "dependencies": [
            "data.openstack_compute_keypair_v2.default",
            "data.openstack_images_image_v2.ubuntu",
            "data.openstack_networking_network_v2.public",
            "openstack_networking_port_v2.cp_ports",
            "openstack_networking_secgroup_v2.k8s_secgroup"
          ]
        }
      ]
    },
    {
      "mode": "managed",
      "type": "openstack_compute_instance_v2",
      "name": "worker",
      "provider": "provider[\"registry.terraform.io/terraform-provider-openstack/openstack\"]",
      "instances": [
        {
          "index_key": 0,
          "schema_version": 0,
          "attributes": {
            "access_ip_v4": "10.202.22.155",
            "access_ip_v6": "",
            "admin_pass": null,
            "all_metadata": {},
            "all_tags": [],
            "availability_zone": "nova",
            "availability_zone_hints": null,
            "block_device": [],
            "config_drive": true,
            "created": "2026-02-13 22:48:42 +0000 UTC",
            "flavor_id": "3",
            "flavor_name": "m1.medium",
            "floating_ip": null,
            "force_delete": false,
            "id": "3e118848-c0e3-4d02-bac0-d0a0f78946c1",
            "image_id": "06620e59-d02e-4483-811f-f089b9a179f2",
            "image_name": "Ubuntu-22.04",
            "key_pair": "terraform",
            "metadata": null,
            "name": "k8s-worker1",
            "network": [
              {
                "access_network": false,
                "fixed_ip_v4": "10.202.22.155",
                "fixed_ip_v6": "",
                "floating_ip": "",
                "mac": "fa:16:3e:28:12:d1",
                "name": "public",
                "port": "01c29336-da26-4deb-aa5e-216b691ec1cd",
                "uuid": "b30e586d-0dac-41fd-899c-a18577853064"
              }
            ],
            "network_mode": null,
            "personality": [],
            "power_state": "active",
            "region": "RegionOne",
            "scheduler_hints": [],
            "security_groups": [
              "k8s-sg"
            ],
            "stop_before_destroy": false,
            "tags": null,
            "timeouts": null,
            "updated": "2026-02-13 22:48:48 +0000 UTC",
            "user_data": "4cd619664385d9f424cfff00e190c5bc3c9a7277",
            "vendor_options": [],
            "volume": []
          },
          "sensitive_attributes": [
            [
              {
                "type": "get_attr",
                "value": "admin_pass"
              }
            ]
          ],
          "identity_schema_version": 0,
          "private": "eyJlMmJmYjczMC1lY2FhLTExZTYtOGY4OC0zNDM2M2JjN2M0YzAiOnsiY3JlYXRlIjoxODAwMDAwMDAwMDAwLCJkZWxldGUiOjE4MDAwMDAwMDAwMDAsInVwZGF0ZSI6MTgwMDAwMDAwMDAwMH19",
          "dependencies": [
            "data.openstack_compute_keypair_v2.default",
            "data.openstack_images_image_v2.ubuntu",
            "data.openstack_networking_network_v2.public",
            "openstack_networking_port_v2.cp_ports",
            "openstack_networking_port_v2.worker_ports",
            "openstack_networking_secgroup_v2.k8s_secgroup"
          ]
        },
        {
          "index_key": 1,
          "schema_version": 0,
          "attributes": {
            "access_ip_v4": "10.202.22.135",
            "access_ip_v6": "",
            "admin_pass": null,
            "all_metadata": {},
            "all_tags": [],
            "availability_zone": "nova",
            "availability_zone_hints": null,
            "block_device": [],
            "config_drive": true,
            "created": "2026-02-13 22:48:44 +0000 UTC",
            "flavor_id": "3",
            "flavor_name": "m1.medium",
            "floating_ip": null,
            "force_delete": false,
            "id": "b8f14b8e-af17-40c6-a860-f0325450152b",
            "image_id": "06620e59-d02e-4483-811f-f089b9a179f2",
            "image_name": "Ubuntu-22.04",
            "key_pair": "terraform",
            "metadata": null,
            "name": "k8s-worker2",
            "network": [
              {
                "access_network": false,
                "fixed_ip_v4": "10.202.22.135",
                "fixed_ip_v6": "",
                "floating_ip": "",
                "mac": "fa:16:3e:05:f0:70",
                "name": "public",
                "port": "fde49c9c-39ec-49d1-a473-1dad316b434c",
                "uuid": "b30e586d-0dac-41fd-899c-a18577853064"
              }
            ],
            "network_mode": null,
            "personality": [],
            "power_state": "active",
            "region": "RegionOne",
            "scheduler_hints": [],
            "security_groups": [
              "k8s-sg"
            ],
            "stop_before_destroy": false,
            "tags": null,
            "timeouts": null,
            "updated": "2026-02-13 22:48:49 +0000 UTC",
            "user_data": "4cd619664385d9f424cfff00e190c5bc3c9a7277",
            "vendor_options": [],
            "volume": []
          },
          "sensitive_attributes": [
            [
              {
                "type": "get_attr",
                "value": "admin_pass"
              }
            ]
          ],
          "identity_schema_version": 0,
          "private": "eyJlMmJmYjczMC1lY2FhLTExZTYtOGY4OC0zNDM2M2JjN2M0YzAiOnsiY3JlYXRlIjoxODAwMDAwMDAwMDAwLCJkZWxldGUiOjE4MDAwMDAwMDAwMDAsInVwZGF0ZSI6MTgwMDAwMDAwMDAwMH19",
          "dependencies": [
            "data.openstack_compute_keypair_v2.default",
            "data.openstack_images_image_v2.ubuntu",
            "data.openstack_networking_network_v2.public",
            "openstack_networking_port_v2.cp_ports",
            "openstack_networking_port_v2.worker_ports",
            "openstack_networking_secgroup_v2.k8s_secgroup"
          ]
        },
        {
          "index_key": 2,
          "schema_version": 0,
          "attributes": {
            "access_ip_v4": "10.202.22.123",
            "access_ip_v6": "",
            "admin_pass": null,
            "all_metadata": {},
            "all_tags": [],
            "availability_zone": "nova",
            "availability_zone_hints": null,
            "block_device": [],
            "config_drive": true,
            "created": "2026-02-13 22:48:43 +0000 UTC",
            "flavor_id": "3",
            "flavor_name": "m1.medium",
            "floating_ip": null,
            "force_delete": false,
            "id": "6acf9284-4f75-4afa-a099-1bfbc46c9b76",
            "image_id": "06620e59-d02e-4483-811f-f089b9a179f2",
            "image_name": "Ubuntu-22.04",
            "key_pair": "terraform",
            "metadata": null,
            "name": "k8s-worker3",
            "network": [
              {
                "access_network": false,
                "fixed_ip_v4": "10.202.22.123",
                "fixed_ip_v6": "",
                "floating_ip": "",
                "mac": "fa:16:3e:c1:d1:3d",
                "name": "public",
                "port": "6142b37d-56c0-4199-affb-6f2c0eeae83e",
                "uuid": "b30e586d-0dac-41fd-899c-a18577853064"
              }
            ],
            "network_mode": null,
            "personality": [],
            "power_state": "active",
            "region": "RegionOne",
            "scheduler_hints": [],
            "security_groups": [
              "k8s-sg"
            ],
            "stop_before_destroy": false,
            "tags": null,
            "timeouts": null,
            "updated": "2026-02-13 22:48:48 +0000 UTC",
            "user_data": "4cd619664385d9f424cfff00e190c5bc3c9a7277",
            "vendor_options": [],
            "volume": []
          },
          "sensitive_attributes": [
            [
              {
                "type": "get_attr",
                "value": "admin_pass"
              }
            ]
          ],
          "identity_schema_version": 0,
          "private": "eyJlMmJmYjczMC1lY2FhLTExZTYtOGY4OC0zNDM2M2JjN2M0YzAiOnsiY3JlYXRlIjoxODAwMDAwMDAwMDAwLCJkZWxldGUiOjE4MDAwMDAwMDAwMDAsInVwZGF0ZSI6MTgwMDAwMDAwMDAwMH19",
          "dependencies": [
            "data.openstack_compute_keypair_v2.default",
            "data.openstack_images_image_v2.ubuntu",
            "data.openstack_networking_network_v2.public",
            "openstack_networking_port_v2.cp_ports",
            "openstack_networking_port_v2.worker_ports",
            "openstack_networking_secgroup_v2.k8s_secgroup"
          ]
        }
      ]
    },
    {
      "mode": "managed",
      "type": "openstack_compute_volume_attach_v2",
      "name": "cp_volume_attach",
      "provider": "provider[\"registry.terraform.io/terraform-provider-openstack/openstack\"]",
      "instances": [
        {
          "index_key": 0,
          "schema_version": 0,
          "attributes": {
            "device": "/dev/vdb",
            "id": "facb5070-9795-4b04-be2f-89a6ad3cc2c1/00a08a9d-8868-4e44-925e-bf92efd5ef47",
            "instance_id": "facb5070-9795-4b04-be2f-89a6ad3cc2c1",
            "multiattach": null,
            "region": "RegionOne",
            "timeouts": null,
            "vendor_options": [],
            "volume_id": "00a08a9d-8868-4e44-925e-bf92efd5ef47"
          },
          "sensitive_attributes": [],
          "identity_schema_version": 0,
          "private": "eyJlMmJmYjczMC1lY2FhLTExZTYtOGY4OC0zNDM2M2JjN2M0YzAiOnsiY3JlYXRlIjo2MDAwMDAwMDAwMDAsImRlbGV0ZSI6NjAwMDAwMDAwMDAwfX0=",
          "dependencies": [
            "data.openstack_compute_keypair_v2.default",
            "data.openstack_images_image_v2.ubuntu",
            "data.openstack_networking_network_v2.public",
            "openstack_blockstorage_volume_v3.cp_data",
            "openstack_compute_instance_v2.cp",
            "openstack_networking_port_v2.cp_ports",
            "openstack_networking_secgroup_v2.k8s_secgroup"
          ]
        },
        {
          "index_key": 1,
          "schema_version": 0,
          "attributes": {
            "device": "/dev/vdb",
            "id": "36e63fc7-2de5-48f2-98e0-2e80b8437bc5/f3000181-dfda-4a70-b59d-522414b91c3b",
            "instance_id": "36e63fc7-2de5-48f2-98e0-2e80b8437bc5",
            "multiattach": null,
            "region": "RegionOne",
            "timeouts": null,
            "vendor_options": [],
            "volume_id": "f3000181-dfda-4a70-b59d-522414b91c3b"
          },
          "sensitive_attributes": [],
          "identity_schema_version": 0,
          "private": "eyJlMmJmYjczMC1lY2FhLTExZTYtOGY4OC0zNDM2M2JjN2M0YzAiOnsiY3JlYXRlIjo2MDAwMDAwMDAwMDAsImRlbGV0ZSI6NjAwMDAwMDAwMDAwfX0=",
          "dependencies": [
            "data.openstack_compute_keypair_v2.default",
            "data.openstack_images_image_v2.ubuntu",
            "data.openstack_networking_network_v2.public",
            "openstack_blockstorage_volume_v3.cp_data",
            "openstack_compute_instance_v2.cp",
            "openstack_networking_port_v2.cp_ports",
            "openstack_networking_secgroup_v2.k8s_secgroup"
          ]
        },
        {
          "index_key": 2,
          "schema_version": 0,
          "attributes": {
            "device": "/dev/vdb",
            "id": "246a64f8-ad44-411e-8358-2ee339505ae9/3ad7267e-ddaf-4c4b-9946-8ccd2698f915",
            "instance_id": "246a64f8-ad44-411e-8358-2ee339505ae9",
            "multiattach": null,
            "region": "RegionOne",
            "timeouts": null,
            "vendor_options": [],
            "volume_id": "3ad7267e-ddaf-4c4b-9946-8ccd2698f915"
          },
          "sensitive_attributes": [],
          "identity_schema_version": 0,
          "private": "eyJlMmJmYjczMC1lY2FhLTExZTYtOGY4OC0zNDM2M2JjN2M0YzAiOnsiY3JlYXRlIjo2MDAwMDAwMDAwMDAsImRlbGV0ZSI6NjAwMDAwMDAwMDAwfX0=",
          "dependencies": [
            "data.openstack_compute_keypair_v2.default",
            "data.openstack_images_image_v2.ubuntu",
            "data.openstack_networking_network_v2.public",
            "openstack_blockstorage_volume_v3.cp_data",
            "openstack_compute_instance_v2.cp",
            "openstack_networking_port_v2.cp_ports",
            "openstack_networking_secgroup_v2.k8s_secgroup"
          ]
        }
      ]
    },
    {
      "mode": "managed",
      "type": "openstack_compute_volume_attach_v2",
      "name": "rook_volume_attach",
      "provider": "provider[\"registry.terraform.io/terraform-provider-openstack/openstack\"]",
      "instances": [
        {
          "index_key": 0,
          "schema_version": 0,
          "attributes": {
            "device": "/dev/vdb",
            "id": "3e118848-c0e3-4d02-bac0-d0a0f78946c1/2e5302d8-c9be-4bec-b22e-a7c287bf2630",
            "instance_id": "3e118848-c0e3-4d02-bac0-d0a0f78946c1",
            "multiattach": null,
            "region": "RegionOne",
            "timeouts": null,
            "vendor_options": [],
            "volume_id": "2e5302d8-c9be-4bec-b22e-a7c287bf2630"
          },
          "sensitive_attributes": [],
          "identity_schema_version": 0,
          "private": "eyJlMmJmYjczMC1lY2FhLTExZTYtOGY4OC0zNDM2M2JjN2M0YzAiOnsiY3JlYXRlIjo2MDAwMDAwMDAwMDAsImRlbGV0ZSI6NjAwMDAwMDAwMDAwfX0=",
          "dependencies": [
            "data.openstack_compute_keypair_v2.default",
            "data.openstack_images_image_v2.ubuntu",
            "data.openstack_networking_network_v2.public",
            "openstack_blockstorage_volume_v3.rook_data",
            "openstack_compute_instance_v2.worker",
            "openstack_networking_port_v2.cp_ports",
            "openstack_networking_port_v2.worker_ports",
            "openstack_networking_secgroup_v2.k8s_secgroup"
          ]
        },
        {
          "index_key": 1,
          "schema_version": 0,
          "attributes": {
            "device": "/dev/vdc",
            "id": "b8f14b8e-af17-40c6-a860-f0325450152b/50395e6a-b8e9-42ad-8f56-f5d47a572262",
            "instance_id": "b8f14b8e-af17-40c6-a860-f0325450152b",
            "multiattach": null,
            "region": "RegionOne",
            "timeouts": null,
            "vendor_options": [],
            "volume_id": "50395e6a-b8e9-42ad-8f56-f5d47a572262"
          },
          "sensitive_attributes": [],
          "identity_schema_version": 0,
          "private": "eyJlMmJmYjczMC1lY2FhLTExZTYtOGY4OC0zNDM2M2JjN2M0YzAiOnsiY3JlYXRlIjo2MDAwMDAwMDAwMDAsImRlbGV0ZSI6NjAwMDAwMDAwMDAwfX0=",
          "dependencies": [
            "data.openstack_compute_keypair_v2.default",
            "data.openstack_images_image_v2.ubuntu",
            "data.openstack_networking_network_v2.public",
            "openstack_blockstorage_volume_v3.rook_data",
            "openstack_compute_instance_v2.worker",
            "openstack_networking_port_v2.cp_ports",
            "openstack_networking_port_v2.worker_ports",
            "openstack_networking_secgroup_v2.k8s_secgroup"
          ]
        },
        {
          "index_key": 2,
          "schema_version": 0,
          "attributes": {
            "device": "/dev/vdb",
            "id": "6acf9284-4f75-4afa-a099-1bfbc46c9b76/4263bfa9-1fa7-42cb-82c6-933de17f231a",
            "instance_id": "6acf9284-4f75-4afa-a099-1bfbc46c9b76",
            "multiattach": null,
            "region": "RegionOne",
            "timeouts": null,
            "vendor_options": [],
            "volume_id": "4263bfa9-1fa7-42cb-82c6-933de17f231a"
          },
          "sensitive_attributes": [],
          "identity_schema_version": 0,
          "private": "eyJlMmJmYjczMC1lY2FhLTExZTYtOGY4OC0zNDM2M2JjN2M0YzAiOnsiY3JlYXRlIjo2MDAwMDAwMDAwMDAsImRlbGV0ZSI6NjAwMDAwMDAwMDAwfX0=",
          "dependencies": [
            "data.openstack_compute_keypair_v2.default",
            "data.openstack_images_image_v2.ubuntu",
            "data.openstack_networking_network_v2.public",
            "openstack_blockstorage_volume_v3.rook_data",
            "openstack_compute_instance_v2.worker",
            "openstack_networking_port_v2.cp_ports",
            "openstack_networking_port_v2.worker_ports",
            "openstack_networking_secgroup_v2.k8s_secgroup"
          ]
        }
      ]
    },
    {
      "mode": "managed",
      "type": "openstack_compute_volume_attach_v2",
      "name": "worker_volume_attach",
      "provider": "provider[\"registry.terraform.io/terraform-provider-openstack/openstack\"]",
      "instances": [
        {
          "index_key": 0,
          "schema_version": 0,
          "attributes": {
            "device": "/dev/vdc",
            "id": "3e118848-c0e3-4d02-bac0-d0a0f78946c1/ecf58de0-6148-49b1-aa67-d190b719d424",
            "instance_id": "3e118848-c0e3-4d02-bac0-d0a0f78946c1",
            "multiattach": null,
            "region": "RegionOne",
            "timeouts": null,
            "vendor_options": [],
            "volume_id": "ecf58de0-6148-49b1-aa67-d190b719d424"
          },
          "sensitive_attributes": [],
          "identity_schema_version": 0,
          "private": "eyJlMmJmYjczMC1lY2FhLTExZTYtOGY4OC0zNDM2M2JjN2M0YzAiOnsiY3JlYXRlIjo2MDAwMDAwMDAwMDAsImRlbGV0ZSI6NjAwMDAwMDAwMDAwfX0=",
          "dependencies": [
            "data.openstack_compute_keypair_v2.default",
            "data.openstack_images_image_v2.ubuntu",
            "data.openstack_networking_network_v2.public",
            "openstack_blockstorage_volume_v3.worker_data",
            "openstack_compute_instance_v2.worker",
            "openstack_networking_port_v2.cp_ports",
            "openstack_networking_port_v2.worker_ports",
            "openstack_networking_secgroup_v2.k8s_secgroup"
          ]
        },
        {
          "index_key": 1,
          "schema_version": 0,
          "attributes": {
            "device": "/dev/vdb",
            "id": "b8f14b8e-af17-40c6-a860-f0325450152b/431738f3-fb2a-4e1c-adc9-c3f32a26ce6a",
            "instance_id": "b8f14b8e-af17-40c6-a860-f0325450152b",
            "multiattach": null,
            "region": "RegionOne",
            "timeouts": null,
            "vendor_options": [],
            "volume_id": "431738f3-fb2a-4e1c-adc9-c3f32a26ce6a"
          },
          "sensitive_attributes": [],
          "identity_schema_version": 0,
          "private": "eyJlMmJmYjczMC1lY2FhLTExZTYtOGY4OC0zNDM2M2JjN2M0YzAiOnsiY3JlYXRlIjo2MDAwMDAwMDAwMDAsImRlbGV0ZSI6NjAwMDAwMDAwMDAwfX0=",
          "dependencies": [
            "data.openstack_compute_keypair_v2.default",
            "data.openstack_images_image_v2.ubuntu",
            "data.openstack_networking_network_v2.public",
            "openstack_blockstorage_volume_v3.worker_data",
            "openstack_compute_instance_v2.worker",
            "openstack_networking_port_v2.cp_ports",
            "openstack_networking_port_v2.worker_ports",
            "openstack_networking_secgroup_v2.k8s_secgroup"
          ]
        },
        {
          "index_key": 2,
          "schema_version": 0,
          "attributes": {
            "device": "/dev/vdc",
            "id": "6acf9284-4f75-4afa-a099-1bfbc46c9b76/4ed323de-dae9-4167-9f66-afc591680f7c",
            "instance_id": "6acf9284-4f75-4afa-a099-1bfbc46c9b76",
            "multiattach": null,
            "region": "RegionOne",
            "timeouts": null,
            "vendor_options": [],
            "volume_id": "4ed323de-dae9-4167-9f66-afc591680f7c"
          },
          "sensitive_attributes": [],
          "identity_schema_version": 0,
          "private": "eyJlMmJmYjczMC1lY2FhLTExZTYtOGY4OC0zNDM2M2JjN2M0YzAiOnsiY3JlYXRlIjo2MDAwMDAwMDAwMDAsImRlbGV0ZSI6NjAwMDAwMDAwMDAwfX0=",
          "dependencies": [
            "data.openstack_compute_keypair_v2.default",
            "data.openstack_images_image_v2.ubuntu",
            "data.openstack_networking_network_v2.public",
            "openstack_blockstorage_volume_v3.worker_data",
            "openstack_compute_instance_v2.worker",
            "openstack_networking_port_v2.cp_ports",
            "openstack_networking_port_v2.worker_ports",
            "openstack_networking_secgroup_v2.k8s_secgroup"
          ]
        }
      ]
    },
    {
      "mode": "managed",
      "type": "openstack_networking_port_v2",
      "name": "cp_ports",
      "provider": "provider[\"registry.terraform.io/terraform-provider-openstack/openstack\"]",
      "instances": [
        {
          "index_key": 0,
          "schema_version": 0,
          "attributes": {
            "admin_state_up": true,
            "all_fixed_ips": [
              "10.202.22.149"
            ],
            "all_security_group_ids": [
              "c7cad5ce-f1c6-48b7-9285-bd8811ea2de6"
            ],
            "all_tags": [],
            "allowed_address_pairs": [
              {
                "ip_address": "10.202.0.0/16",
                "mac_address": ""
              }
            ],
            "binding": [
              {
                "host_id": "",
                "profile": "{}",
                "vif_details": {},
                "vif_type": "unbound",
                "vnic_type": "normal"
              }
            ],
            "description": "",
            "device_id": "",
            "device_owner": "",
            "dns_assignment": [],
            "dns_name": "",
            "extra_dhcp_option": [],
            "fixed_ip": [],
            "id": "c69a3d78-b84f-438b-aaf3-f410e9b173d7",
            "mac_address": "fa:16:3e:fc:19:b7",
            "name": "port-k8s-cp1",
            "network_id": "b30e586d-0dac-41fd-899c-a18577853064",
            "no_fixed_ip": null,
            "no_security_groups": null,
            "port_security_enabled": true,
            "qos_policy_id": "",
            "region": "RegionOne",
            "security_group_ids": [
              "c7cad5ce-f1c6-48b7-9285-bd8811ea2de6"
            ],
            "tags": null,
            "tenant_id": "83af1f45e02e46cc883fbc0047449e72",
            "timeouts": null,
            "value_specs": null
          },
          "sensitive_attributes": [],
          "identity_schema_version": 0,
          "private": "eyJlMmJmYjczMC1lY2FhLTExZTYtOGY4OC0zNDM2M2JjN2M0YzAiOnsiY3JlYXRlIjo2MDAwMDAwMDAwMDAsImRlbGV0ZSI6NjAwMDAwMDAwMDAwfX0=",
          "dependencies": [
            "data.openstack_networking_network_v2.public",
            "openstack_networking_secgroup_v2.k8s_secgroup"
          ]
        },
        {
          "index_key": 1,
          "schema_version": 0,
          "attributes": {
            "admin_state_up": true,
            "all_fixed_ips": [
              "10.202.22.156"
            ],
            "all_security_group_ids": [
              "c7cad5ce-f1c6-48b7-9285-bd8811ea2de6"
            ],
            "all_tags": [],
            "allowed_address_pairs": [
              {
                "ip_address": "10.202.0.0/16",
                "mac_address": ""
              }
            ],
            "binding": [
              {
                "host_id": "",
                "profile": "{}",
                "vif_details": {},
                "vif_type": "unbound",
                "vnic_type": "normal"
              }
            ],
            "description": "",
            "device_id": "",
            "device_owner": "",
            "dns_assignment": [],
            "dns_name": "",
            "extra_dhcp_option": [],
            "fixed_ip": [],
            "id": "25fb7806-5f9f-4dbf-97fb-572d1ecebc69",
            "mac_address": "fa:16:3e:bc:91:80",
            "name": "port-k8s-cp2",
            "network_id": "b30e586d-0dac-41fd-899c-a18577853064",
            "no_fixed_ip": null,
            "no_security_groups": null,
            "port_security_enabled": true,
            "qos_policy_id": "",
            "region": "RegionOne",
            "security_group_ids": [
              "c7cad5ce-f1c6-48b7-9285-bd8811ea2de6"
            ],
            "tags": null,
            "tenant_id": "83af1f45e02e46cc883fbc0047449e72",
            "timeouts": null,
            "value_specs": null
          },
          "sensitive_attributes": [],
          "identity_schema_version": 0,
          "private": "eyJlMmJmYjczMC1lY2FhLTExZTYtOGY4OC0zNDM2M2JjN2M0YzAiOnsiY3JlYXRlIjo2MDAwMDAwMDAwMDAsImRlbGV0ZSI6NjAwMDAwMDAwMDAwfX0=",
          "dependencies": [
            "data.openstack_networking_network_v2.public",
            "openstack_networking_secgroup_v2.k8s_secgroup"
          ]
        },
        {
          "index_key": 2,
          "schema_version": 0,
          "attributes": {
            "admin_state_up": true,
            "all_fixed_ips": [
              "10.202.22.116"
            ],
            "all_security_group_ids": [
              "c7cad5ce-f1c6-48b7-9285-bd8811ea2de6"
            ],
            "all_tags": [],
            "allowed_address_pairs": [
              {
                "ip_address": "10.202.0.0/16",
                "mac_address": ""
              }
            ],
            "binding": [
              {
                "host_id": "",
                "profile": "{}",
                "vif_details": {},
                "vif_type": "unbound",
                "vnic_type": "normal"
              }
            ],
            "description": "",
            "device_id": "",
            "device_owner": "",
            "dns_assignment": [],
            "dns_name": "",
            "extra_dhcp_option": [],
            "fixed_ip": [],
            "id": "f1b12572-c447-4f7a-a554-60bd7c6d515d",
            "mac_address": "fa:16:3e:d3:84:04",
            "name": "port-k8s-cp3",
            "network_id": "b30e586d-0dac-41fd-899c-a18577853064",
            "no_fixed_ip": null,
            "no_security_groups": null,
            "port_security_enabled": true,
            "qos_policy_id": "",
            "region": "RegionOne",
            "security_group_ids": [
              "c7cad5ce-f1c6-48b7-9285-bd8811ea2de6"
            ],
            "tags": null,
            "tenant_id": "83af1f45e02e46cc883fbc0047449e72",
            "timeouts": null,
            "value_specs": null
          },
          "sensitive_attributes": [],
          "identity_schema_version": 0,
          "private": "eyJlMmJmYjczMC1lY2FhLTExZTYtOGY4OC0zNDM2M2JjN2M0YzAiOnsiY3JlYXRlIjo2MDAwMDAwMDAwMDAsImRlbGV0ZSI6NjAwMDAwMDAwMDAwfX0=",
          "dependencies": [
            "data.openstack_networking_network_v2.public",
            "openstack_networking_secgroup_v2.k8s_secgroup"
          ]
        }
      ]
    },
    {
      "mode": "managed",
      "type": "openstack_networking_port_v2",
      "name": "worker_ports",
      "provider": "provider[\"registry.terraform.io/terraform-provider-openstack/openstack\"]",
      "instances": [
        {
          "index_key": 0,
          "schema_version": 0,
          "attributes": {
            "admin_state_up": true,
            "all_fixed_ips": [
              "10.202.22.155"
            ],
            "all_security_group_ids": [
              "c7cad5ce-f1c6-48b7-9285-bd8811ea2de6"
            ],
            "all_tags": [],
            "allowed_address_pairs": [
              {
                "ip_address": "10.202.0.0/16",
                "mac_address": ""
              }
            ],
            "binding": [
              {
                "host_id": "",
                "profile": "{}",
                "vif_details": {},
                "vif_type": "unbound",
                "vnic_type": "normal"
              }
            ],
            "description": "",
            "device_id": "",
            "device_owner": "",
            "dns_assignment": [],
            "dns_name": "",
            "extra_dhcp_option": [],
            "fixed_ip": [],
            "id": "01c29336-da26-4deb-aa5e-216b691ec1cd",
            "mac_address": "fa:16:3e:28:12:d1",
            "name": "port-k8s-worker1",
            "network_id": "b30e586d-0dac-41fd-899c-a18577853064",
            "no_fixed_ip": null,
            "no_security_groups": null,
            "port_security_enabled": true,
            "qos_policy_id": "",
            "region": "RegionOne",
            "security_group_ids": [
              "c7cad5ce-f1c6-48b7-9285-bd8811ea2de6"
            ],
            "tags": null,
            "tenant_id": "83af1f45e02e46cc883fbc0047449e72",
            "timeouts": null,
            "value_specs": null
          },
          "sensitive_attributes": [],
          "identity_schema_version": 0,
          "private": "eyJlMmJmYjczMC1lY2FhLTExZTYtOGY4OC0zNDM2M2JjN2M0YzAiOnsiY3JlYXRlIjo2MDAwMDAwMDAwMDAsImRlbGV0ZSI6NjAwMDAwMDAwMDAwfX0=",
          "dependencies": [
            "data.openstack_networking_network_v2.public",
            "openstack_networking_secgroup_v2.k8s_secgroup"
          ]
        },
        {
          "index_key": 1,
          "schema_version": 0,
          "attributes": {
            "admin_state_up": true,
            "all_fixed_ips": [
              "10.202.22.135"
            ],
            "all_security_group_ids": [
              "c7cad5ce-f1c6-48b7-9285-bd8811ea2de6"
            ],
            "all_tags": [],
            "allowed_address_pairs": [
              {
                "ip_address": "10.202.0.0/16",
                "mac_address": ""
              }
            ],
            "binding": [
              {
                "host_id": "",
                "profile": "{}",
                "vif_details": {},
                "vif_type": "unbound",
                "vnic_type": "normal"
              }
            ],
            "description": "",
            "device_id": "",
            "device_owner": "",
            "dns_assignment": [],
            "dns_name": "",
            "extra_dhcp_option": [],
            "fixed_ip": [],
            "id": "fde49c9c-39ec-49d1-a473-1dad316b434c",
            "mac_address": "fa:16:3e:05:f0:70",
            "name": "port-k8s-worker2",
            "network_id": "b30e586d-0dac-41fd-899c-a18577853064",
            "no_fixed_ip": null,
            "no_security_groups": null,
            "port_security_enabled": true,
            "qos_policy_id": "",
            "region": "RegionOne",
            "security_group_ids": [
              "c7cad5ce-f1c6-48b7-9285-bd8811ea2de6"
            ],
            "tags": null,
            "tenant_id": "83af1f45e02e46cc883fbc0047449e72",
            "timeouts": null,
            "value_specs": null
          },
          "sensitive_attributes": [],
          "identity_schema_version": 0,
          "private": "eyJlMmJmYjczMC1lY2FhLTExZTYtOGY4OC0zNDM2M2JjN2M0YzAiOnsiY3JlYXRlIjo2MDAwMDAwMDAwMDAsImRlbGV0ZSI6NjAwMDAwMDAwMDAwfX0=",
          "dependencies": [
            "data.openstack_networking_network_v2.public",
            "openstack_networking_secgroup_v2.k8s_secgroup"
          ]
        },
        {
          "index_key": 2,
          "schema_version": 0,
          "attributes": {
            "admin_state_up": true,
            "all_fixed_ips": [
              "10.202.22.123"
            ],
            "all_security_group_ids": [
              "c7cad5ce-f1c6-48b7-9285-bd8811ea2de6"
            ],
            "all_tags": [],
            "allowed_address_pairs": [
              {
                "ip_address": "10.202.0.0/16",
                "mac_address": ""
              }
            ],
            "binding": [
              {
                "host_id": "",
                "profile": "{}",
                "vif_details": {},
                "vif_type": "unbound",
                "vnic_type": "normal"
              }
            ],
            "description": "",
            "device_id": "",
            "device_owner": "",
            "dns_assignment": [],
            "dns_name": "",
            "extra_dhcp_option": [],
            "fixed_ip": [],
            "id": "6142b37d-56c0-4199-affb-6f2c0eeae83e",
            "mac_address": "fa:16:3e:c1:d1:3d",
            "name": "port-k8s-worker3",
            "network_id": "b30e586d-0dac-41fd-899c-a18577853064",
            "no_fixed_ip": null,
            "no_security_groups": null,
            "port_security_enabled": true,
            "qos_policy_id": "",
            "region": "RegionOne",
            "security_group_ids": [
              "c7cad5ce-f1c6-48b7-9285-bd8811ea2de6"
            ],
            "tags": null,
            "tenant_id": "83af1f45e02e46cc883fbc0047449e72",
            "timeouts": null,
            "value_specs": null
          },
          "sensitive_attributes": [],
          "identity_schema_version": 0,
          "private": "eyJlMmJmYjczMC1lY2FhLTExZTYtOGY4OC0zNDM2M2JjN2M0YzAiOnsiY3JlYXRlIjo2MDAwMDAwMDAwMDAsImRlbGV0ZSI6NjAwMDAwMDAwMDAwfX0=",
          "dependencies": [
            "data.openstack_networking_network_v2.public",
            "openstack_networking_secgroup_v2.k8s_secgroup"
          ]
        }
      ]
    },
    {
      "mode": "managed",
      "type": "openstack_networking_secgroup_rule_v2",
      "name": "http_rule",
      "provider": "provider[\"registry.terraform.io/terraform-provider-openstack/openstack\"]",
      "instances": [
        {
          "schema_version": 0,
          "attributes": {
            "description": "",
            "direction": "ingress",
            "ethertype": "IPv4",
            "id": "b92d34e9-f161-4631-991c-2e207ad60a4e",
            "port_range_max": 80,
            "port_range_min": 80,
            "protocol": "tcp",
            "region": "RegionOne",
            "remote_group_id": "",
            "remote_ip_prefix": "0.0.0.0/0",
            "security_group_id": "c7cad5ce-f1c6-48b7-9285-bd8811ea2de6",
            "tenant_id": "83af1f45e02e46cc883fbc0047449e72",
            "timeouts": null
          },
          "sensitive_attributes": [],
          "identity_schema_version": 0,
          "private": "eyJlMmJmYjczMC1lY2FhLTExZTYtOGY4OC0zNDM2M2JjN2M0YzAiOnsiZGVsZXRlIjo2MDAwMDAwMDAwMDB9fQ==",
          "dependencies": [
            "openstack_networking_secgroup_v2.k8s_secgroup"
          ]
        }
      ]
    },
    {
      "mode": "managed",
      "type": "openstack_networking_secgroup_rule_v2",
      "name": "https_rule",
      "provider": "provider[\"registry.terraform.io/terraform-provider-openstack/openstack\"]",
      "instances": [
        {
          "schema_version": 0,
          "attributes": {
            "description": "",
            "direction": "ingress",
            "ethertype": "IPv4",
            "id": "1849d505-d138-4d50-a23c-b188a3faa653",
            "port_range_max": 443,
            "port_range_min": 443,
            "protocol": "tcp",
            "region": "RegionOne",
            "remote_group_id": "",
            "remote_ip_prefix": "0.0.0.0/0",
            "security_group_id": "c7cad5ce-f1c6-48b7-9285-bd8811ea2de6",
            "tenant_id": "83af1f45e02e46cc883fbc0047449e72",
            "timeouts": null
          },
          "sensitive_attributes": [],
          "identity_schema_version": 0,
          "private": "eyJlMmJmYjczMC1lY2FhLTExZTYtOGY4OC0zNDM2M2JjN2M0YzAiOnsiZGVsZXRlIjo2MDAwMDAwMDAwMDB9fQ==",
          "dependencies": [
            "openstack_networking_secgroup_v2.k8s_secgroup"
          ]
        }
      ]
    },
    {
      "mode": "managed",
      "type": "openstack_networking_secgroup_rule_v2",
      "name": "icmp_rule",
      "provider": "provider[\"registry.terraform.io/terraform-provider-openstack/openstack\"]",
      "instances": [
        {
          "schema_version": 0,
          "attributes": {
            "description": "",
            "direction": "ingress",
            "ethertype": "IPv4",
            "id": "a7f1e837-e96f-4952-a101-326f0e06a958",
            "port_range_max": 0,
            "port_range_min": 0,
            "protocol": "icmp",
            "region": "RegionOne",
            "remote_group_id": "",
            "remote_ip_prefix": "",
            "security_group_id": "c7cad5ce-f1c6-48b7-9285-bd8811ea2de6",
            "tenant_id": "83af1f45e02e46cc883fbc0047449e72",
            "timeouts": null
          },
          "sensitive_attributes": [],
          "identity_schema_version": 0,
          "private": "eyJlMmJmYjczMC1lY2FhLTExZTYtOGY4OC0zNDM2M2JjN2M0YzAiOnsiZGVsZXRlIjo2MDAwMDAwMDAwMDB9fQ==",
          "dependencies": [
            "openstack_networking_secgroup_v2.k8s_secgroup"
          ]
        }
      ]
    },
    {
      "mode": "managed",
      "type": "openstack_networking_secgroup_rule_v2",
      "name": "internal_rule",
      "provider": "provider[\"registry.terraform.io/terraform-provider-openstack/openstack\"]",
      "instances": [
        {
          "schema_version": 0,
          "attributes": {
            "description": "Allow all internal traffic",
            "direction": "ingress",
            "ethertype": "IPv4",
            "id": "cd471330-133d-4f92-8fbe-b4e01d4b1532",
            "port_range_max": 0,
            "port_range_min": 0,
            "protocol": "",
            "region": "RegionOne",
            "remote_group_id": "c7cad5ce-f1c6-48b7-9285-bd8811ea2de6",
            "remote_ip_prefix": "",
            "security_group_id": "c7cad5ce-f1c6-48b7-9285-bd8811ea2de6",
            "tenant_id": "83af1f45e02e46cc883fbc0047449e72",
            "timeouts": null
          },
          "sensitive_attributes": [],
          "identity_schema_version": 0,
          "private": "eyJlMmJmYjczMC1lY2FhLTExZTYtOGY4OC0zNDM2M2JjN2M0YzAiOnsiZGVsZXRlIjo2MDAwMDAwMDAwMDB9fQ==",
          "dependencies": [
            "openstack_networking_secgroup_v2.k8s_secgroup"
          ]
        }
      ]
    },
    {
      "mode": "managed",
      "type": "openstack_networking_secgroup_rule_v2",
      "name": "k8s_api_rule",
      "provider": "provider[\"registry.terraform.io/terraform-provider-openstack/openstack\"]",
      "instances": [
        {
          "schema_version": 0,
          "attributes": {
            "description": "",
            "direction": "ingress",
            "ethertype": "IPv4",
            "id": "7de72e26-7348-45f4-936b-7e6d364ccea1",
            "port_range_max": 6443,
            "port_range_min": 6443,
            "protocol": "tcp",
            "region": "RegionOne",
            "remote_group_id": "",
            "remote_ip_prefix": "0.0.0.0/0",
            "security_group_id": "c7cad5ce-f1c6-48b7-9285-bd8811ea2de6",
            "tenant_id": "83af1f45e02e46cc883fbc0047449e72",
            "timeouts": null
          },
          "sensitive_attributes": [],
          "identity_schema_version": 0,
          "private": "eyJlMmJmYjczMC1lY2FhLTExZTYtOGY4OC0zNDM2M2JjN2M0YzAiOnsiZGVsZXRlIjo2MDAwMDAwMDAwMDB9fQ==",
          "dependencies": [
            "openstack_networking_secgroup_v2.k8s_secgroup"
          ]
        }
      ]
    },
    {
      "mode": "managed",
      "type": "openstack_networking_secgroup_rule_v2",
      "name": "ssh_rule",
      "provider": "provider[\"registry.terraform.io/terraform-provider-openstack/openstack\"]",
      "instances": [
        {
          "schema_version": 0,
          "attributes": {
            "description": "",
            "direction": "ingress",
            "ethertype": "IPv4",
            "id": "9dd3c311-a6e0-4458-92ad-a35675dac252",
            "port_range_max": 22,
            "port_range_min": 22,
            "protocol": "tcp",
            "region": "RegionOne",
            "remote_group_id": "",
            "remote_ip_prefix": "0.0.0.0/0",
            "security_group_id": "c7cad5ce-f1c6-48b7-9285-bd8811ea2de6",
            "tenant_id": "83af1f45e02e46cc883fbc0047449e72",
            "timeouts": null
          },
          "sensitive_attributes": [],
          "identity_schema_version": 0,
          "private": "eyJlMmJmYjczMC1lY2FhLTExZTYtOGY4OC0zNDM2M2JjN2M0YzAiOnsiZGVsZXRlIjo2MDAwMDAwMDAwMDB9fQ==",
          "dependencies": [
            "openstack_networking_secgroup_v2.k8s_secgroup"
          ]
        }
      ]
    },
    {
      "mode": "managed",
      "type": "openstack_networking_secgroup_v2",
      "name": "k8s_secgroup",
      "provider": "provider[\"registry.terraform.io/terraform-provider-openstack/openstack\"]",
      "instances": [
        {
          "schema_version": 0,
          "attributes": {
            "all_tags": [],
            "delete_default_rules": null,
            "description": "Security group for Kubernetes cluster",
            "id": "c7cad5ce-f1c6-48b7-9285-bd8811ea2de6",
            "name": "k8s-sg",
            "region": "RegionOne",
            "tags": null,
            "tenant_id": "83af1f45e02e46cc883fbc0047449e72",
            "timeouts": null
          },
          "sensitive_attributes": [],
          "identity_schema_version": 0,
          "private": "eyJlMmJmYjczMC1lY2FhLTExZTYtOGY4OC0zNDM2M2JjN2M0YzAiOnsiZGVsZXRlIjo2MDAwMDAwMDAwMDB9fQ=="
        }
      ]
    }
  ],
  "check_results": null
}
